// !$*UTF8*$!
{
	archiveVersion = 1;
	classes = {
	};
	objectVersion = 56;
	objects = {

/* Begin PBXBuildFile section */
		DD017DF329BDAE4E008474F0 /* FeedStoreSpecs.swift in Sources */ = {isa = PBXBuildFile; fileRef = DD017DF229BDAE4E008474F0 /* FeedStoreSpecs.swift */; };
		DD017DF529BDB159008474F0 /* XCTestCase+FeedStoreSpecs.swift in Sources */ = {isa = PBXBuildFile; fileRef = DD017DF429BDB159008474F0 /* XCTestCase+FeedStoreSpecs.swift */; };
		DD017DF729BEF458008474F0 /* XCTestCase+FailableRetrieveFeedStoreSpecs.swift in Sources */ = {isa = PBXBuildFile; fileRef = DD017DF629BEF458008474F0 /* XCTestCase+FailableRetrieveFeedStoreSpecs.swift */; };
		DD017DF929BEF5EF008474F0 /* XCTestCase+FailableInsertFeedStoreSpecs.swift in Sources */ = {isa = PBXBuildFile; fileRef = DD017DF829BEF5EF008474F0 /* XCTestCase+FailableInsertFeedStoreSpecs.swift */; };
		DD017DFB29BEF956008474F0 /* XCTestCase+FailableDeleteFeedStoreSpecs.swift in Sources */ = {isa = PBXBuildFile; fileRef = DD017DFA29BEF956008474F0 /* XCTestCase+FailableDeleteFeedStoreSpecs.swift */; };
		DD091FC02B37FB630075BCCC /* ImageCommentsMapperTests.swift in Sources */ = {isa = PBXBuildFile; fileRef = DD091FBF2B37FB630075BCCC /* ImageCommentsMapperTests.swift */; };
		DD091FC42B37FC070075BCCC /* ImageCommentsMapper.swift in Sources */ = {isa = PBXBuildFile; fileRef = DD091FC32B37FC070075BCCC /* ImageCommentsMapper.swift */; };
		DD091FC72B393CBA0075BCCC /* ImageComment.swift in Sources */ = {isa = PBXBuildFile; fileRef = DD091FC62B393CBA0075BCCC /* ImageComment.swift */; };
		DD3EB09729ADCF4A009B3483 /* FeedCachePolicy.swift in Sources */ = {isa = PBXBuildFile; fileRef = DD3EB09629ADCF4A009B3483 /* FeedCachePolicy.swift */; };
		DD4F869B29C049AE000BACDC /* CoreDataFeedStoreTests.swift in Sources */ = {isa = PBXBuildFile; fileRef = DD4F869A29C049AE000BACDC /* CoreDataFeedStoreTests.swift */; };
		DD4F869D29C04B75000BACDC /* CoreDataFeedStore.swift in Sources */ = {isa = PBXBuildFile; fileRef = DD4F869C29C04B75000BACDC /* CoreDataFeedStore.swift */; };
		DD4F86A029C04CB9000BACDC /* FeedStore.xcdatamodeld in Sources */ = {isa = PBXBuildFile; fileRef = DD4F869E29C04CB9000BACDC /* FeedStore.xcdatamodeld */; };
		DD52BA902988F2480053CB47 /* CacheFeedUseCaseTests.swift in Sources */ = {isa = PBXBuildFile; fileRef = DD52BA8F2988F2480053CB47 /* CacheFeedUseCaseTests.swift */; };
		DD52BAC2298A542E0053CB47 /* LocalFeedLoader.swift in Sources */ = {isa = PBXBuildFile; fileRef = DD52BAC1298A542E0053CB47 /* LocalFeedLoader.swift */; };
		DD52BAC4298A54950053CB47 /* FeedStore.swift in Sources */ = {isa = PBXBuildFile; fileRef = DD52BAC3298A54950053CB47 /* FeedStore.swift */; };
		DD52BADA298A86FB0053CB47 /* LocalFeedImage.swift in Sources */ = {isa = PBXBuildFile; fileRef = DD52BAD9298A86FB0053CB47 /* LocalFeedImage.swift */; };
		DD52BAE0298B8F6E0053CB47 /* LoadFeedFromCacheUseCaseTests.swift in Sources */ = {isa = PBXBuildFile; fileRef = DD52BADF298B8F6E0053CB47 /* LoadFeedFromCacheUseCaseTests.swift */; };
		DD52BAE3298B90B40053CB47 /* FeedStoreSpy.swift in Sources */ = {isa = PBXBuildFile; fileRef = DD52BAE2298B90B40053CB47 /* FeedStoreSpy.swift */; };
		DD61B6032B1EE469007C79EE /* FeedCache.swift in Sources */ = {isa = PBXBuildFile; fileRef = DD61B6022B1EE469007C79EE /* FeedCache.swift */; };
		DD61B60D2B1F0CBE007C79EE /* FeedImageDataCache.swift in Sources */ = {isa = PBXBuildFile; fileRef = DD61B60C2B1F0CBE007C79EE /* FeedImageDataCache.swift */; };
		DD9F677A2A553A340004F836 /* Feed.storyboard in Resources */ = {isa = PBXBuildFile; fileRef = DD9F67792A553A340004F836 /* Feed.storyboard */; };
		DD9F677C2A553A890004F836 /* Feed.xcassets in Resources */ = {isa = PBXBuildFile; fileRef = DD9F677B2A553A890004F836 /* Feed.xcassets */; };
		DD9F677E2A5E64220004F836 /* UITableView+Dequeueing.swift in Sources */ = {isa = PBXBuildFile; fileRef = DD9F677D2A5E64220004F836 /* UITableView+Dequeueing.swift */; };
		DD9F67802A5E64870004F836 /* UIImageView+Animations.swift in Sources */ = {isa = PBXBuildFile; fileRef = DD9F677F2A5E64870004F836 /* UIImageView+Animations.swift */; };
		DDA346D5297692990008F5E6 /* HTTPClient.swift in Sources */ = {isa = PBXBuildFile; fileRef = DDA346D4297692980008F5E6 /* HTTPClient.swift */; };
		DDA346D72976930F0008F5E6 /* FeedItemsMapper.swift in Sources */ = {isa = PBXBuildFile; fileRef = DDA346D62976930F0008F5E6 /* FeedItemsMapper.swift */; };
		DDA347072977E9870008F5E6 /* URLSessionHTTPClientTests.swift in Sources */ = {isa = PBXBuildFile; fileRef = DDA347062977E9870008F5E6 /* URLSessionHTTPClientTests.swift */; };
		DDAFDD812A722ADE0069C70A /* FeedPresenter.swift in Sources */ = {isa = PBXBuildFile; fileRef = DDAFDD802A722ADE0069C70A /* FeedPresenter.swift */; };
		DDAFDD822A722AFE0069C70A /* Feed.strings in Resources */ = {isa = PBXBuildFile; fileRef = DDAFDD7C2A7229050069C70A /* Feed.strings */; };
		DDAFDD842A722BE30069C70A /* FeedViewModel.swift in Sources */ = {isa = PBXBuildFile; fileRef = DDAFDD832A722BE30069C70A /* FeedViewModel.swift */; };
		DDAFDD862A722C180069C70A /* ResourceLoadingViewModel.swift in Sources */ = {isa = PBXBuildFile; fileRef = DDAFDD852A722C180069C70A /* ResourceLoadingViewModel.swift */; };
		DDAFDD882A722C540069C70A /* ResourceErrorViewModel.swift in Sources */ = {isa = PBXBuildFile; fileRef = DDAFDD872A722C540069C70A /* ResourceErrorViewModel.swift */; };
		DDAFDD892A76232F0069C70A /* FeedLocalizationTests.swift in Sources */ = {isa = PBXBuildFile; fileRef = DDE6A10F2A63B14800444C5A /* FeedLocalizationTests.swift */; };
		DDAFDD8B2A7623F60069C70A /* FeedImagePresenterTests.swift in Sources */ = {isa = PBXBuildFile; fileRef = DDAFDD8A2A7623F60069C70A /* FeedImagePresenterTests.swift */; };
		DDAFDD8D2A77767C0069C70A /* FeedImagePresenter.swift in Sources */ = {isa = PBXBuildFile; fileRef = DDAFDD8C2A77767C0069C70A /* FeedImagePresenter.swift */; };
		DDAFDD8F2A7777020069C70A /* FeedImageViewModel.swift in Sources */ = {isa = PBXBuildFile; fileRef = DDAFDD8E2A7777020069C70A /* FeedImageViewModel.swift */; };
		DDAFDD902A78C81D0069C70A /* FeedImageDataLoader.swift in Sources */ = {isa = PBXBuildFile; fileRef = DDD5B11C29DEDCAB003BC044 /* FeedImageDataLoader.swift */; };
		DDAFDD922A78C8C90069C70A /* FeedImageDataMapperTests.swift in Sources */ = {isa = PBXBuildFile; fileRef = DDAFDD912A78C8C90069C70A /* FeedImageDataMapperTests.swift */; };
		DDB31B58296ED6B400D24A0F /* FeedItemsMapperTests.swift in Sources */ = {isa = PBXBuildFile; fileRef = DDB31B57296ED6B400D24A0F /* FeedItemsMapperTests.swift */; };
		DDBD342F2A84A2BA00CB2060 /* HTTPURLResponse+StatusCode.swift in Sources */ = {isa = PBXBuildFile; fileRef = DDBD342E2A84A2BA00CB2060 /* HTTPURLResponse+StatusCode.swift */; };
		DDBD34312A84A3B600CB2060 /* URLProtocolStub.swift in Sources */ = {isa = PBXBuildFile; fileRef = DDBD34302A84A3B600CB2060 /* URLProtocolStub.swift */; };
		DDBD34332A889AB000CB2060 /* LocalFeedImageDataFromCacheUseCaseTests.swift in Sources */ = {isa = PBXBuildFile; fileRef = DDBD34322A889AB000CB2060 /* LocalFeedImageDataFromCacheUseCaseTests.swift */; };
		DDBD34352A8B3FEC00CB2060 /* FeedImageDataStore.swift in Sources */ = {isa = PBXBuildFile; fileRef = DDBD34342A8B3FEC00CB2060 /* FeedImageDataStore.swift */; };
		DDBD34372A8B400400CB2060 /* LocalFeedImageDataLoader.swift in Sources */ = {isa = PBXBuildFile; fileRef = DDBD34362A8B400400CB2060 /* LocalFeedImageDataLoader.swift */; };
		DDBD34392A8DE22100CB2060 /* FeedImageDataStoreSpy.swift in Sources */ = {isa = PBXBuildFile; fileRef = DDBD34382A8DE22100CB2060 /* FeedImageDataStoreSpy.swift */; };
		DDBD343B2A8DE2CF00CB2060 /* CacheFeedImageDataUseCaseTests.swift in Sources */ = {isa = PBXBuildFile; fileRef = DDBD343A2A8DE2CF00CB2060 /* CacheFeedImageDataUseCaseTests.swift */; };
		DDBD343D2A91D8BE00CB2060 /* CoreDataFeedImageDataStoreTests.swift in Sources */ = {isa = PBXBuildFile; fileRef = DDBD343C2A91D8BE00CB2060 /* CoreDataFeedImageDataStoreTests.swift */; };
		DDBD34412A932BF400CB2060 /* CoreDataFeedStore+FeedImageDataLoader.swift in Sources */ = {isa = PBXBuildFile; fileRef = DDBD34402A932BF400CB2060 /* CoreDataFeedStore+FeedImageDataLoader.swift */; };
		DDBD34432A95C91300CB2060 /* CoreDataFeedStore+FeedStore.swift in Sources */ = {isa = PBXBuildFile; fileRef = DDBD34422A95C91300CB2060 /* CoreDataFeedStore+FeedStore.swift */; };
		DDCE35A72B281A7E00CD51EB /* FeedSnapshotTests.swift in Sources */ = {isa = PBXBuildFile; fileRef = DDCE35A62B281A7E00CD51EB /* FeedSnapshotTests.swift */; };
		DDCE35B12B2822B400CD51EB /* UIImage+TestHelpers.swift in Sources */ = {isa = PBXBuildFile; fileRef = DDCE35B02B2822B400CD51EB /* UIImage+TestHelpers.swift */; };
		DDCE35B92B2826BA00CD51EB /* UITableView+HeaderSizing.swift in Sources */ = {isa = PBXBuildFile; fileRef = DDCE35B82B2826BA00CD51EB /* UITableView+HeaderSizing.swift */; };
		DDCE35C42B286FEC00CD51EB /* FEED_WITH_FAILED_IMAGE_LOADING_dark.png in Resources */ = {isa = PBXBuildFile; fileRef = DDCE35BC2B286FEB00CD51EB /* FEED_WITH_FAILED_IMAGE_LOADING_dark.png */; };
		DDCE35C52B286FEC00CD51EB /* FEED_WITH_CONTENT_light.png in Resources */ = {isa = PBXBuildFile; fileRef = DDCE35BD2B286FEC00CD51EB /* FEED_WITH_CONTENT_light.png */; };
		DDCE35C62B286FEC00CD51EB /* EMPTY_LIST_dark.png in Resources */ = {isa = PBXBuildFile; fileRef = DDCE35BE2B286FEC00CD51EB /* EMPTY_LIST_dark.png */; };
		DDCE35C72B286FEC00CD51EB /* FEED_WITH_FAILED_IMAGE_LOADING_light.png in Resources */ = {isa = PBXBuildFile; fileRef = DDCE35BF2B286FEC00CD51EB /* FEED_WITH_FAILED_IMAGE_LOADING_light.png */; };
		DDCE35C82B286FEC00CD51EB /* LIST_WITH_ERROR_dark.png in Resources */ = {isa = PBXBuildFile; fileRef = DDCE35C02B286FEC00CD51EB /* LIST_WITH_ERROR_dark.png */; };
		DDCE35C92B286FEC00CD51EB /* EMPTY_LIST_light.png in Resources */ = {isa = PBXBuildFile; fileRef = DDCE35C12B286FEC00CD51EB /* EMPTY_LIST_light.png */; };
		DDCE35CA2B286FEC00CD51EB /* LIST_WITH_ERROR_light.png in Resources */ = {isa = PBXBuildFile; fileRef = DDCE35C22B286FEC00CD51EB /* LIST_WITH_ERROR_light.png */; };
		DDCE35CB2B286FEC00CD51EB /* FEED_WITH_CONTENT_dark.png in Resources */ = {isa = PBXBuildFile; fileRef = DDCE35C32B286FEC00CD51EB /* FEED_WITH_CONTENT_dark.png */; };
		DDCE35CD2B2874FA00CD51EB /* UIViewController+Snapshot.swift in Sources */ = {isa = PBXBuildFile; fileRef = DDCE35CC2B2874FA00CD51EB /* UIViewController+Snapshot.swift */; };
		DDCE35CF2B28756400CD51EB /* XCTestCase+Snapshot.swift in Sources */ = {isa = PBXBuildFile; fileRef = DDCE35CE2B28756400CD51EB /* XCTestCase+Snapshot.swift */; };
		DDD3AB972B43CE5E00B1C844 /* FeedImageDataMapper.swift in Sources */ = {isa = PBXBuildFile; fileRef = DDD3AB962B43CE5E00B1C844 /* FeedImageDataMapper.swift */; };
		DDD3AB9A2B45192000B1C844 /* LoadResourcePresenterTests.swift in Sources */ = {isa = PBXBuildFile; fileRef = DDD3AB992B45192000B1C844 /* LoadResourcePresenterTests.swift */; };
		DDD3AB9D2B45197C00B1C844 /* LoadResourcePresenter.swift in Sources */ = {isa = PBXBuildFile; fileRef = DDD3AB9C2B45197C00B1C844 /* LoadResourcePresenter.swift */; };
		DDD3ABA12B45206600B1C844 /* SharedLocalizationTests.swift in Sources */ = {isa = PBXBuildFile; fileRef = DDD3ABA02B45206600B1C844 /* SharedLocalizationTests.swift */; };
		DDD3ABA22B4520B100B1C844 /* Shared.strings in Resources */ = {isa = PBXBuildFile; fileRef = DDD3ABA42B4520B100B1C844 /* Shared.strings */; };
		DDD3ABA72B45235F00B1C844 /* SharedLocalizationTestHelpers.swift in Sources */ = {isa = PBXBuildFile; fileRef = DDD3ABA62B45235F00B1C844 /* SharedLocalizationTestHelpers.swift */; };
		DDD3ABA92B45244200B1C844 /* ResourceLoadingView.swift in Sources */ = {isa = PBXBuildFile; fileRef = DDD3ABA82B45244200B1C844 /* ResourceLoadingView.swift */; };
		DDD3ABAB2B4524B700B1C844 /* ResourceErrorView.swift in Sources */ = {isa = PBXBuildFile; fileRef = DDD3ABAA2B4524B700B1C844 /* ResourceErrorView.swift */; };
		DDD3ABAE2B4A6CA600B1C844 /* ImageCommentsPresenterTests.swift in Sources */ = {isa = PBXBuildFile; fileRef = DDD3ABAD2B4A6CA600B1C844 /* ImageCommentsPresenterTests.swift */; };
		DDD3ABB12B4A6D0900B1C844 /* ImageCommentsPresenter.swift in Sources */ = {isa = PBXBuildFile; fileRef = DDD3ABB02B4A6D0900B1C844 /* ImageCommentsPresenter.swift */; };
		DDD3ABB52B4A6EBF00B1C844 /* ImageCommentsLocalizationTests.swift in Sources */ = {isa = PBXBuildFile; fileRef = DDD3ABB42B4A6EBF00B1C844 /* ImageCommentsLocalizationTests.swift */; };
		DDD3ABB62B4A6EFE00B1C844 /* ImageComments.strings in Resources */ = {isa = PBXBuildFile; fileRef = DDD3ABB82B4A6EFE00B1C844 /* ImageComments.strings */; };
		DDD3ABBD2B4BBEE700B1C844 /* ListSnapshotTests.swift in Sources */ = {isa = PBXBuildFile; fileRef = DDD3ABBC2B4BBEE700B1C844 /* ListSnapshotTests.swift */; };
		DDD3ABC52B4BC1DF00B1C844 /* ImageCommentsSnapshotTests.swift in Sources */ = {isa = PBXBuildFile; fileRef = DDD3ABC42B4BC1DF00B1C844 /* ImageCommentsSnapshotTests.swift */; };
		DDD3ABC92B4BC25D00B1C844 /* ImageComments.storyboard in Resources */ = {isa = PBXBuildFile; fileRef = DDD3ABC82B4BC25D00B1C844 /* ImageComments.storyboard */; };
		DDD3ABCC2B4BC31100B1C844 /* ImageCommentCellController.swift in Sources */ = {isa = PBXBuildFile; fileRef = DDD3ABCB2B4BC31100B1C844 /* ImageCommentCellController.swift */; };
		DDD3ABD82B4BD64100B1C844 /* IMAGE_COMMENTS_dark.png in Resources */ = {isa = PBXBuildFile; fileRef = DDD3ABD62B4BD64100B1C844 /* IMAGE_COMMENTS_dark.png */; };
		DDD3ABD92B4BD64100B1C844 /* IMAGE_COMMENTS_light.png in Resources */ = {isa = PBXBuildFile; fileRef = DDD3ABD72B4BD64100B1C844 /* IMAGE_COMMENTS_light.png */; };
		DDD3ABDB2B4BD6D500B1C844 /* ImageCommentCell.swift in Sources */ = {isa = PBXBuildFile; fileRef = DDD3ABDA2B4BD6D500B1C844 /* ImageCommentCell.swift */; };
		DDD3ABDD2B4D086F00B1C844 /* CellController.swift in Sources */ = {isa = PBXBuildFile; fileRef = DDD3ABDC2B4D086F00B1C844 /* CellController.swift */; };
		DDD5B0EC29D56529003BC044 /* EssentialFeediOS.framework in Frameworks */ = {isa = PBXBuildFile; fileRef = DDD5B0E429D56528003BC044 /* EssentialFeediOS.framework */; };
		DDD5B0FC29D59F97003BC044 /* EssentialFeed.framework in Frameworks */ = {isa = PBXBuildFile; fileRef = DDE979CE296D83DB00C65256 /* EssentialFeed.framework */; platformFilter = ios; };
		DDD5B0FD29D5A069003BC044 /* XCTestCase+MemoryLeakTracking.swift in Sources */ = {isa = PBXBuildFile; fileRef = DDF7B931297FCBD200CD8E3A /* XCTestCase+MemoryLeakTracking.swift */; };
		DDD5B0FF29DAA281003BC044 /* ListViewController.swift in Sources */ = {isa = PBXBuildFile; fileRef = DDD5B0FE29DAA281003BC044 /* ListViewController.swift */; };
		DDD5B10129DAAA8D003BC044 /* FeedImageCell.swift in Sources */ = {isa = PBXBuildFile; fileRef = DDD5B10029DAAA8D003BC044 /* FeedImageCell.swift */; };
		DDD5B10329DC27C6003BC044 /* UIView+Shimmering.swift in Sources */ = {isa = PBXBuildFile; fileRef = DDD5B10229DC27C6003BC044 /* UIView+Shimmering.swift */; };
		DDD5B12129E290F4003BC044 /* FeedImageCellController.swift in Sources */ = {isa = PBXBuildFile; fileRef = DDD5B12029E290F4003BC044 /* FeedImageCellController.swift */; };
		DDE6A11C2A6E3CF700444C5A /* ErrorView.swift in Sources */ = {isa = PBXBuildFile; fileRef = DDE6A11B2A6E3CF700444C5A /* ErrorView.swift */; };
		DDE6A1212A6F8AC400444C5A /* UIRefreshControl+Helpers.swift in Sources */ = {isa = PBXBuildFile; fileRef = DDE6A1202A6F8AC400444C5A /* UIRefreshControl+Helpers.swift */; };
		DDE6A1242A6F8F4900444C5A /* FeedPresenterTests.swift in Sources */ = {isa = PBXBuildFile; fileRef = DDE6A1232A6F8F4900444C5A /* FeedPresenterTests.swift */; };
		DDE7475C2991193700E540B7 /* ValidateFeedCacheUseCaseTests.swift in Sources */ = {isa = PBXBuildFile; fileRef = DDE7475B2991193700E540B7 /* ValidateFeedCacheUseCaseTests.swift */; };
		DDE7475E29911D9100E540B7 /* FeedCacheTestHelpers.swift in Sources */ = {isa = PBXBuildFile; fileRef = DDE7475D29911D9100E540B7 /* FeedCacheTestHelpers.swift */; };
		DDE7476029911E0D00E540B7 /* SharedTestHelpers.swift in Sources */ = {isa = PBXBuildFile; fileRef = DDE7475F29911E0D00E540B7 /* SharedTestHelpers.swift */; };
		DDE979E0296D840100C65256 /* EssentialFeed.framework in Frameworks */ = {isa = PBXBuildFile; fileRef = DDE979CE296D83DB00C65256 /* EssentialFeed.framework */; };
		DDE979E7296D84B100C65256 /* FeedImage.swift in Sources */ = {isa = PBXBuildFile; fileRef = DDE979E6296D84B100C65256 /* FeedImage.swift */; };
		DDF7B932297FCBD200CD8E3A /* XCTestCase+MemoryLeakTracking.swift in Sources */ = {isa = PBXBuildFile; fileRef = DDF7B931297FCBD200CD8E3A /* XCTestCase+MemoryLeakTracking.swift */; };
		DDF7B934297FF44D00CD8E3A /* URLSessionHTTPClient.swift in Sources */ = {isa = PBXBuildFile; fileRef = DDF7B933297FF44D00CD8E3A /* URLSessionHTTPClient.swift */; };
		DDF7B93C2980F68C00CD8E3A /* EssentialFeedAPIEndToEndTests.swift in Sources */ = {isa = PBXBuildFile; fileRef = DDF7B93B2980F68C00CD8E3A /* EssentialFeedAPIEndToEndTests.swift */; };
		DDF7B93D2980F68C00CD8E3A /* EssentialFeed.framework in Frameworks */ = {isa = PBXBuildFile; fileRef = DDE979CE296D83DB00C65256 /* EssentialFeed.framework */; };
		DDF7B9432980FDB700CD8E3A /* XCTestCase+MemoryLeakTracking.swift in Sources */ = {isa = PBXBuildFile; fileRef = DDF7B931297FCBD200CD8E3A /* XCTestCase+MemoryLeakTracking.swift */; };
		DDFD547A29C97FAE00EAC56B /* CoreDataHelper.swift in Sources */ = {isa = PBXBuildFile; fileRef = DDFD547929C97FAE00EAC56B /* CoreDataHelper.swift */; };
		DDFD547C29C9802600EAC56B /* ManagedCache.swift in Sources */ = {isa = PBXBuildFile; fileRef = DDFD547B29C9802600EAC56B /* ManagedCache.swift */; };
		DDFD547E29C9805600EAC56B /* ManagedFeedImage.swift in Sources */ = {isa = PBXBuildFile; fileRef = DDFD547D29C9805600EAC56B /* ManagedFeedImage.swift */; };
		DDFD549629CAE52400EAC56B /* EssentialFeedCacheIntegrationTests.swift in Sources */ = {isa = PBXBuildFile; fileRef = DDFD549529CAE52400EAC56B /* EssentialFeedCacheIntegrationTests.swift */; };
		DDFD549729CAE52400EAC56B /* EssentialFeed.framework in Frameworks */ = {isa = PBXBuildFile; fileRef = DDE979CE296D83DB00C65256 /* EssentialFeed.framework */; };
		DDFD549D29CAE72D00EAC56B /* XCTestCase+MemoryLeakTracking.swift in Sources */ = {isa = PBXBuildFile; fileRef = DDF7B931297FCBD200CD8E3A /* XCTestCase+MemoryLeakTracking.swift */; };
		DDFD549E29CC243400EAC56B /* FeedCacheTestHelpers.swift in Sources */ = {isa = PBXBuildFile; fileRef = DDE7475D29911D9100E540B7 /* FeedCacheTestHelpers.swift */; };
		DDFD549F29CC254300EAC56B /* SharedTestHelpers.swift in Sources */ = {isa = PBXBuildFile; fileRef = DDE7475F29911E0D00E540B7 /* SharedTestHelpers.swift */; };
/* End PBXBuildFile section */

/* Begin PBXContainerItemProxy section */
		DDD5B0ED29D56529003BC044 /* PBXContainerItemProxy */ = {
			isa = PBXContainerItemProxy;
			containerPortal = DDE979C5296D83DB00C65256 /* Project object */;
			proxyType = 1;
			remoteGlobalIDString = DDD5B0E329D56528003BC044;
			remoteInfo = EssentialFeediOS;
		};
		DDE979E1296D840100C65256 /* PBXContainerItemProxy */ = {
			isa = PBXContainerItemProxy;
			containerPortal = DDE979C5296D83DB00C65256 /* Project object */;
			proxyType = 1;
			remoteGlobalIDString = DDE979CD296D83DB00C65256;
			remoteInfo = EssentialFeed;
		};
		DDF7B93E2980F68C00CD8E3A /* PBXContainerItemProxy */ = {
			isa = PBXContainerItemProxy;
			containerPortal = DDE979C5296D83DB00C65256 /* Project object */;
			proxyType = 1;
			remoteGlobalIDString = DDE979CD296D83DB00C65256;
			remoteInfo = EssentialFeed;
		};
		DDFD549829CAE52400EAC56B /* PBXContainerItemProxy */ = {
			isa = PBXContainerItemProxy;
			containerPortal = DDE979C5296D83DB00C65256 /* Project object */;
			proxyType = 1;
			remoteGlobalIDString = DDE979CD296D83DB00C65256;
			remoteInfo = EssentialFeed;
		};
/* End PBXContainerItemProxy section */

/* Begin PBXFileReference section */
		DD017DF229BDAE4E008474F0 /* FeedStoreSpecs.swift */ = {isa = PBXFileReference; lastKnownFileType = sourcecode.swift; path = FeedStoreSpecs.swift; sourceTree = "<group>"; };
		DD017DF429BDB159008474F0 /* XCTestCase+FeedStoreSpecs.swift */ = {isa = PBXFileReference; lastKnownFileType = sourcecode.swift; path = "XCTestCase+FeedStoreSpecs.swift"; sourceTree = "<group>"; };
		DD017DF629BEF458008474F0 /* XCTestCase+FailableRetrieveFeedStoreSpecs.swift */ = {isa = PBXFileReference; lastKnownFileType = sourcecode.swift; path = "XCTestCase+FailableRetrieveFeedStoreSpecs.swift"; sourceTree = "<group>"; };
		DD017DF829BEF5EF008474F0 /* XCTestCase+FailableInsertFeedStoreSpecs.swift */ = {isa = PBXFileReference; lastKnownFileType = sourcecode.swift; path = "XCTestCase+FailableInsertFeedStoreSpecs.swift"; sourceTree = "<group>"; };
		DD017DFA29BEF956008474F0 /* XCTestCase+FailableDeleteFeedStoreSpecs.swift */ = {isa = PBXFileReference; lastKnownFileType = sourcecode.swift; path = "XCTestCase+FailableDeleteFeedStoreSpecs.swift"; sourceTree = "<group>"; };
		DD091FBF2B37FB630075BCCC /* ImageCommentsMapperTests.swift */ = {isa = PBXFileReference; lastKnownFileType = sourcecode.swift; path = ImageCommentsMapperTests.swift; sourceTree = "<group>"; };
		DD091FC32B37FC070075BCCC /* ImageCommentsMapper.swift */ = {isa = PBXFileReference; lastKnownFileType = sourcecode.swift; path = ImageCommentsMapper.swift; sourceTree = "<group>"; };
		DD091FC62B393CBA0075BCCC /* ImageComment.swift */ = {isa = PBXFileReference; lastKnownFileType = sourcecode.swift; path = ImageComment.swift; sourceTree = "<group>"; };
		DD3EB09629ADCF4A009B3483 /* FeedCachePolicy.swift */ = {isa = PBXFileReference; lastKnownFileType = sourcecode.swift; path = FeedCachePolicy.swift; sourceTree = "<group>"; };
		DD4F869A29C049AE000BACDC /* CoreDataFeedStoreTests.swift */ = {isa = PBXFileReference; lastKnownFileType = sourcecode.swift; path = CoreDataFeedStoreTests.swift; sourceTree = "<group>"; };
		DD4F869C29C04B75000BACDC /* CoreDataFeedStore.swift */ = {isa = PBXFileReference; lastKnownFileType = sourcecode.swift; path = CoreDataFeedStore.swift; sourceTree = "<group>"; };
		DD4F869F29C04CB9000BACDC /* FeedStore.xcdatamodel */ = {isa = PBXFileReference; lastKnownFileType = wrapper.xcdatamodel; path = FeedStore.xcdatamodel; sourceTree = "<group>"; };
		DD52BA8F2988F2480053CB47 /* CacheFeedUseCaseTests.swift */ = {isa = PBXFileReference; lastKnownFileType = sourcecode.swift; path = CacheFeedUseCaseTests.swift; sourceTree = "<group>"; };
		DD52BAC1298A542E0053CB47 /* LocalFeedLoader.swift */ = {isa = PBXFileReference; lastKnownFileType = sourcecode.swift; path = LocalFeedLoader.swift; sourceTree = "<group>"; };
		DD52BAC3298A54950053CB47 /* FeedStore.swift */ = {isa = PBXFileReference; lastKnownFileType = sourcecode.swift; path = FeedStore.swift; sourceTree = "<group>"; };
		DD52BAD9298A86FB0053CB47 /* LocalFeedImage.swift */ = {isa = PBXFileReference; lastKnownFileType = sourcecode.swift; path = LocalFeedImage.swift; sourceTree = "<group>"; };
		DD52BADF298B8F6E0053CB47 /* LoadFeedFromCacheUseCaseTests.swift */ = {isa = PBXFileReference; lastKnownFileType = sourcecode.swift; path = LoadFeedFromCacheUseCaseTests.swift; sourceTree = "<group>"; };
		DD52BAE2298B90B40053CB47 /* FeedStoreSpy.swift */ = {isa = PBXFileReference; lastKnownFileType = sourcecode.swift; path = FeedStoreSpy.swift; sourceTree = "<group>"; };
		DD61B6022B1EE469007C79EE /* FeedCache.swift */ = {isa = PBXFileReference; lastKnownFileType = sourcecode.swift; path = FeedCache.swift; sourceTree = "<group>"; };
		DD61B60C2B1F0CBE007C79EE /* FeedImageDataCache.swift */ = {isa = PBXFileReference; lastKnownFileType = sourcecode.swift; path = FeedImageDataCache.swift; sourceTree = "<group>"; };
		DD9F67792A553A340004F836 /* Feed.storyboard */ = {isa = PBXFileReference; lastKnownFileType = file.storyboard; path = Feed.storyboard; sourceTree = "<group>"; };
		DD9F677B2A553A890004F836 /* Feed.xcassets */ = {isa = PBXFileReference; lastKnownFileType = folder.assetcatalog; path = Feed.xcassets; sourceTree = "<group>"; };
		DD9F677D2A5E64220004F836 /* UITableView+Dequeueing.swift */ = {isa = PBXFileReference; lastKnownFileType = sourcecode.swift; path = "UITableView+Dequeueing.swift"; sourceTree = "<group>"; };
		DD9F677F2A5E64870004F836 /* UIImageView+Animations.swift */ = {isa = PBXFileReference; lastKnownFileType = sourcecode.swift; path = "UIImageView+Animations.swift"; sourceTree = "<group>"; };
		DDA346D4297692980008F5E6 /* HTTPClient.swift */ = {isa = PBXFileReference; lastKnownFileType = sourcecode.swift; path = HTTPClient.swift; sourceTree = "<group>"; };
		DDA346D62976930F0008F5E6 /* FeedItemsMapper.swift */ = {isa = PBXFileReference; lastKnownFileType = sourcecode.swift; path = FeedItemsMapper.swift; sourceTree = "<group>"; };
		DDA347062977E9870008F5E6 /* URLSessionHTTPClientTests.swift */ = {isa = PBXFileReference; lastKnownFileType = sourcecode.swift; path = URLSessionHTTPClientTests.swift; sourceTree = "<group>"; };
		DDAFDD7B2A7229050069C70A /* en */ = {isa = PBXFileReference; lastKnownFileType = text.plist.strings; name = en; path = en.lproj/Feed.strings; sourceTree = "<group>"; };
		DDAFDD7D2A7229070069C70A /* pt-BR */ = {isa = PBXFileReference; lastKnownFileType = text.plist.strings; name = "pt-BR"; path = "pt-BR.lproj/Feed.strings"; sourceTree = "<group>"; };
		DDAFDD802A722ADE0069C70A /* FeedPresenter.swift */ = {isa = PBXFileReference; lastKnownFileType = sourcecode.swift; path = FeedPresenter.swift; sourceTree = "<group>"; };
		DDAFDD832A722BE30069C70A /* FeedViewModel.swift */ = {isa = PBXFileReference; lastKnownFileType = sourcecode.swift; path = FeedViewModel.swift; sourceTree = "<group>"; };
		DDAFDD852A722C180069C70A /* ResourceLoadingViewModel.swift */ = {isa = PBXFileReference; lastKnownFileType = sourcecode.swift; path = ResourceLoadingViewModel.swift; sourceTree = "<group>"; };
		DDAFDD872A722C540069C70A /* ResourceErrorViewModel.swift */ = {isa = PBXFileReference; lastKnownFileType = sourcecode.swift; path = ResourceErrorViewModel.swift; sourceTree = "<group>"; };
		DDAFDD8A2A7623F60069C70A /* FeedImagePresenterTests.swift */ = {isa = PBXFileReference; lastKnownFileType = sourcecode.swift; path = FeedImagePresenterTests.swift; sourceTree = "<group>"; };
		DDAFDD8C2A77767C0069C70A /* FeedImagePresenter.swift */ = {isa = PBXFileReference; lastKnownFileType = sourcecode.swift; path = FeedImagePresenter.swift; sourceTree = "<group>"; };
		DDAFDD8E2A7777020069C70A /* FeedImageViewModel.swift */ = {isa = PBXFileReference; lastKnownFileType = sourcecode.swift; path = FeedImageViewModel.swift; sourceTree = "<group>"; };
		DDAFDD912A78C8C90069C70A /* FeedImageDataMapperTests.swift */ = {isa = PBXFileReference; lastKnownFileType = sourcecode.swift; path = FeedImageDataMapperTests.swift; sourceTree = "<group>"; };
		DDB31B57296ED6B400D24A0F /* FeedItemsMapperTests.swift */ = {isa = PBXFileReference; lastKnownFileType = sourcecode.swift; path = FeedItemsMapperTests.swift; sourceTree = "<group>"; };
		DDBD342E2A84A2BA00CB2060 /* HTTPURLResponse+StatusCode.swift */ = {isa = PBXFileReference; lastKnownFileType = sourcecode.swift; path = "HTTPURLResponse+StatusCode.swift"; sourceTree = "<group>"; };
		DDBD34302A84A3B600CB2060 /* URLProtocolStub.swift */ = {isa = PBXFileReference; lastKnownFileType = sourcecode.swift; path = URLProtocolStub.swift; sourceTree = "<group>"; };
		DDBD34322A889AB000CB2060 /* LocalFeedImageDataFromCacheUseCaseTests.swift */ = {isa = PBXFileReference; lastKnownFileType = sourcecode.swift; path = LocalFeedImageDataFromCacheUseCaseTests.swift; sourceTree = "<group>"; };
		DDBD34342A8B3FEC00CB2060 /* FeedImageDataStore.swift */ = {isa = PBXFileReference; lastKnownFileType = sourcecode.swift; path = FeedImageDataStore.swift; sourceTree = "<group>"; };
		DDBD34362A8B400400CB2060 /* LocalFeedImageDataLoader.swift */ = {isa = PBXFileReference; lastKnownFileType = sourcecode.swift; path = LocalFeedImageDataLoader.swift; sourceTree = "<group>"; };
		DDBD34382A8DE22100CB2060 /* FeedImageDataStoreSpy.swift */ = {isa = PBXFileReference; lastKnownFileType = sourcecode.swift; path = FeedImageDataStoreSpy.swift; sourceTree = "<group>"; };
		DDBD343A2A8DE2CF00CB2060 /* CacheFeedImageDataUseCaseTests.swift */ = {isa = PBXFileReference; lastKnownFileType = sourcecode.swift; path = CacheFeedImageDataUseCaseTests.swift; sourceTree = "<group>"; };
		DDBD343C2A91D8BE00CB2060 /* CoreDataFeedImageDataStoreTests.swift */ = {isa = PBXFileReference; lastKnownFileType = sourcecode.swift; path = CoreDataFeedImageDataStoreTests.swift; sourceTree = "<group>"; };
		DDBD343F2A932A1700CB2060 /* FeedStore 2.xcdatamodel */ = {isa = PBXFileReference; lastKnownFileType = wrapper.xcdatamodel; path = "FeedStore 2.xcdatamodel"; sourceTree = "<group>"; };
		DDBD34402A932BF400CB2060 /* CoreDataFeedStore+FeedImageDataLoader.swift */ = {isa = PBXFileReference; lastKnownFileType = sourcecode.swift; path = "CoreDataFeedStore+FeedImageDataLoader.swift"; sourceTree = "<group>"; };
		DDBD34422A95C91300CB2060 /* CoreDataFeedStore+FeedStore.swift */ = {isa = PBXFileReference; lastKnownFileType = sourcecode.swift; path = "CoreDataFeedStore+FeedStore.swift"; sourceTree = "<group>"; };
		DDCE35A62B281A7E00CD51EB /* FeedSnapshotTests.swift */ = {isa = PBXFileReference; lastKnownFileType = sourcecode.swift; path = FeedSnapshotTests.swift; sourceTree = "<group>"; };
		DDCE35B02B2822B400CD51EB /* UIImage+TestHelpers.swift */ = {isa = PBXFileReference; lastKnownFileType = sourcecode.swift; path = "UIImage+TestHelpers.swift"; sourceTree = "<group>"; };
		DDCE35B82B2826BA00CD51EB /* UITableView+HeaderSizing.swift */ = {isa = PBXFileReference; lastKnownFileType = sourcecode.swift; path = "UITableView+HeaderSizing.swift"; sourceTree = "<group>"; };
		DDCE35BC2B286FEB00CD51EB /* FEED_WITH_FAILED_IMAGE_LOADING_dark.png */ = {isa = PBXFileReference; lastKnownFileType = image.png; path = FEED_WITH_FAILED_IMAGE_LOADING_dark.png; sourceTree = "<group>"; };
		DDCE35BD2B286FEC00CD51EB /* FEED_WITH_CONTENT_light.png */ = {isa = PBXFileReference; lastKnownFileType = image.png; path = FEED_WITH_CONTENT_light.png; sourceTree = "<group>"; };
		DDCE35BE2B286FEC00CD51EB /* EMPTY_LIST_dark.png */ = {isa = PBXFileReference; lastKnownFileType = image.png; path = EMPTY_LIST_dark.png; sourceTree = "<group>"; };
		DDCE35BF2B286FEC00CD51EB /* FEED_WITH_FAILED_IMAGE_LOADING_light.png */ = {isa = PBXFileReference; lastKnownFileType = image.png; path = FEED_WITH_FAILED_IMAGE_LOADING_light.png; sourceTree = "<group>"; };
		DDCE35C02B286FEC00CD51EB /* LIST_WITH_ERROR_dark.png */ = {isa = PBXFileReference; lastKnownFileType = image.png; path = LIST_WITH_ERROR_dark.png; sourceTree = "<group>"; };
		DDCE35C12B286FEC00CD51EB /* EMPTY_LIST_light.png */ = {isa = PBXFileReference; lastKnownFileType = image.png; path = EMPTY_LIST_light.png; sourceTree = "<group>"; };
		DDCE35C22B286FEC00CD51EB /* LIST_WITH_ERROR_light.png */ = {isa = PBXFileReference; lastKnownFileType = image.png; path = LIST_WITH_ERROR_light.png; sourceTree = "<group>"; };
		DDCE35C32B286FEC00CD51EB /* FEED_WITH_CONTENT_dark.png */ = {isa = PBXFileReference; lastKnownFileType = image.png; path = FEED_WITH_CONTENT_dark.png; sourceTree = "<group>"; };
		DDCE35CC2B2874FA00CD51EB /* UIViewController+Snapshot.swift */ = {isa = PBXFileReference; lastKnownFileType = sourcecode.swift; path = "UIViewController+Snapshot.swift"; sourceTree = "<group>"; };
		DDCE35CE2B28756400CD51EB /* XCTestCase+Snapshot.swift */ = {isa = PBXFileReference; lastKnownFileType = sourcecode.swift; path = "XCTestCase+Snapshot.swift"; sourceTree = "<group>"; };
		DDD3AB962B43CE5E00B1C844 /* FeedImageDataMapper.swift */ = {isa = PBXFileReference; lastKnownFileType = sourcecode.swift; path = FeedImageDataMapper.swift; sourceTree = "<group>"; };
		DDD3AB992B45192000B1C844 /* LoadResourcePresenterTests.swift */ = {isa = PBXFileReference; lastKnownFileType = sourcecode.swift; path = LoadResourcePresenterTests.swift; sourceTree = "<group>"; };
		DDD3AB9C2B45197C00B1C844 /* LoadResourcePresenter.swift */ = {isa = PBXFileReference; lastKnownFileType = sourcecode.swift; path = LoadResourcePresenter.swift; sourceTree = "<group>"; };
		DDD3ABA02B45206600B1C844 /* SharedLocalizationTests.swift */ = {isa = PBXFileReference; lastKnownFileType = sourcecode.swift; path = SharedLocalizationTests.swift; sourceTree = "<group>"; };
		DDD3ABA32B4520B100B1C844 /* en */ = {isa = PBXFileReference; lastKnownFileType = text.plist.strings; name = en; path = en.lproj/Shared.strings; sourceTree = "<group>"; };
		DDD3ABA52B4520B200B1C844 /* pt-BR */ = {isa = PBXFileReference; lastKnownFileType = text.plist.strings; name = "pt-BR"; path = "pt-BR.lproj/Shared.strings"; sourceTree = "<group>"; };
		DDD3ABA62B45235F00B1C844 /* SharedLocalizationTestHelpers.swift */ = {isa = PBXFileReference; lastKnownFileType = sourcecode.swift; path = SharedLocalizationTestHelpers.swift; sourceTree = "<group>"; };
		DDD3ABA82B45244200B1C844 /* ResourceLoadingView.swift */ = {isa = PBXFileReference; lastKnownFileType = sourcecode.swift; path = ResourceLoadingView.swift; sourceTree = "<group>"; };
		DDD3ABAA2B4524B700B1C844 /* ResourceErrorView.swift */ = {isa = PBXFileReference; lastKnownFileType = sourcecode.swift; path = ResourceErrorView.swift; sourceTree = "<group>"; };
		DDD3ABAD2B4A6CA600B1C844 /* ImageCommentsPresenterTests.swift */ = {isa = PBXFileReference; lastKnownFileType = sourcecode.swift; path = ImageCommentsPresenterTests.swift; sourceTree = "<group>"; };
		DDD3ABB02B4A6D0900B1C844 /* ImageCommentsPresenter.swift */ = {isa = PBXFileReference; lastKnownFileType = sourcecode.swift; path = ImageCommentsPresenter.swift; sourceTree = "<group>"; };
		DDD3ABB42B4A6EBF00B1C844 /* ImageCommentsLocalizationTests.swift */ = {isa = PBXFileReference; lastKnownFileType = sourcecode.swift; path = ImageCommentsLocalizationTests.swift; sourceTree = "<group>"; };
		DDD3ABB72B4A6EFE00B1C844 /* en */ = {isa = PBXFileReference; lastKnownFileType = text.plist.strings; name = en; path = en.lproj/ImageComments.strings; sourceTree = "<group>"; };
		DDD3ABB92B4A6F0000B1C844 /* pt-BR */ = {isa = PBXFileReference; lastKnownFileType = text.plist.strings; name = "pt-BR"; path = "pt-BR.lproj/ImageComments.strings"; sourceTree = "<group>"; };
		DDD3ABBC2B4BBEE700B1C844 /* ListSnapshotTests.swift */ = {isa = PBXFileReference; lastKnownFileType = sourcecode.swift; path = ListSnapshotTests.swift; sourceTree = "<group>"; };
		DDD3ABC42B4BC1DF00B1C844 /* ImageCommentsSnapshotTests.swift */ = {isa = PBXFileReference; lastKnownFileType = sourcecode.swift; path = ImageCommentsSnapshotTests.swift; sourceTree = "<group>"; };
		DDD3ABC82B4BC25D00B1C844 /* ImageComments.storyboard */ = {isa = PBXFileReference; fileEncoding = 4; lastKnownFileType = file.storyboard; path = ImageComments.storyboard; sourceTree = "<group>"; };
		DDD3ABCB2B4BC31100B1C844 /* ImageCommentCellController.swift */ = {isa = PBXFileReference; lastKnownFileType = sourcecode.swift; path = ImageCommentCellController.swift; sourceTree = "<group>"; };
		DDD3ABD62B4BD64100B1C844 /* IMAGE_COMMENTS_dark.png */ = {isa = PBXFileReference; lastKnownFileType = image.png; path = IMAGE_COMMENTS_dark.png; sourceTree = "<group>"; };
		DDD3ABD72B4BD64100B1C844 /* IMAGE_COMMENTS_light.png */ = {isa = PBXFileReference; lastKnownFileType = image.png; path = IMAGE_COMMENTS_light.png; sourceTree = "<group>"; };
		DDD3ABDA2B4BD6D500B1C844 /* ImageCommentCell.swift */ = {isa = PBXFileReference; lastKnownFileType = sourcecode.swift; path = ImageCommentCell.swift; sourceTree = "<group>"; };
		DDD3ABDC2B4D086F00B1C844 /* CellController.swift */ = {isa = PBXFileReference; lastKnownFileType = sourcecode.swift; path = CellController.swift; sourceTree = "<group>"; };
		DDD5B0E429D56528003BC044 /* EssentialFeediOS.framework */ = {isa = PBXFileReference; explicitFileType = wrapper.framework; includeInIndex = 0; path = EssentialFeediOS.framework; sourceTree = BUILT_PRODUCTS_DIR; };
		DDD5B0EB29D56528003BC044 /* EssentialFeediOSTests.xctest */ = {isa = PBXFileReference; explicitFileType = wrapper.cfbundle; includeInIndex = 0; path = EssentialFeediOSTests.xctest; sourceTree = BUILT_PRODUCTS_DIR; };
		DDD5B0FE29DAA281003BC044 /* ListViewController.swift */ = {isa = PBXFileReference; lastKnownFileType = sourcecode.swift; path = ListViewController.swift; sourceTree = "<group>"; };
		DDD5B10029DAAA8D003BC044 /* FeedImageCell.swift */ = {isa = PBXFileReference; lastKnownFileType = sourcecode.swift; path = FeedImageCell.swift; sourceTree = "<group>"; };
		DDD5B10229DC27C6003BC044 /* UIView+Shimmering.swift */ = {isa = PBXFileReference; lastKnownFileType = sourcecode.swift; path = "UIView+Shimmering.swift"; sourceTree = "<group>"; };
		DDD5B11C29DEDCAB003BC044 /* FeedImageDataLoader.swift */ = {isa = PBXFileReference; lastKnownFileType = sourcecode.swift; path = FeedImageDataLoader.swift; sourceTree = "<group>"; };
		DDD5B12029E290F4003BC044 /* FeedImageCellController.swift */ = {isa = PBXFileReference; lastKnownFileType = sourcecode.swift; path = FeedImageCellController.swift; sourceTree = "<group>"; };
		DDE6A10F2A63B14800444C5A /* FeedLocalizationTests.swift */ = {isa = PBXFileReference; lastKnownFileType = sourcecode.swift; path = FeedLocalizationTests.swift; sourceTree = "<group>"; };
		DDE6A11B2A6E3CF700444C5A /* ErrorView.swift */ = {isa = PBXFileReference; lastKnownFileType = sourcecode.swift; path = ErrorView.swift; sourceTree = "<group>"; };
		DDE6A1202A6F8AC400444C5A /* UIRefreshControl+Helpers.swift */ = {isa = PBXFileReference; lastKnownFileType = sourcecode.swift; path = "UIRefreshControl+Helpers.swift"; sourceTree = "<group>"; };
		DDE6A1232A6F8F4900444C5A /* FeedPresenterTests.swift */ = {isa = PBXFileReference; lastKnownFileType = sourcecode.swift; path = FeedPresenterTests.swift; sourceTree = "<group>"; };
		DDE7475B2991193700E540B7 /* ValidateFeedCacheUseCaseTests.swift */ = {isa = PBXFileReference; lastKnownFileType = sourcecode.swift; path = ValidateFeedCacheUseCaseTests.swift; sourceTree = "<group>"; };
		DDE7475D29911D9100E540B7 /* FeedCacheTestHelpers.swift */ = {isa = PBXFileReference; lastKnownFileType = sourcecode.swift; path = FeedCacheTestHelpers.swift; sourceTree = "<group>"; };
		DDE7475F29911E0D00E540B7 /* SharedTestHelpers.swift */ = {isa = PBXFileReference; lastKnownFileType = sourcecode.swift; path = SharedTestHelpers.swift; sourceTree = "<group>"; };
		DDE979CE296D83DB00C65256 /* EssentialFeed.framework */ = {isa = PBXFileReference; explicitFileType = wrapper.framework; includeInIndex = 0; path = EssentialFeed.framework; sourceTree = BUILT_PRODUCTS_DIR; };
		DDE979DC296D840100C65256 /* EssentialFeedTests.xctest */ = {isa = PBXFileReference; explicitFileType = wrapper.cfbundle; includeInIndex = 0; path = EssentialFeedTests.xctest; sourceTree = BUILT_PRODUCTS_DIR; };
		DDE979E6296D84B100C65256 /* FeedImage.swift */ = {isa = PBXFileReference; lastKnownFileType = sourcecode.swift; path = FeedImage.swift; sourceTree = "<group>"; };
		DDF7B931297FCBD200CD8E3A /* XCTestCase+MemoryLeakTracking.swift */ = {isa = PBXFileReference; lastKnownFileType = sourcecode.swift; path = "XCTestCase+MemoryLeakTracking.swift"; sourceTree = "<group>"; };
		DDF7B933297FF44D00CD8E3A /* URLSessionHTTPClient.swift */ = {isa = PBXFileReference; lastKnownFileType = sourcecode.swift; path = URLSessionHTTPClient.swift; sourceTree = "<group>"; };
		DDF7B9392980F68C00CD8E3A /* EssentialFeedAPIEndToEndTests.xctest */ = {isa = PBXFileReference; explicitFileType = wrapper.cfbundle; includeInIndex = 0; path = EssentialFeedAPIEndToEndTests.xctest; sourceTree = BUILT_PRODUCTS_DIR; };
		DDF7B93B2980F68C00CD8E3A /* EssentialFeedAPIEndToEndTests.swift */ = {isa = PBXFileReference; lastKnownFileType = sourcecode.swift; path = EssentialFeedAPIEndToEndTests.swift; sourceTree = "<group>"; };
		DDFD547929C97FAE00EAC56B /* CoreDataHelper.swift */ = {isa = PBXFileReference; lastKnownFileType = sourcecode.swift; path = CoreDataHelper.swift; sourceTree = "<group>"; };
		DDFD547B29C9802600EAC56B /* ManagedCache.swift */ = {isa = PBXFileReference; lastKnownFileType = sourcecode.swift; path = ManagedCache.swift; sourceTree = "<group>"; };
		DDFD547D29C9805600EAC56B /* ManagedFeedImage.swift */ = {isa = PBXFileReference; lastKnownFileType = sourcecode.swift; path = ManagedFeedImage.swift; sourceTree = "<group>"; };
		DDFD549329CAE52400EAC56B /* EssentialFeedCacheIntegrationTests.xctest */ = {isa = PBXFileReference; explicitFileType = wrapper.cfbundle; includeInIndex = 0; path = EssentialFeedCacheIntegrationTests.xctest; sourceTree = BUILT_PRODUCTS_DIR; };
		DDFD549529CAE52400EAC56B /* EssentialFeedCacheIntegrationTests.swift */ = {isa = PBXFileReference; lastKnownFileType = sourcecode.swift; path = EssentialFeedCacheIntegrationTests.swift; sourceTree = "<group>"; };
/* End PBXFileReference section */

/* Begin PBXFrameworksBuildPhase section */
		DDD5B0E129D56528003BC044 /* Frameworks */ = {
			isa = PBXFrameworksBuildPhase;
			buildActionMask = 2147483647;
			files = (
				DDD5B0FC29D59F97003BC044 /* EssentialFeed.framework in Frameworks */,
			);
			runOnlyForDeploymentPostprocessing = 0;
		};
		DDD5B0E829D56528003BC044 /* Frameworks */ = {
			isa = PBXFrameworksBuildPhase;
			buildActionMask = 2147483647;
			files = (
				DDD5B0EC29D56529003BC044 /* EssentialFeediOS.framework in Frameworks */,
			);
			runOnlyForDeploymentPostprocessing = 0;
		};
		DDE979CB296D83DB00C65256 /* Frameworks */ = {
			isa = PBXFrameworksBuildPhase;
			buildActionMask = 2147483647;
			files = (
			);
			runOnlyForDeploymentPostprocessing = 0;
		};
		DDE979D9296D840100C65256 /* Frameworks */ = {
			isa = PBXFrameworksBuildPhase;
			buildActionMask = 2147483647;
			files = (
				DDE979E0296D840100C65256 /* EssentialFeed.framework in Frameworks */,
			);
			runOnlyForDeploymentPostprocessing = 0;
		};
		DDF7B9362980F68C00CD8E3A /* Frameworks */ = {
			isa = PBXFrameworksBuildPhase;
			buildActionMask = 2147483647;
			files = (
				DDF7B93D2980F68C00CD8E3A /* EssentialFeed.framework in Frameworks */,
			);
			runOnlyForDeploymentPostprocessing = 0;
		};
		DDFD549029CAE52400EAC56B /* Frameworks */ = {
			isa = PBXFrameworksBuildPhase;
			buildActionMask = 2147483647;
			files = (
				DDFD549729CAE52400EAC56B /* EssentialFeed.framework in Frameworks */,
			);
			runOnlyForDeploymentPostprocessing = 0;
		};
/* End PBXFrameworksBuildPhase section */

/* Begin PBXGroup section */
		DD017DFC29BEFA68008474F0 /* FeedStoreSpecs */ = {
			isa = PBXGroup;
			children = (
				DD017DFA29BEF956008474F0 /* XCTestCase+FailableDeleteFeedStoreSpecs.swift */,
				DD017DF629BEF458008474F0 /* XCTestCase+FailableRetrieveFeedStoreSpecs.swift */,
				DD017DF829BEF5EF008474F0 /* XCTestCase+FailableInsertFeedStoreSpecs.swift */,
				DD017DF429BDB159008474F0 /* XCTestCase+FeedStoreSpecs.swift */,
				DD017DF229BDAE4E008474F0 /* FeedStoreSpecs.swift */,
			);
			path = FeedStoreSpecs;
			sourceTree = "<group>";
		};
		DD091FC52B393CA50075BCCC /* Image Comments Feature */ = {
			isa = PBXGroup;
			children = (
				DD091FC62B393CBA0075BCCC /* ImageComment.swift */,
			);
			path = "Image Comments Feature";
			sourceTree = "<group>";
		};
		DD091FC82B393F3E0075BCCC /* Shared API */ = {
			isa = PBXGroup;
			children = (
				DDA346D4297692980008F5E6 /* HTTPClient.swift */,
			);
			path = "Shared API";
			sourceTree = "<group>";
		};
		DD091FC92B393F550075BCCC /* Shared API Infra */ = {
			isa = PBXGroup;
			children = (
				DDF7B933297FF44D00CD8E3A /* URLSessionHTTPClient.swift */,
			);
			path = "Shared API Infra";
			sourceTree = "<group>";
		};
		DD091FCC2B393F940075BCCC /* Shared API Infra */ = {
			isa = PBXGroup;
			children = (
				DD091FCD2B393FA50075BCCC /* Helpers */,
				DDA347062977E9870008F5E6 /* URLSessionHTTPClientTests.swift */,
			);
			path = "Shared API Infra";
			sourceTree = "<group>";
		};
		DD091FCD2B393FA50075BCCC /* Helpers */ = {
			isa = PBXGroup;
			children = (
				DDBD34302A84A3B600CB2060 /* URLProtocolStub.swift */,
			);
			path = Helpers;
			sourceTree = "<group>";
		};
		DD091FCE2B3940210075BCCC /* image Comments API */ = {
			isa = PBXGroup;
			children = (
				DD091FC32B37FC070075BCCC /* ImageCommentsMapper.swift */,
			);
			path = "image Comments API";
			sourceTree = "<group>";
		};
		DD091FCF2B39406D0075BCCC /* Image Comments API */ = {
			isa = PBXGroup;
			children = (
				DD091FBF2B37FB630075BCCC /* ImageCommentsMapperTests.swift */,
			);
			path = "Image Comments API";
			sourceTree = "<group>";
		};
		DD52BA8E2988F21B0053CB47 /* Feed Cache */ = {
			isa = PBXGroup;
			children = (
				DD52BAE1298B90AD0053CB47 /* Helpers */,
				DD017DFC29BEFA68008474F0 /* FeedStoreSpecs */,
				DD52BA8F2988F2480053CB47 /* CacheFeedUseCaseTests.swift */,
				DD52BADF298B8F6E0053CB47 /* LoadFeedFromCacheUseCaseTests.swift */,
				DDE7475B2991193700E540B7 /* ValidateFeedCacheUseCaseTests.swift */,
				DD4F869A29C049AE000BACDC /* CoreDataFeedStoreTests.swift */,
				DDBD34322A889AB000CB2060 /* LocalFeedImageDataFromCacheUseCaseTests.swift */,
				DDBD343A2A8DE2CF00CB2060 /* CacheFeedImageDataUseCaseTests.swift */,
				DDBD343C2A91D8BE00CB2060 /* CoreDataFeedImageDataStoreTests.swift */,
			);
			path = "Feed Cache";
			sourceTree = "<group>";
		};
		DD52BAC0298A541C0053CB47 /* Feed Cache */ = {
			isa = PBXGroup;
			children = (
				DDFD547629C97E8200EAC56B /* Infrastructure */,
				DD52BAC3298A54950053CB47 /* FeedStore.swift */,
				DD52BAC1298A542E0053CB47 /* LocalFeedLoader.swift */,
				DD52BAD9298A86FB0053CB47 /* LocalFeedImage.swift */,
				DD3EB09629ADCF4A009B3483 /* FeedCachePolicy.swift */,
				DDBD34342A8B3FEC00CB2060 /* FeedImageDataStore.swift */,
				DDBD34362A8B400400CB2060 /* LocalFeedImageDataLoader.swift */,
			);
			path = "Feed Cache";
			sourceTree = "<group>";
		};
		DD52BAE1298B90AD0053CB47 /* Helpers */ = {
			isa = PBXGroup;
			children = (
				DD52BAE2298B90B40053CB47 /* FeedStoreSpy.swift */,
				DDE7475D29911D9100E540B7 /* FeedCacheTestHelpers.swift */,
				DDBD34382A8DE22100CB2060 /* FeedImageDataStoreSpy.swift */,
			);
			path = Helpers;
			sourceTree = "<group>";
		};
		DDA346D82976A6DA0008F5E6 /* Feed API */ = {
			isa = PBXGroup;
			children = (
				DDB31B57296ED6B400D24A0F /* FeedItemsMapperTests.swift */,
				DDAFDD912A78C8C90069C70A /* FeedImageDataMapperTests.swift */,
			);
			path = "Feed API";
			sourceTree = "<group>";
		};
		DDAFDD7F2A722AC50069C70A /* Fedd Presentation */ = {
			isa = PBXGroup;
			children = (
				DDAFDD7C2A7229050069C70A /* Feed.strings */,
				DDAFDD802A722ADE0069C70A /* FeedPresenter.swift */,
				DDAFDD832A722BE30069C70A /* FeedViewModel.swift */,
				DDAFDD8C2A77767C0069C70A /* FeedImagePresenter.swift */,
				DDAFDD8E2A7777020069C70A /* FeedImageViewModel.swift */,
			);
			path = "Fedd Presentation";
			sourceTree = "<group>";
		};
		DDB31B5929700FD400D24A0F /* Feed API */ = {
			isa = PBXGroup;
			children = (
				DDBD342D2A84A28800CB2060 /* Helpers */,
				DDA346D62976930F0008F5E6 /* FeedItemsMapper.swift */,
				DDD3AB962B43CE5E00B1C844 /* FeedImageDataMapper.swift */,
			);
			path = "Feed API";
			sourceTree = "<group>";
		};
		DDBD342D2A84A28800CB2060 /* Helpers */ = {
			isa = PBXGroup;
			children = (
				DDBD342E2A84A2BA00CB2060 /* HTTPURLResponse+StatusCode.swift */,
			);
			path = Helpers;
			sourceTree = "<group>";
		};
		DDCE35A82B281E9100CD51EB /* snapshots */ = {
			isa = PBXGroup;
			children = (
				DDCE35C32B286FEC00CD51EB /* FEED_WITH_CONTENT_dark.png */,
				DDCE35BD2B286FEC00CD51EB /* FEED_WITH_CONTENT_light.png */,
				DDCE35BC2B286FEB00CD51EB /* FEED_WITH_FAILED_IMAGE_LOADING_dark.png */,
				DDCE35BF2B286FEC00CD51EB /* FEED_WITH_FAILED_IMAGE_LOADING_light.png */,
			);
			path = snapshots;
			sourceTree = "<group>";
		};
		DDCE35AF2B28229D00CD51EB /* Helpers */ = {
			isa = PBXGroup;
			children = (
				DDCE35B02B2822B400CD51EB /* UIImage+TestHelpers.swift */,
				DDCE35CC2B2874FA00CD51EB /* UIViewController+Snapshot.swift */,
				DDCE35CE2B28756400CD51EB /* XCTestCase+Snapshot.swift */,
			);
			path = Helpers;
			sourceTree = "<group>";
		};
		DDD3AB982B4518E700B1C844 /* Shared Presentation */ = {
			isa = PBXGroup;
			children = (
				DDD3ABA02B45206600B1C844 /* SharedLocalizationTests.swift */,
				DDD3AB992B45192000B1C844 /* LoadResourcePresenterTests.swift */,
			);
			path = "Shared Presentation";
			sourceTree = "<group>";
		};
		DDD3AB9B2B45196700B1C844 /* Shared Presentation */ = {
			isa = PBXGroup;
			children = (
				DDAFDD872A722C540069C70A /* ResourceErrorViewModel.swift */,
				DDD3ABAA2B4524B700B1C844 /* ResourceErrorView.swift */,
				DDAFDD852A722C180069C70A /* ResourceLoadingViewModel.swift */,
				DDD3ABA82B45244200B1C844 /* ResourceLoadingView.swift */,
				DDD3AB9C2B45197C00B1C844 /* LoadResourcePresenter.swift */,
				DDD3ABA42B4520B100B1C844 /* Shared.strings */,
			);
			path = "Shared Presentation";
			sourceTree = "<group>";
		};
		DDD3ABAC2B4A6C7E00B1C844 /* Image Comments Presentation */ = {
			isa = PBXGroup;
			children = (
				DDD3ABB42B4A6EBF00B1C844 /* ImageCommentsLocalizationTests.swift */,
				DDD3ABAD2B4A6CA600B1C844 /* ImageCommentsPresenterTests.swift */,
			);
			path = "Image Comments Presentation";
			sourceTree = "<group>";
		};
		DDD3ABAF2B4A6CE800B1C844 /* Image Comments Presentation */ = {
			isa = PBXGroup;
			children = (
				DDD3ABB02B4A6D0900B1C844 /* ImageCommentsPresenter.swift */,
				DDD3ABB82B4A6EFE00B1C844 /* ImageComments.strings */,
			);
			path = "Image Comments Presentation";
			sourceTree = "<group>";
		};
		DDD3ABBA2B4BAF2600B1C844 /* Feed UI */ = {
			isa = PBXGroup;
			children = (
				DDCE35A82B281E9100CD51EB /* snapshots */,
				DDCE35A62B281A7E00CD51EB /* FeedSnapshotTests.swift */,
			);
			path = "Feed UI";
			sourceTree = "<group>";
		};
		DDD3ABBB2B4BBEC900B1C844 /* Shared UI */ = {
			isa = PBXGroup;
			children = (
				DDD3ABBE2B4BBF3500B1C844 /* snapshots */,
				DDD3ABBC2B4BBEE700B1C844 /* ListSnapshotTests.swift */,
			);
			path = "Shared UI";
			sourceTree = "<group>";
		};
		DDD3ABBE2B4BBF3500B1C844 /* snapshots */ = {
			isa = PBXGroup;
			children = (
				DDCE35C02B286FEC00CD51EB /* LIST_WITH_ERROR_dark.png */,
				DDCE35C22B286FEC00CD51EB /* LIST_WITH_ERROR_light.png */,
				DDCE35BE2B286FEC00CD51EB /* EMPTY_LIST_dark.png */,
				DDCE35C12B286FEC00CD51EB /* EMPTY_LIST_light.png */,
			);
			path = snapshots;
			sourceTree = "<group>";
		};
		DDD3ABBF2B4BC05800B1C844 /* Shared UI */ = {
			isa = PBXGroup;
			children = (
				DDD3ABC02B4BC06300B1C844 /* Controllers */,
				DDD3ABC12B4BC07000B1C844 /* Views */,
			);
			path = "Shared UI";
			sourceTree = "<group>";
		};
		DDD3ABC02B4BC06300B1C844 /* Controllers */ = {
			isa = PBXGroup;
			children = (
				DDD5B0FE29DAA281003BC044 /* ListViewController.swift */,
				DDD3ABDC2B4D086F00B1C844 /* CellController.swift */,
			);
			path = Controllers;
			sourceTree = "<group>";
		};
		DDD3ABC12B4BC07000B1C844 /* Views */ = {
			isa = PBXGroup;
			children = (
				DDD3ABC22B4BC08700B1C844 /* Helpers */,
				DDE6A11B2A6E3CF700444C5A /* ErrorView.swift */,
			);
			path = Views;
			sourceTree = "<group>";
		};
		DDD3ABC22B4BC08700B1C844 /* Helpers */ = {
			isa = PBXGroup;
			children = (
				DDCE35B82B2826BA00CD51EB /* UITableView+HeaderSizing.swift */,
				DDE6A1202A6F8AC400444C5A /* UIRefreshControl+Helpers.swift */,
				DD9F677D2A5E64220004F836 /* UITableView+Dequeueing.swift */,
			);
			path = Helpers;
			sourceTree = "<group>";
		};
		DDD3ABC32B4BC1B200B1C844 /* Image Comments UI */ = {
			isa = PBXGroup;
			children = (
				DDD3ABCF2B4BD60400B1C844 /* snapshots */,
				DDD3ABC42B4BC1DF00B1C844 /* ImageCommentsSnapshotTests.swift */,
			);
			path = "Image Comments UI";
			sourceTree = "<group>";
		};
		DDD3ABC62B4BC23700B1C844 /* Image Comments UI */ = {
			isa = PBXGroup;
			children = (
				DDD3ABCA2B4BC30B00B1C844 /* Controllers */,
				DDD3ABC72B4BC24700B1C844 /* Views */,
			);
			path = "Image Comments UI";
			sourceTree = "<group>";
		};
		DDD3ABC72B4BC24700B1C844 /* Views */ = {
			isa = PBXGroup;
			children = (
				DDD3ABC82B4BC25D00B1C844 /* ImageComments.storyboard */,
				DDD3ABDA2B4BD6D500B1C844 /* ImageCommentCell.swift */,
			);
			path = Views;
			sourceTree = "<group>";
		};
		DDD3ABCA2B4BC30B00B1C844 /* Controllers */ = {
			isa = PBXGroup;
			children = (
				DDD3ABCB2B4BC31100B1C844 /* ImageCommentCellController.swift */,
			);
			path = Controllers;
			sourceTree = "<group>";
		};
		DDD3ABCF2B4BD60400B1C844 /* snapshots */ = {
			isa = PBXGroup;
			children = (
				DDD3ABD62B4BD64100B1C844 /* IMAGE_COMMENTS_dark.png */,
				DDD3ABD72B4BD64100B1C844 /* IMAGE_COMMENTS_light.png */,
			);
			path = snapshots;
			sourceTree = "<group>";
		};
		DDD5B0E529D56528003BC044 /* EssentialFeediOS */ = {
			isa = PBXGroup;
			children = (
				DDD3ABBF2B4BC05800B1C844 /* Shared UI */,
				DDD3ABC62B4BC23700B1C844 /* Image Comments UI */,
				DDD5B11929DEDC0B003BC044 /* Feed UI */,
			);
			path = EssentialFeediOS;
			sourceTree = "<group>";
		};
		DDD5B0EF29D56529003BC044 /* EssentialFeediOSTests */ = {
			isa = PBXGroup;
			children = (
				DDCE35AF2B28229D00CD51EB /* Helpers */,
				DDD3ABBB2B4BBEC900B1C844 /* Shared UI */,
				DDD3ABC32B4BC1B200B1C844 /* Image Comments UI */,
				DDD3ABBA2B4BAF2600B1C844 /* Feed UI */,
			);
			path = EssentialFeediOSTests;
			sourceTree = "<group>";
		};
		DDD5B0FB29D59F97003BC044 /* Frameworks */ = {
			isa = PBXGroup;
			children = (
			);
			name = Frameworks;
			sourceTree = "<group>";
		};
		DDD5B10E29DED903003BC044 /* Controllers */ = {
			isa = PBXGroup;
			children = (
				DDD5B12029E290F4003BC044 /* FeedImageCellController.swift */,
			);
			path = Controllers;
			sourceTree = "<group>";
		};
		DDD5B10F29DED971003BC044 /* Views */ = {
			isa = PBXGroup;
			children = (
				DDE6A11D2A6F8A2000444C5A /* Helpers */,
				DDD5B10029DAAA8D003BC044 /* FeedImageCell.swift */,
				DD9F67792A553A340004F836 /* Feed.storyboard */,
				DD9F677B2A553A890004F836 /* Feed.xcassets */,
			);
			path = Views;
			sourceTree = "<group>";
		};
		DDD5B11929DEDC0B003BC044 /* Feed UI */ = {
			isa = PBXGroup;
			children = (
				DDD5B10E29DED903003BC044 /* Controllers */,
				DDD5B10F29DED971003BC044 /* Views */,
			);
			path = "Feed UI";
			sourceTree = "<group>";
		};
		DDE6A11D2A6F8A2000444C5A /* Helpers */ = {
			isa = PBXGroup;
			children = (
				DD9F677F2A5E64870004F836 /* UIImageView+Animations.swift */,
				DDD5B10229DC27C6003BC044 /* UIView+Shimmering.swift */,
			);
			path = Helpers;
			sourceTree = "<group>";
		};
		DDE6A1222A6F8F1800444C5A /* Feed Presentation */ = {
			isa = PBXGroup;
			children = (
				DDE6A10F2A63B14800444C5A /* FeedLocalizationTests.swift */,
				DDE6A1232A6F8F4900444C5A /* FeedPresenterTests.swift */,
				DDAFDD8A2A7623F60069C70A /* FeedImagePresenterTests.swift */,
			);
			path = "Feed Presentation";
			sourceTree = "<group>";
		};
		DDE979C4296D83DB00C65256 = {
			isa = PBXGroup;
			children = (
				DDE979D0296D83DB00C65256 /* EssentialFeed */,
				DDE979DD296D840100C65256 /* EssentialFeedTests */,
				DDF7B93A2980F68C00CD8E3A /* EssentialFeedAPIEndToEndTests */,
				DDFD549429CAE52400EAC56B /* EssentialFeedCacheIntegrationTests */,
				DDD5B0E529D56528003BC044 /* EssentialFeediOS */,
				DDD5B0EF29D56529003BC044 /* EssentialFeediOSTests */,
				DDE979CF296D83DB00C65256 /* Products */,
				DDD5B0FB29D59F97003BC044 /* Frameworks */,
			);
			sourceTree = "<group>";
		};
		DDE979CF296D83DB00C65256 /* Products */ = {
			isa = PBXGroup;
			children = (
				DDE979CE296D83DB00C65256 /* EssentialFeed.framework */,
				DDE979DC296D840100C65256 /* EssentialFeedTests.xctest */,
				DDF7B9392980F68C00CD8E3A /* EssentialFeedAPIEndToEndTests.xctest */,
				DDFD549329CAE52400EAC56B /* EssentialFeedCacheIntegrationTests.xctest */,
				DDD5B0E429D56528003BC044 /* EssentialFeediOS.framework */,
				DDD5B0EB29D56528003BC044 /* EssentialFeediOSTests.xctest */,
			);
			name = Products;
			sourceTree = "<group>";
		};
		DDE979D0296D83DB00C65256 /* EssentialFeed */ = {
			isa = PBXGroup;
			children = (
				DDD3AB9B2B45196700B1C844 /* Shared Presentation */,
				DD091FC82B393F3E0075BCCC /* Shared API */,
				DD091FC92B393F550075BCCC /* Shared API Infra */,
				DD091FC52B393CA50075BCCC /* Image Comments Feature */,
				DD091FCE2B3940210075BCCC /* image Comments API */,
				DDD3ABAF2B4A6CE800B1C844 /* Image Comments Presentation */,
				DDE979EA296D863F00C65256 /* Feed Feature */,
				DDB31B5929700FD400D24A0F /* Feed API */,
				DDAFDD7F2A722AC50069C70A /* Fedd Presentation */,
				DD52BAC0298A541C0053CB47 /* Feed Cache */,
			);
			path = EssentialFeed;
			sourceTree = "<group>";
		};
		DDE979DD296D840100C65256 /* EssentialFeedTests */ = {
			isa = PBXGroup;
			children = (
				DDF7B930297FCBB500CD8E3A /* Helpers */,
				DDD3AB982B4518E700B1C844 /* Shared Presentation */,
				DD091FCC2B393F940075BCCC /* Shared API Infra */,
				DD091FCF2B39406D0075BCCC /* Image Comments API */,
				DDD3ABAC2B4A6C7E00B1C844 /* Image Comments Presentation */,
				DDA346D82976A6DA0008F5E6 /* Feed API */,
				DDE6A1222A6F8F1800444C5A /* Feed Presentation */,
				DD52BA8E2988F21B0053CB47 /* Feed Cache */,
			);
			path = EssentialFeedTests;
			sourceTree = "<group>";
		};
		DDE979EA296D863F00C65256 /* Feed Feature */ = {
			isa = PBXGroup;
			children = (
				DDE979E6296D84B100C65256 /* FeedImage.swift */,
				DDD5B11C29DEDCAB003BC044 /* FeedImageDataLoader.swift */,
				DD61B6022B1EE469007C79EE /* FeedCache.swift */,
				DD61B60C2B1F0CBE007C79EE /* FeedImageDataCache.swift */,
			);
			path = "Feed Feature";
			sourceTree = "<group>";
		};
		DDF7B930297FCBB500CD8E3A /* Helpers */ = {
			isa = PBXGroup;
			children = (
				DDF7B931297FCBD200CD8E3A /* XCTestCase+MemoryLeakTracking.swift */,
				DDE7475F29911E0D00E540B7 /* SharedTestHelpers.swift */,
				DDD3ABA62B45235F00B1C844 /* SharedLocalizationTestHelpers.swift */,
			);
			path = Helpers;
			sourceTree = "<group>";
		};
		DDF7B93A2980F68C00CD8E3A /* EssentialFeedAPIEndToEndTests */ = {
			isa = PBXGroup;
			children = (
				DDF7B93B2980F68C00CD8E3A /* EssentialFeedAPIEndToEndTests.swift */,
			);
			path = EssentialFeedAPIEndToEndTests;
			sourceTree = "<group>";
		};
		DDFD547629C97E8200EAC56B /* Infrastructure */ = {
			isa = PBXGroup;
			children = (
				DDFD547729C97EAC00EAC56B /* CoreData */,
			);
			path = Infrastructure;
			sourceTree = "<group>";
		};
		DDFD547729C97EAC00EAC56B /* CoreData */ = {
			isa = PBXGroup;
			children = (
				DD4F869E29C04CB9000BACDC /* FeedStore.xcdatamodeld */,
				DD4F869C29C04B75000BACDC /* CoreDataFeedStore.swift */,
				DDFD547929C97FAE00EAC56B /* CoreDataHelper.swift */,
				DDFD547B29C9802600EAC56B /* ManagedCache.swift */,
				DDFD547D29C9805600EAC56B /* ManagedFeedImage.swift */,
				DDBD34402A932BF400CB2060 /* CoreDataFeedStore+FeedImageDataLoader.swift */,
				DDBD34422A95C91300CB2060 /* CoreDataFeedStore+FeedStore.swift */,
			);
			path = CoreData;
			sourceTree = "<group>";
		};
		DDFD549429CAE52400EAC56B /* EssentialFeedCacheIntegrationTests */ = {
			isa = PBXGroup;
			children = (
				DDFD549529CAE52400EAC56B /* EssentialFeedCacheIntegrationTests.swift */,
			);
			path = EssentialFeedCacheIntegrationTests;
			sourceTree = "<group>";
		};
/* End PBXGroup section */

/* Begin PBXHeadersBuildPhase section */
		DDD5B0DF29D56528003BC044 /* Headers */ = {
			isa = PBXHeadersBuildPhase;
			buildActionMask = 2147483647;
			files = (
			);
			runOnlyForDeploymentPostprocessing = 0;
		};
		DDE979C9296D83DB00C65256 /* Headers */ = {
			isa = PBXHeadersBuildPhase;
			buildActionMask = 2147483647;
			files = (
			);
			runOnlyForDeploymentPostprocessing = 0;
		};
/* End PBXHeadersBuildPhase section */

/* Begin PBXNativeTarget section */
		DDD5B0E329D56528003BC044 /* EssentialFeediOS */ = {
			isa = PBXNativeTarget;
			buildConfigurationList = DDD5B0F329D56529003BC044 /* Build configuration list for PBXNativeTarget "EssentialFeediOS" */;
			buildPhases = (
				DDD5B0DF29D56528003BC044 /* Headers */,
				DDD5B0E029D56528003BC044 /* Sources */,
				DDD5B0E129D56528003BC044 /* Frameworks */,
				DDD5B0E229D56528003BC044 /* Resources */,
			);
			buildRules = (
			);
			dependencies = (
			);
			name = EssentialFeediOS;
			productName = EssentialFeediOS;
			productReference = DDD5B0E429D56528003BC044 /* EssentialFeediOS.framework */;
			productType = "com.apple.product-type.framework";
		};
		DDD5B0EA29D56528003BC044 /* EssentialFeediOSTests */ = {
			isa = PBXNativeTarget;
			buildConfigurationList = DDD5B0F629D56529003BC044 /* Build configuration list for PBXNativeTarget "EssentialFeediOSTests" */;
			buildPhases = (
				DDD5B0E729D56528003BC044 /* Sources */,
				DDD5B0E829D56528003BC044 /* Frameworks */,
				DDD5B0E929D56528003BC044 /* Resources */,
			);
			buildRules = (
			);
			dependencies = (
				DDD5B0EE29D56529003BC044 /* PBXTargetDependency */,
			);
			name = EssentialFeediOSTests;
			productName = EssentialFeediOSTests;
			productReference = DDD5B0EB29D56528003BC044 /* EssentialFeediOSTests.xctest */;
			productType = "com.apple.product-type.bundle.unit-test";
		};
		DDE979CD296D83DB00C65256 /* EssentialFeed */ = {
			isa = PBXNativeTarget;
			buildConfigurationList = DDE979D5296D83DB00C65256 /* Build configuration list for PBXNativeTarget "EssentialFeed" */;
			buildPhases = (
				DDE979C9296D83DB00C65256 /* Headers */,
				DDE979CA296D83DB00C65256 /* Sources */,
				DDE979CB296D83DB00C65256 /* Frameworks */,
				DDE979CC296D83DB00C65256 /* Resources */,
			);
			buildRules = (
			);
			dependencies = (
			);
			name = EssentialFeed;
			productName = EssentialFeed;
			productReference = DDE979CE296D83DB00C65256 /* EssentialFeed.framework */;
			productType = "com.apple.product-type.framework";
		};
		DDE979DB296D840100C65256 /* EssentialFeedTests */ = {
			isa = PBXNativeTarget;
			buildConfigurationList = DDE979E3296D840100C65256 /* Build configuration list for PBXNativeTarget "EssentialFeedTests" */;
			buildPhases = (
				DDE979D8296D840100C65256 /* Sources */,
				DDE979D9296D840100C65256 /* Frameworks */,
				DDE979DA296D840100C65256 /* Resources */,
			);
			buildRules = (
			);
			dependencies = (
				DDE979E2296D840100C65256 /* PBXTargetDependency */,
			);
			name = EssentialFeedTests;
			productName = EssentialFeedTests;
			productReference = DDE979DC296D840100C65256 /* EssentialFeedTests.xctest */;
			productType = "com.apple.product-type.bundle.unit-test";
		};
		DDF7B9382980F68C00CD8E3A /* EssentialFeedAPIEndToEndTests */ = {
			isa = PBXNativeTarget;
			buildConfigurationList = DDF7B9402980F68C00CD8E3A /* Build configuration list for PBXNativeTarget "EssentialFeedAPIEndToEndTests" */;
			buildPhases = (
				DDF7B9352980F68C00CD8E3A /* Sources */,
				DDF7B9362980F68C00CD8E3A /* Frameworks */,
				DDF7B9372980F68C00CD8E3A /* Resources */,
			);
			buildRules = (
			);
			dependencies = (
				DDF7B93F2980F68C00CD8E3A /* PBXTargetDependency */,
			);
			name = EssentialFeedAPIEndToEndTests;
			productName = EssentialFeedAPIEndToEndTests;
			productReference = DDF7B9392980F68C00CD8E3A /* EssentialFeedAPIEndToEndTests.xctest */;
			productType = "com.apple.product-type.bundle.unit-test";
		};
		DDFD549229CAE52400EAC56B /* EssentialFeedCacheIntegrationTests */ = {
			isa = PBXNativeTarget;
			buildConfigurationList = DDFD549C29CAE52400EAC56B /* Build configuration list for PBXNativeTarget "EssentialFeedCacheIntegrationTests" */;
			buildPhases = (
				DDFD548F29CAE52400EAC56B /* Sources */,
				DDFD549029CAE52400EAC56B /* Frameworks */,
				DDFD549129CAE52400EAC56B /* Resources */,
			);
			buildRules = (
			);
			dependencies = (
				DDFD549929CAE52400EAC56B /* PBXTargetDependency */,
			);
			name = EssentialFeedCacheIntegrationTests;
			productName = EssentialFeedCacheIntegrationTests;
			productReference = DDFD549329CAE52400EAC56B /* EssentialFeedCacheIntegrationTests.xctest */;
			productType = "com.apple.product-type.bundle.unit-test";
		};
/* End PBXNativeTarget section */

/* Begin PBXProject section */
		DDE979C5296D83DB00C65256 /* Project object */ = {
			isa = PBXProject;
			attributes = {
				BuildIndependentTargetsInParallel = 1;
				LastSwiftUpdateCheck = 1420;
				LastUpgradeCheck = 1500;
				TargetAttributes = {
					DDD5B0E329D56528003BC044 = {
						CreatedOnToolsVersion = 14.2;
						LastSwiftMigration = 1420;
					};
					DDD5B0EA29D56528003BC044 = {
						CreatedOnToolsVersion = 14.2;
						LastSwiftMigration = 1420;
					};
					DDE979CD296D83DB00C65256 = {
						CreatedOnToolsVersion = 14.1;
						LastSwiftMigration = 1410;
					};
					DDE979DB296D840100C65256 = {
						CreatedOnToolsVersion = 14.1;
						LastSwiftMigration = 1410;
					};
					DDF7B9382980F68C00CD8E3A = {
						CreatedOnToolsVersion = 14.1;
					};
					DDFD549229CAE52400EAC56B = {
						CreatedOnToolsVersion = 14.2;
					};
				};
			};
			buildConfigurationList = DDE979C8296D83DB00C65256 /* Build configuration list for PBXProject "EssentialFeed" */;
			compatibilityVersion = "Xcode 14.0";
			developmentRegion = en;
			hasScannedForEncodings = 0;
			knownRegions = (
				en,
				Base,
				"pt-BR",
			);
			mainGroup = DDE979C4296D83DB00C65256;
			productRefGroup = DDE979CF296D83DB00C65256 /* Products */;
			projectDirPath = "";
			projectRoot = "";
			targets = (
				DDE979CD296D83DB00C65256 /* EssentialFeed */,
				DDE979DB296D840100C65256 /* EssentialFeedTests */,
				DDF7B9382980F68C00CD8E3A /* EssentialFeedAPIEndToEndTests */,
				DDFD549229CAE52400EAC56B /* EssentialFeedCacheIntegrationTests */,
				DDD5B0E329D56528003BC044 /* EssentialFeediOS */,
				DDD5B0EA29D56528003BC044 /* EssentialFeediOSTests */,
			);
		};
/* End PBXProject section */

/* Begin PBXResourcesBuildPhase section */
		DDD5B0E229D56528003BC044 /* Resources */ = {
			isa = PBXResourcesBuildPhase;
			buildActionMask = 2147483647;
			files = (
				DD9F677A2A553A340004F836 /* Feed.storyboard in Resources */,
				DDD3ABC92B4BC25D00B1C844 /* ImageComments.storyboard in Resources */,
				DD9F677C2A553A890004F836 /* Feed.xcassets in Resources */,
			);
			runOnlyForDeploymentPostprocessing = 0;
		};
		DDD5B0E929D56528003BC044 /* Resources */ = {
			isa = PBXResourcesBuildPhase;
			buildActionMask = 2147483647;
			files = (
				DDCE35C92B286FEC00CD51EB /* EMPTY_LIST_light.png in Resources */,
				DDCE35CA2B286FEC00CD51EB /* LIST_WITH_ERROR_light.png in Resources */,
				DDCE35C72B286FEC00CD51EB /* FEED_WITH_FAILED_IMAGE_LOADING_light.png in Resources */,
				DDCE35C82B286FEC00CD51EB /* LIST_WITH_ERROR_dark.png in Resources */,
				DDCE35C62B286FEC00CD51EB /* EMPTY_LIST_dark.png in Resources */,
				DDCE35C52B286FEC00CD51EB /* FEED_WITH_CONTENT_light.png in Resources */,
				DDD3ABD92B4BD64100B1C844 /* IMAGE_COMMENTS_light.png in Resources */,
				DDD3ABD82B4BD64100B1C844 /* IMAGE_COMMENTS_dark.png in Resources */,
				DDCE35C42B286FEC00CD51EB /* FEED_WITH_FAILED_IMAGE_LOADING_dark.png in Resources */,
				DDCE35CB2B286FEC00CD51EB /* FEED_WITH_CONTENT_dark.png in Resources */,
			);
			runOnlyForDeploymentPostprocessing = 0;
		};
		DDE979CC296D83DB00C65256 /* Resources */ = {
			isa = PBXResourcesBuildPhase;
			buildActionMask = 2147483647;
			files = (
				DDAFDD822A722AFE0069C70A /* Feed.strings in Resources */,
				DDD3ABA22B4520B100B1C844 /* Shared.strings in Resources */,
				DDD3ABB62B4A6EFE00B1C844 /* ImageComments.strings in Resources */,
			);
			runOnlyForDeploymentPostprocessing = 0;
		};
		DDE979DA296D840100C65256 /* Resources */ = {
			isa = PBXResourcesBuildPhase;
			buildActionMask = 2147483647;
			files = (
			);
			runOnlyForDeploymentPostprocessing = 0;
		};
		DDF7B9372980F68C00CD8E3A /* Resources */ = {
			isa = PBXResourcesBuildPhase;
			buildActionMask = 2147483647;
			files = (
			);
			runOnlyForDeploymentPostprocessing = 0;
		};
		DDFD549129CAE52400EAC56B /* Resources */ = {
			isa = PBXResourcesBuildPhase;
			buildActionMask = 2147483647;
			files = (
			);
			runOnlyForDeploymentPostprocessing = 0;
		};
/* End PBXResourcesBuildPhase section */

/* Begin PBXSourcesBuildPhase section */
		DDD5B0E029D56528003BC044 /* Sources */ = {
			isa = PBXSourcesBuildPhase;
			buildActionMask = 2147483647;
			files = (
				DDCE35B92B2826BA00CD51EB /* UITableView+HeaderSizing.swift in Sources */,
				DDE6A11C2A6E3CF700444C5A /* ErrorView.swift in Sources */,
				DDE6A1212A6F8AC400444C5A /* UIRefreshControl+Helpers.swift in Sources */,
				DDD3ABDD2B4D086F00B1C844 /* CellController.swift in Sources */,
				DDD5B10329DC27C6003BC044 /* UIView+Shimmering.swift in Sources */,
				DD9F677E2A5E64220004F836 /* UITableView+Dequeueing.swift in Sources */,
				DDD5B0FF29DAA281003BC044 /* ListViewController.swift in Sources */,
				DD9F67802A5E64870004F836 /* UIImageView+Animations.swift in Sources */,
				DDD5B10129DAAA8D003BC044 /* FeedImageCell.swift in Sources */,
				DDD3ABCC2B4BC31100B1C844 /* ImageCommentCellController.swift in Sources */,
				DDD5B12129E290F4003BC044 /* FeedImageCellController.swift in Sources */,
				DDD3ABDB2B4BD6D500B1C844 /* ImageCommentCell.swift in Sources */,
			);
			runOnlyForDeploymentPostprocessing = 0;
		};
		DDD5B0E729D56528003BC044 /* Sources */ = {
			isa = PBXSourcesBuildPhase;
			buildActionMask = 2147483647;
			files = (
				DDD3ABC52B4BC1DF00B1C844 /* ImageCommentsSnapshotTests.swift in Sources */,
				DDD5B0FD29D5A069003BC044 /* XCTestCase+MemoryLeakTracking.swift in Sources */,
				DDD3ABBD2B4BBEE700B1C844 /* ListSnapshotTests.swift in Sources */,
				DDCE35A72B281A7E00CD51EB /* FeedSnapshotTests.swift in Sources */,
				DDCE35CF2B28756400CD51EB /* XCTestCase+Snapshot.swift in Sources */,
				DDCE35CD2B2874FA00CD51EB /* UIViewController+Snapshot.swift in Sources */,
				DDCE35B12B2822B400CD51EB /* UIImage+TestHelpers.swift in Sources */,
			);
			runOnlyForDeploymentPostprocessing = 0;
		};
		DDE979CA296D83DB00C65256 /* Sources */ = {
			isa = PBXSourcesBuildPhase;
			buildActionMask = 2147483647;
			files = (
				DDFD547A29C97FAE00EAC56B /* CoreDataHelper.swift in Sources */,
				DDA346D72976930F0008F5E6 /* FeedItemsMapper.swift in Sources */,
				DDAFDD8F2A7777020069C70A /* FeedImageViewModel.swift in Sources */,
				DD3EB09729ADCF4A009B3483 /* FeedCachePolicy.swift in Sources */,
				DDD3ABAB2B4524B700B1C844 /* ResourceErrorView.swift in Sources */,
				DDD3AB972B43CE5E00B1C844 /* FeedImageDataMapper.swift in Sources */,
				DD091FC72B393CBA0075BCCC /* ImageComment.swift in Sources */,
				DD4F86A029C04CB9000BACDC /* FeedStore.xcdatamodeld in Sources */,
				DD52BADA298A86FB0053CB47 /* LocalFeedImage.swift in Sources */,
				DDBD34432A95C91300CB2060 /* CoreDataFeedStore+FeedStore.swift in Sources */,
				DDD3ABB12B4A6D0900B1C844 /* ImageCommentsPresenter.swift in Sources */,
				DDAFDD842A722BE30069C70A /* FeedViewModel.swift in Sources */,
				DD52BAC4298A54950053CB47 /* FeedStore.swift in Sources */,
				DD52BAC2298A542E0053CB47 /* LocalFeedLoader.swift in Sources */,
				DDA346D5297692990008F5E6 /* HTTPClient.swift in Sources */,
				DD091FC42B37FC070075BCCC /* ImageCommentsMapper.swift in Sources */,
				DDD3AB9D2B45197C00B1C844 /* LoadResourcePresenter.swift in Sources */,
				DDE979E7296D84B100C65256 /* FeedImage.swift in Sources */,
				DDBD34352A8B3FEC00CB2060 /* FeedImageDataStore.swift in Sources */,
				DD61B60D2B1F0CBE007C79EE /* FeedImageDataCache.swift in Sources */,
				DDAFDD812A722ADE0069C70A /* FeedPresenter.swift in Sources */,
				DDF7B934297FF44D00CD8E3A /* URLSessionHTTPClient.swift in Sources */,
				DDBD342F2A84A2BA00CB2060 /* HTTPURLResponse+StatusCode.swift in Sources */,
				DDD3ABA92B45244200B1C844 /* ResourceLoadingView.swift in Sources */,
				DDFD547C29C9802600EAC56B /* ManagedCache.swift in Sources */,
				DD4F869D29C04B75000BACDC /* CoreDataFeedStore.swift in Sources */,
				DDAFDD882A722C540069C70A /* ResourceErrorViewModel.swift in Sources */,
				DDAFDD902A78C81D0069C70A /* FeedImageDataLoader.swift in Sources */,
				DDAFDD862A722C180069C70A /* ResourceLoadingViewModel.swift in Sources */,
				DDBD34372A8B400400CB2060 /* LocalFeedImageDataLoader.swift in Sources */,
				DDBD34412A932BF400CB2060 /* CoreDataFeedStore+FeedImageDataLoader.swift in Sources */,
				DDAFDD8D2A77767C0069C70A /* FeedImagePresenter.swift in Sources */,
				DD61B6032B1EE469007C79EE /* FeedCache.swift in Sources */,
				DDFD547E29C9805600EAC56B /* ManagedFeedImage.swift in Sources */,
			);
			runOnlyForDeploymentPostprocessing = 0;
		};
		DDE979D8296D840100C65256 /* Sources */ = {
			isa = PBXSourcesBuildPhase;
			buildActionMask = 2147483647;
			files = (
				DDE7475E29911D9100E540B7 /* FeedCacheTestHelpers.swift in Sources */,
				DDD3ABA72B45235F00B1C844 /* SharedLocalizationTestHelpers.swift in Sources */,
				DDBD34312A84A3B600CB2060 /* URLProtocolStub.swift in Sources */,
				DDE7475C2991193700E540B7 /* ValidateFeedCacheUseCaseTests.swift in Sources */,
				DDE6A1242A6F8F4900444C5A /* FeedPresenterTests.swift in Sources */,
				DDAFDD922A78C8C90069C70A /* FeedImageDataMapperTests.swift in Sources */,
				DDB31B58296ED6B400D24A0F /* FeedItemsMapperTests.swift in Sources */,
				DDAFDD8B2A7623F60069C70A /* FeedImagePresenterTests.swift in Sources */,
				DD091FC02B37FB630075BCCC /* ImageCommentsMapperTests.swift in Sources */,
				DDD3ABAE2B4A6CA600B1C844 /* ImageCommentsPresenterTests.swift in Sources */,
				DD017DF929BEF5EF008474F0 /* XCTestCase+FailableInsertFeedStoreSpecs.swift in Sources */,
				DDBD343B2A8DE2CF00CB2060 /* CacheFeedImageDataUseCaseTests.swift in Sources */,
				DDAFDD892A76232F0069C70A /* FeedLocalizationTests.swift in Sources */,
				DDA347072977E9870008F5E6 /* URLSessionHTTPClientTests.swift in Sources */,
				DDBD34332A889AB000CB2060 /* LocalFeedImageDataFromCacheUseCaseTests.swift in Sources */,
				DD52BAE3298B90B40053CB47 /* FeedStoreSpy.swift in Sources */,
				DDE7476029911E0D00E540B7 /* SharedTestHelpers.swift in Sources */,
				DD52BA902988F2480053CB47 /* CacheFeedUseCaseTests.swift in Sources */,
				DDD3ABA12B45206600B1C844 /* SharedLocalizationTests.swift in Sources */,
				DDBD34392A8DE22100CB2060 /* FeedImageDataStoreSpy.swift in Sources */,
				DDD3ABB52B4A6EBF00B1C844 /* ImageCommentsLocalizationTests.swift in Sources */,
				DDBD343D2A91D8BE00CB2060 /* CoreDataFeedImageDataStoreTests.swift in Sources */,
				DD017DFB29BEF956008474F0 /* XCTestCase+FailableDeleteFeedStoreSpecs.swift in Sources */,
				DD017DF729BEF458008474F0 /* XCTestCase+FailableRetrieveFeedStoreSpecs.swift in Sources */,
				DD52BAE0298B8F6E0053CB47 /* LoadFeedFromCacheUseCaseTests.swift in Sources */,
				DD017DF329BDAE4E008474F0 /* FeedStoreSpecs.swift in Sources */,
				DDD3AB9A2B45192000B1C844 /* LoadResourcePresenterTests.swift in Sources */,
				DDF7B932297FCBD200CD8E3A /* XCTestCase+MemoryLeakTracking.swift in Sources */,
				DD4F869B29C049AE000BACDC /* CoreDataFeedStoreTests.swift in Sources */,
				DD017DF529BDB159008474F0 /* XCTestCase+FeedStoreSpecs.swift in Sources */,
			);
			runOnlyForDeploymentPostprocessing = 0;
		};
		DDF7B9352980F68C00CD8E3A /* Sources */ = {
			isa = PBXSourcesBuildPhase;
			buildActionMask = 2147483647;
			files = (
				DDF7B93C2980F68C00CD8E3A /* EssentialFeedAPIEndToEndTests.swift in Sources */,
				DDF7B9432980FDB700CD8E3A /* XCTestCase+MemoryLeakTracking.swift in Sources */,
			);
			runOnlyForDeploymentPostprocessing = 0;
		};
		DDFD548F29CAE52400EAC56B /* Sources */ = {
			isa = PBXSourcesBuildPhase;
			buildActionMask = 2147483647;
			files = (
				DDFD549F29CC254300EAC56B /* SharedTestHelpers.swift in Sources */,
				DDFD549629CAE52400EAC56B /* EssentialFeedCacheIntegrationTests.swift in Sources */,
				DDFD549E29CC243400EAC56B /* FeedCacheTestHelpers.swift in Sources */,
				DDFD549D29CAE72D00EAC56B /* XCTestCase+MemoryLeakTracking.swift in Sources */,
			);
			runOnlyForDeploymentPostprocessing = 0;
		};
/* End PBXSourcesBuildPhase section */

/* Begin PBXTargetDependency section */
		DDD5B0EE29D56529003BC044 /* PBXTargetDependency */ = {
			isa = PBXTargetDependency;
			target = DDD5B0E329D56528003BC044 /* EssentialFeediOS */;
			targetProxy = DDD5B0ED29D56529003BC044 /* PBXContainerItemProxy */;
		};
		DDE979E2296D840100C65256 /* PBXTargetDependency */ = {
			isa = PBXTargetDependency;
			target = DDE979CD296D83DB00C65256 /* EssentialFeed */;
			targetProxy = DDE979E1296D840100C65256 /* PBXContainerItemProxy */;
		};
		DDF7B93F2980F68C00CD8E3A /* PBXTargetDependency */ = {
			isa = PBXTargetDependency;
			target = DDE979CD296D83DB00C65256 /* EssentialFeed */;
			targetProxy = DDF7B93E2980F68C00CD8E3A /* PBXContainerItemProxy */;
		};
		DDFD549929CAE52400EAC56B /* PBXTargetDependency */ = {
			isa = PBXTargetDependency;
			target = DDE979CD296D83DB00C65256 /* EssentialFeed */;
			targetProxy = DDFD549829CAE52400EAC56B /* PBXContainerItemProxy */;
		};
/* End PBXTargetDependency section */

/* Begin PBXVariantGroup section */
		DDAFDD7C2A7229050069C70A /* Feed.strings */ = {
			isa = PBXVariantGroup;
			children = (
				DDAFDD7B2A7229050069C70A /* en */,
				DDAFDD7D2A7229070069C70A /* pt-BR */,
			);
			name = Feed.strings;
			sourceTree = "<group>";
		};
		DDD3ABA42B4520B100B1C844 /* Shared.strings */ = {
			isa = PBXVariantGroup;
			children = (
				DDD3ABA32B4520B100B1C844 /* en */,
				DDD3ABA52B4520B200B1C844 /* pt-BR */,
			);
			name = Shared.strings;
			sourceTree = "<group>";
		};
		DDD3ABB82B4A6EFE00B1C844 /* ImageComments.strings */ = {
			isa = PBXVariantGroup;
			children = (
				DDD3ABB72B4A6EFE00B1C844 /* en */,
				DDD3ABB92B4A6F0000B1C844 /* pt-BR */,
			);
			name = ImageComments.strings;
			sourceTree = "<group>";
		};
/* End PBXVariantGroup section */

/* Begin XCBuildConfiguration section */
		DDD5B0F429D56529003BC044 /* Debug */ = {
			isa = XCBuildConfiguration;
			buildSettings = {
				CLANG_ENABLE_MODULES = YES;
				CODE_SIGN_IDENTITY = "";
				CODE_SIGN_STYLE = Automatic;
				CURRENT_PROJECT_VERSION = 1;
				DEFINES_MODULE = YES;
				DEVELOPMENT_TEAM = VLX6SFSRQ2;
				DYLIB_COMPATIBILITY_VERSION = 1;
				DYLIB_CURRENT_VERSION = 1;
				DYLIB_INSTALL_NAME_BASE = "@rpath";
				ENABLE_MODULE_VERIFIER = YES;
				GENERATE_INFOPLIST_FILE = YES;
				INFOPLIST_KEY_NSHumanReadableCopyright = "";
				INSTALL_PATH = "$(LOCAL_LIBRARY_DIR)/Frameworks";
				IPHONEOS_DEPLOYMENT_TARGET = 17.2;
				LD_RUNPATH_SEARCH_PATHS = (
					"$(inherited)",
					"@executable_path/Frameworks",
					"@loader_path/Frameworks",
				);
				MARKETING_VERSION = 1.0;
				MODULE_VERIFIER_SUPPORTED_LANGUAGES = "objective-c objective-c++";
				MODULE_VERIFIER_SUPPORTED_LANGUAGE_STANDARDS = "gnu11 gnu++20";
				PRODUCT_BUNDLE_IDENTIFIER = com.mif50.EssentialFeediOS;
				PRODUCT_NAME = "$(TARGET_NAME:c99extidentifier)";
				SDKROOT = iphoneos;
				SKIP_INSTALL = YES;
				SWIFT_EMIT_LOC_STRINGS = YES;
				SWIFT_OPTIMIZATION_LEVEL = "-Onone";
				SWIFT_VERSION = 5.0;
				TARGETED_DEVICE_FAMILY = "1,2";
			};
			name = Debug;
		};
		DDD5B0F529D56529003BC044 /* Release */ = {
			isa = XCBuildConfiguration;
			buildSettings = {
				CLANG_ENABLE_MODULES = YES;
				CODE_SIGN_IDENTITY = "";
				CODE_SIGN_STYLE = Automatic;
				CURRENT_PROJECT_VERSION = 1;
				DEFINES_MODULE = YES;
				DEVELOPMENT_TEAM = VLX6SFSRQ2;
				DYLIB_COMPATIBILITY_VERSION = 1;
				DYLIB_CURRENT_VERSION = 1;
				DYLIB_INSTALL_NAME_BASE = "@rpath";
				ENABLE_MODULE_VERIFIER = YES;
				GENERATE_INFOPLIST_FILE = YES;
				INFOPLIST_KEY_NSHumanReadableCopyright = "";
				INSTALL_PATH = "$(LOCAL_LIBRARY_DIR)/Frameworks";
				IPHONEOS_DEPLOYMENT_TARGET = 17.2;
				LD_RUNPATH_SEARCH_PATHS = (
					"$(inherited)",
					"@executable_path/Frameworks",
					"@loader_path/Frameworks",
				);
				MARKETING_VERSION = 1.0;
				MODULE_VERIFIER_SUPPORTED_LANGUAGES = "objective-c objective-c++";
				MODULE_VERIFIER_SUPPORTED_LANGUAGE_STANDARDS = "gnu11 gnu++20";
				PRODUCT_BUNDLE_IDENTIFIER = com.mif50.EssentialFeediOS;
				PRODUCT_NAME = "$(TARGET_NAME:c99extidentifier)";
				SDKROOT = iphoneos;
				SKIP_INSTALL = YES;
				SWIFT_EMIT_LOC_STRINGS = YES;
				SWIFT_VERSION = 5.0;
				TARGETED_DEVICE_FAMILY = "1,2";
				VALIDATE_PRODUCT = YES;
			};
			name = Release;
		};
		DDD5B0F729D56529003BC044 /* Debug */ = {
			isa = XCBuildConfiguration;
			buildSettings = {
				ALWAYS_EMBED_SWIFT_STANDARD_LIBRARIES = YES;
				CLANG_ENABLE_MODULES = YES;
				CODE_SIGN_STYLE = Automatic;
				CURRENT_PROJECT_VERSION = 1;
				DEVELOPMENT_TEAM = VLX6SFSRQ2;
				GENERATE_INFOPLIST_FILE = YES;
				IPHONEOS_DEPLOYMENT_TARGET = 17.2;
				LD_RUNPATH_SEARCH_PATHS = (
					"$(inherited)",
					"@executable_path/Frameworks",
					"@loader_path/Frameworks",
				);
				MARKETING_VERSION = 1.0;
				PRODUCT_BUNDLE_IDENTIFIER = com.mif50.EssentialFeediOSTests;
				PRODUCT_NAME = "$(TARGET_NAME)";
				SDKROOT = iphoneos;
				SWIFT_EMIT_LOC_STRINGS = NO;
				SWIFT_OPTIMIZATION_LEVEL = "-Onone";
				SWIFT_VERSION = 5.0;
				TARGETED_DEVICE_FAMILY = "1,2";
			};
			name = Debug;
		};
		DDD5B0F829D56529003BC044 /* Release */ = {
			isa = XCBuildConfiguration;
			buildSettings = {
				ALWAYS_EMBED_SWIFT_STANDARD_LIBRARIES = YES;
				CLANG_ENABLE_MODULES = YES;
				CODE_SIGN_STYLE = Automatic;
				CURRENT_PROJECT_VERSION = 1;
				DEVELOPMENT_TEAM = VLX6SFSRQ2;
				GENERATE_INFOPLIST_FILE = YES;
				IPHONEOS_DEPLOYMENT_TARGET = 17.2;
				LD_RUNPATH_SEARCH_PATHS = (
					"$(inherited)",
					"@executable_path/Frameworks",
					"@loader_path/Frameworks",
				);
				MARKETING_VERSION = 1.0;
				PRODUCT_BUNDLE_IDENTIFIER = com.mif50.EssentialFeediOSTests;
				PRODUCT_NAME = "$(TARGET_NAME)";
				SDKROOT = iphoneos;
				SWIFT_EMIT_LOC_STRINGS = NO;
				SWIFT_VERSION = 5.0;
				TARGETED_DEVICE_FAMILY = "1,2";
				VALIDATE_PRODUCT = YES;
			};
			name = Release;
		};
		DDE979D3296D83DB00C65256 /* Debug */ = {
			isa = XCBuildConfiguration;
			buildSettings = {
				ALWAYS_SEARCH_USER_PATHS = NO;
				ASSETCATALOG_COMPILER_GENERATE_SWIFT_ASSET_SYMBOL_EXTENSIONS = YES;
				CLANG_ANALYZER_LOCALIZABILITY_NONLOCALIZED = YES;
				CLANG_ANALYZER_NONNULL = YES;
				CLANG_ANALYZER_NUMBER_OBJECT_CONVERSION = YES_AGGRESSIVE;
				CLANG_CXX_LANGUAGE_STANDARD = "gnu++20";
				CLANG_ENABLE_MODULES = YES;
				CLANG_ENABLE_OBJC_ARC = YES;
				CLANG_ENABLE_OBJC_WEAK = YES;
				CLANG_WARN_BLOCK_CAPTURE_AUTORELEASING = YES;
				CLANG_WARN_BOOL_CONVERSION = YES;
				CLANG_WARN_COMMA = YES;
				CLANG_WARN_CONSTANT_CONVERSION = YES;
				CLANG_WARN_DEPRECATED_OBJC_IMPLEMENTATIONS = YES;
				CLANG_WARN_DIRECT_OBJC_ISA_USAGE = YES_ERROR;
				CLANG_WARN_DOCUMENTATION_COMMENTS = YES;
				CLANG_WARN_EMPTY_BODY = YES;
				CLANG_WARN_ENUM_CONVERSION = YES;
				CLANG_WARN_INFINITE_RECURSION = YES;
				CLANG_WARN_INT_CONVERSION = YES;
				CLANG_WARN_NON_LITERAL_NULL_CONVERSION = YES;
				CLANG_WARN_OBJC_IMPLICIT_RETAIN_SELF = YES;
				CLANG_WARN_OBJC_LITERAL_CONVERSION = YES;
				CLANG_WARN_OBJC_ROOT_CLASS = YES_ERROR;
				CLANG_WARN_QUOTED_INCLUDE_IN_FRAMEWORK_HEADER = YES;
				CLANG_WARN_RANGE_LOOP_ANALYSIS = YES;
				CLANG_WARN_STRICT_PROTOTYPES = YES;
				CLANG_WARN_SUSPICIOUS_MOVE = YES;
				CLANG_WARN_UNGUARDED_AVAILABILITY = YES_AGGRESSIVE;
				CLANG_WARN_UNREACHABLE_CODE = YES;
				CLANG_WARN__DUPLICATE_METHOD_MATCH = YES;
				COPY_PHASE_STRIP = NO;
				CURRENT_PROJECT_VERSION = 1;
				DEAD_CODE_STRIPPING = YES;
				DEBUG_INFORMATION_FORMAT = dwarf;
				ENABLE_STRICT_OBJC_MSGSEND = YES;
				ENABLE_TESTABILITY = YES;
				ENABLE_USER_SCRIPT_SANDBOXING = YES;
				GCC_C_LANGUAGE_STANDARD = gnu11;
				GCC_DYNAMIC_NO_PIC = NO;
				GCC_NO_COMMON_BLOCKS = YES;
				GCC_OPTIMIZATION_LEVEL = 0;
				GCC_PREPROCESSOR_DEFINITIONS = (
					"DEBUG=1",
					"$(inherited)",
				);
				GCC_WARN_64_TO_32_BIT_CONVERSION = YES;
				GCC_WARN_ABOUT_RETURN_TYPE = YES_ERROR;
				GCC_WARN_UNDECLARED_SELECTOR = YES;
				GCC_WARN_UNINITIALIZED_AUTOS = YES_AGGRESSIVE;
				GCC_WARN_UNUSED_FUNCTION = YES;
				GCC_WARN_UNUSED_VARIABLE = YES;
				MACOSX_DEPLOYMENT_TARGET = 14.0;
				MTL_ENABLE_DEBUG_INFO = INCLUDE_SOURCE;
				MTL_FAST_MATH = YES;
				ONLY_ACTIVE_ARCH = YES;
				SDKROOT = macosx;
				SWIFT_ACTIVE_COMPILATION_CONDITIONS = DEBUG;
				SWIFT_OPTIMIZATION_LEVEL = "-Onone";
				VERSIONING_SYSTEM = "apple-generic";
				VERSION_INFO_PREFIX = "";
			};
			name = Debug;
		};
		DDE979D4296D83DB00C65256 /* Release */ = {
			isa = XCBuildConfiguration;
			buildSettings = {
				ALWAYS_SEARCH_USER_PATHS = NO;
				ASSETCATALOG_COMPILER_GENERATE_SWIFT_ASSET_SYMBOL_EXTENSIONS = YES;
				CLANG_ANALYZER_LOCALIZABILITY_NONLOCALIZED = YES;
				CLANG_ANALYZER_NONNULL = YES;
				CLANG_ANALYZER_NUMBER_OBJECT_CONVERSION = YES_AGGRESSIVE;
				CLANG_CXX_LANGUAGE_STANDARD = "gnu++20";
				CLANG_ENABLE_MODULES = YES;
				CLANG_ENABLE_OBJC_ARC = YES;
				CLANG_ENABLE_OBJC_WEAK = YES;
				CLANG_WARN_BLOCK_CAPTURE_AUTORELEASING = YES;
				CLANG_WARN_BOOL_CONVERSION = YES;
				CLANG_WARN_COMMA = YES;
				CLANG_WARN_CONSTANT_CONVERSION = YES;
				CLANG_WARN_DEPRECATED_OBJC_IMPLEMENTATIONS = YES;
				CLANG_WARN_DIRECT_OBJC_ISA_USAGE = YES_ERROR;
				CLANG_WARN_DOCUMENTATION_COMMENTS = YES;
				CLANG_WARN_EMPTY_BODY = YES;
				CLANG_WARN_ENUM_CONVERSION = YES;
				CLANG_WARN_INFINITE_RECURSION = YES;
				CLANG_WARN_INT_CONVERSION = YES;
				CLANG_WARN_NON_LITERAL_NULL_CONVERSION = YES;
				CLANG_WARN_OBJC_IMPLICIT_RETAIN_SELF = YES;
				CLANG_WARN_OBJC_LITERAL_CONVERSION = YES;
				CLANG_WARN_OBJC_ROOT_CLASS = YES_ERROR;
				CLANG_WARN_QUOTED_INCLUDE_IN_FRAMEWORK_HEADER = YES;
				CLANG_WARN_RANGE_LOOP_ANALYSIS = YES;
				CLANG_WARN_STRICT_PROTOTYPES = YES;
				CLANG_WARN_SUSPICIOUS_MOVE = YES;
				CLANG_WARN_UNGUARDED_AVAILABILITY = YES_AGGRESSIVE;
				CLANG_WARN_UNREACHABLE_CODE = YES;
				CLANG_WARN__DUPLICATE_METHOD_MATCH = YES;
				COPY_PHASE_STRIP = NO;
				CURRENT_PROJECT_VERSION = 1;
				DEAD_CODE_STRIPPING = YES;
				DEBUG_INFORMATION_FORMAT = "dwarf-with-dsym";
				ENABLE_NS_ASSERTIONS = NO;
				ENABLE_STRICT_OBJC_MSGSEND = YES;
				ENABLE_USER_SCRIPT_SANDBOXING = YES;
				GCC_C_LANGUAGE_STANDARD = gnu11;
				GCC_NO_COMMON_BLOCKS = YES;
				GCC_WARN_64_TO_32_BIT_CONVERSION = YES;
				GCC_WARN_ABOUT_RETURN_TYPE = YES_ERROR;
				GCC_WARN_UNDECLARED_SELECTOR = YES;
				GCC_WARN_UNINITIALIZED_AUTOS = YES_AGGRESSIVE;
				GCC_WARN_UNUSED_FUNCTION = YES;
				GCC_WARN_UNUSED_VARIABLE = YES;
				MACOSX_DEPLOYMENT_TARGET = 14.0;
				MTL_ENABLE_DEBUG_INFO = NO;
				MTL_FAST_MATH = YES;
				SDKROOT = macosx;
				SWIFT_COMPILATION_MODE = wholemodule;
				SWIFT_OPTIMIZATION_LEVEL = "-O";
				VERSIONING_SYSTEM = "apple-generic";
				VERSION_INFO_PREFIX = "";
			};
			name = Release;
		};
		DDE979D6296D83DB00C65256 /* Debug */ = {
			isa = XCBuildConfiguration;
			buildSettings = {
				CLANG_ENABLE_MODULES = YES;
				CODE_SIGN_IDENTITY = "";
				CODE_SIGN_STYLE = Automatic;
				COMBINE_HIDPI_IMAGES = YES;
				CURRENT_PROJECT_VERSION = 1;
				DEAD_CODE_STRIPPING = YES;
				DEFINES_MODULE = YES;
				DEVELOPMENT_TEAM = VLX6SFSRQ2;
				DYLIB_COMPATIBILITY_VERSION = 1;
				DYLIB_CURRENT_VERSION = 1;
				DYLIB_INSTALL_NAME_BASE = "@rpath";
				ENABLE_MODULE_VERIFIER = YES;
				GENERATE_INFOPLIST_FILE = YES;
				INFOPLIST_KEY_NSHumanReadableCopyright = "";
				INSTALL_PATH = "$(LOCAL_LIBRARY_DIR)/Frameworks";
				LD_RUNPATH_SEARCH_PATHS = (
					"$(inherited)",
					"@executable_path/../Frameworks",
					"@loader_path/Frameworks",
				);
				MARKETING_VERSION = 1.0;
				MODULE_VERIFIER_SUPPORTED_LANGUAGES = "objective-c objective-c++";
				MODULE_VERIFIER_SUPPORTED_LANGUAGE_STANDARDS = "gnu11 gnu++20";
				PRODUCT_BUNDLE_IDENTIFIER = com.mif50.EssentialFeed;
				PRODUCT_NAME = "$(TARGET_NAME:c99extidentifier)";
				SKIP_INSTALL = YES;
				SUPPORTED_PLATFORMS = "macosx iphoneos iphonesimulator";
				SWIFT_EMIT_LOC_STRINGS = YES;
				SWIFT_OPTIMIZATION_LEVEL = "-Onone";
				SWIFT_VERSION = 5.0;
			};
			name = Debug;
		};
		DDE979D7296D83DB00C65256 /* Release */ = {
			isa = XCBuildConfiguration;
			buildSettings = {
				CLANG_ENABLE_MODULES = YES;
				CODE_SIGN_IDENTITY = "";
				CODE_SIGN_STYLE = Automatic;
				COMBINE_HIDPI_IMAGES = YES;
				CURRENT_PROJECT_VERSION = 1;
				DEAD_CODE_STRIPPING = YES;
				DEFINES_MODULE = YES;
				DEVELOPMENT_TEAM = VLX6SFSRQ2;
				DYLIB_COMPATIBILITY_VERSION = 1;
				DYLIB_CURRENT_VERSION = 1;
				DYLIB_INSTALL_NAME_BASE = "@rpath";
				ENABLE_MODULE_VERIFIER = YES;
				GENERATE_INFOPLIST_FILE = YES;
				INFOPLIST_KEY_NSHumanReadableCopyright = "";
				INSTALL_PATH = "$(LOCAL_LIBRARY_DIR)/Frameworks";
				LD_RUNPATH_SEARCH_PATHS = (
					"$(inherited)",
					"@executable_path/../Frameworks",
					"@loader_path/Frameworks",
				);
				MARKETING_VERSION = 1.0;
				MODULE_VERIFIER_SUPPORTED_LANGUAGES = "objective-c objective-c++";
				MODULE_VERIFIER_SUPPORTED_LANGUAGE_STANDARDS = "gnu11 gnu++20";
				PRODUCT_BUNDLE_IDENTIFIER = com.mif50.EssentialFeed;
				PRODUCT_NAME = "$(TARGET_NAME:c99extidentifier)";
				SKIP_INSTALL = YES;
				SUPPORTED_PLATFORMS = "macosx iphoneos iphonesimulator";
				SWIFT_EMIT_LOC_STRINGS = YES;
				SWIFT_VERSION = 5.0;
			};
			name = Release;
		};
		DDE979E4296D840100C65256 /* Debug */ = {
			isa = XCBuildConfiguration;
			buildSettings = {
				ALWAYS_EMBED_SWIFT_STANDARD_LIBRARIES = YES;
				CLANG_ENABLE_MODULES = YES;
				CODE_SIGN_STYLE = Automatic;
				CURRENT_PROJECT_VERSION = 1;
				DEAD_CODE_STRIPPING = YES;
				DEVELOPMENT_TEAM = VLX6SFSRQ2;
				GENERATE_INFOPLIST_FILE = YES;
				LD_RUNPATH_SEARCH_PATHS = (
					"$(inherited)",
					"@executable_path/../Frameworks",
					"@loader_path/../Frameworks",
				);
				MARKETING_VERSION = 1.0;
				PRODUCT_BUNDLE_IDENTIFIER = com.mif50.EssentialFeedTests;
				PRODUCT_NAME = "$(TARGET_NAME)";
				SUPPORTED_PLATFORMS = "macosx iphoneos iphonesimulator";
				SWIFT_EMIT_LOC_STRINGS = NO;
				SWIFT_OPTIMIZATION_LEVEL = "-Onone";
				SWIFT_VERSION = 5.0;
			};
			name = Debug;
		};
		DDE979E5296D840100C65256 /* Release */ = {
			isa = XCBuildConfiguration;
			buildSettings = {
				ALWAYS_EMBED_SWIFT_STANDARD_LIBRARIES = YES;
				CLANG_ENABLE_MODULES = YES;
				CODE_SIGN_STYLE = Automatic;
				CURRENT_PROJECT_VERSION = 1;
				DEAD_CODE_STRIPPING = YES;
				DEVELOPMENT_TEAM = VLX6SFSRQ2;
				GENERATE_INFOPLIST_FILE = YES;
				LD_RUNPATH_SEARCH_PATHS = (
					"$(inherited)",
					"@executable_path/../Frameworks",
					"@loader_path/../Frameworks",
				);
				MARKETING_VERSION = 1.0;
				PRODUCT_BUNDLE_IDENTIFIER = com.mif50.EssentialFeedTests;
				PRODUCT_NAME = "$(TARGET_NAME)";
				SUPPORTED_PLATFORMS = "macosx iphoneos iphonesimulator";
				SWIFT_EMIT_LOC_STRINGS = NO;
				SWIFT_VERSION = 5.0;
			};
			name = Release;
		};
		DDF7B9412980F68C00CD8E3A /* Debug */ = {
			isa = XCBuildConfiguration;
			buildSettings = {
				CODE_SIGN_STYLE = Automatic;
				CURRENT_PROJECT_VERSION = 1;
				DEAD_CODE_STRIPPING = YES;
				DEVELOPMENT_TEAM = VLX6SFSRQ2;
				GENERATE_INFOPLIST_FILE = YES;
				MARKETING_VERSION = 1.0;
				PRODUCT_BUNDLE_IDENTIFIER = com.mif50.EssentialFeedAPIEndToEndTests;
				PRODUCT_NAME = "$(TARGET_NAME)";
				SUPPORTED_PLATFORMS = "macosx iphoneos iphonesimulator";
				SWIFT_EMIT_LOC_STRINGS = NO;
				SWIFT_VERSION = 5.0;
			};
			name = Debug;
		};
		DDF7B9422980F68C00CD8E3A /* Release */ = {
			isa = XCBuildConfiguration;
			buildSettings = {
				CODE_SIGN_STYLE = Automatic;
				CURRENT_PROJECT_VERSION = 1;
				DEAD_CODE_STRIPPING = YES;
				DEVELOPMENT_TEAM = VLX6SFSRQ2;
				GENERATE_INFOPLIST_FILE = YES;
				MARKETING_VERSION = 1.0;
				PRODUCT_BUNDLE_IDENTIFIER = com.mif50.EssentialFeedAPIEndToEndTests;
				PRODUCT_NAME = "$(TARGET_NAME)";
				SUPPORTED_PLATFORMS = "macosx iphoneos iphonesimulator";
				SWIFT_EMIT_LOC_STRINGS = NO;
				SWIFT_VERSION = 5.0;
			};
			name = Release;
		};
		DDFD549A29CAE52400EAC56B /* Debug */ = {
			isa = XCBuildConfiguration;
			buildSettings = {
				CODE_SIGN_STYLE = Automatic;
				CURRENT_PROJECT_VERSION = 1;
				DEVELOPMENT_TEAM = VLX6SFSRQ2;
				GENERATE_INFOPLIST_FILE = YES;
				MARKETING_VERSION = 1.0;
				PRODUCT_BUNDLE_IDENTIFIER = com.mif50.EssentialFeedCacheIntegrationTests;
				PRODUCT_NAME = "$(TARGET_NAME)";
				SUPPORTED_PLATFORMS = "macosx iphoneos iphonesimulator";
				SWIFT_EMIT_LOC_STRINGS = NO;
				SWIFT_VERSION = 5.0;
			};
			name = Debug;
		};
		DDFD549B29CAE52400EAC56B /* Release */ = {
			isa = XCBuildConfiguration;
			buildSettings = {
				CODE_SIGN_STYLE = Automatic;
				CURRENT_PROJECT_VERSION = 1;
				DEVELOPMENT_TEAM = VLX6SFSRQ2;
				GENERATE_INFOPLIST_FILE = YES;
				MARKETING_VERSION = 1.0;
				PRODUCT_BUNDLE_IDENTIFIER = com.mif50.EssentialFeedCacheIntegrationTests;
				PRODUCT_NAME = "$(TARGET_NAME)";
				SUPPORTED_PLATFORMS = "macosx iphoneos iphonesimulator";
				SWIFT_EMIT_LOC_STRINGS = NO;
				SWIFT_VERSION = 5.0;
			};
			name = Release;
		};
/* End XCBuildConfiguration section */

/* Begin XCConfigurationList section */
		DDD5B0F329D56529003BC044 /* Build configuration list for PBXNativeTarget "EssentialFeediOS" */ = {
			isa = XCConfigurationList;
			buildConfigurations = (
				DDD5B0F429D56529003BC044 /* Debug */,
				DDD5B0F529D56529003BC044 /* Release */,
			);
			defaultConfigurationIsVisible = 0;
			defaultConfigurationName = Release;
		};
		DDD5B0F629D56529003BC044 /* Build configuration list for PBXNativeTarget "EssentialFeediOSTests" */ = {
			isa = XCConfigurationList;
			buildConfigurations = (
				DDD5B0F729D56529003BC044 /* Debug */,
				DDD5B0F829D56529003BC044 /* Release */,
			);
			defaultConfigurationIsVisible = 0;
			defaultConfigurationName = Release;
		};
		DDE979C8296D83DB00C65256 /* Build configuration list for PBXProject "EssentialFeed" */ = {
			isa = XCConfigurationList;
			buildConfigurations = (
				DDE979D3296D83DB00C65256 /* Debug */,
				DDE979D4296D83DB00C65256 /* Release */,
			);
			defaultConfigurationIsVisible = 0;
			defaultConfigurationName = Release;
		};
		DDE979D5296D83DB00C65256 /* Build configuration list for PBXNativeTarget "EssentialFeed" */ = {
			isa = XCConfigurationList;
			buildConfigurations = (
				DDE979D6296D83DB00C65256 /* Debug */,
				DDE979D7296D83DB00C65256 /* Release */,
			);
			defaultConfigurationIsVisible = 0;
			defaultConfigurationName = Release;
		};
		DDE979E3296D840100C65256 /* Build configuration list for PBXNativeTarget "EssentialFeedTests" */ = {
			isa = XCConfigurationList;
			buildConfigurations = (
				DDE979E4296D840100C65256 /* Debug */,
				DDE979E5296D840100C65256 /* Release */,
			);
			defaultConfigurationIsVisible = 0;
			defaultConfigurationName = Release;
		};
		DDF7B9402980F68C00CD8E3A /* Build configuration list for PBXNativeTarget "EssentialFeedAPIEndToEndTests" */ = {
			isa = XCConfigurationList;
			buildConfigurations = (
				DDF7B9412980F68C00CD8E3A /* Debug */,
				DDF7B9422980F68C00CD8E3A /* Release */,
			);
			defaultConfigurationIsVisible = 0;
			defaultConfigurationName = Release;
		};
		DDFD549C29CAE52400EAC56B /* Build configuration list for PBXNativeTarget "EssentialFeedCacheIntegrationTests" */ = {
			isa = XCConfigurationList;
			buildConfigurations = (
				DDFD549A29CAE52400EAC56B /* Debug */,
				DDFD549B29CAE52400EAC56B /* Release */,
			);
			defaultConfigurationIsVisible = 0;
			defaultConfigurationName = Release;
		};
/* End XCConfigurationList section */

/* Begin XCVersionGroup section */
		DD4F869E29C04CB9000BACDC /* FeedStore.xcdatamodeld */ = {
			isa = XCVersionGroup;
			children = (
				DDBD343F2A932A1700CB2060 /* FeedStore 2.xcdatamodel */,
				DD4F869F29C04CB9000BACDC /* FeedStore.xcdatamodel */,
			);
			currentVersion = DDBD343F2A932A1700CB2060 /* FeedStore 2.xcdatamodel */;
			path = FeedStore.xcdatamodeld;
			sourceTree = "<group>";
			versionGroupType = wrapper.xcdatamodel;
		};
/* End XCVersionGroup section */
	};
	rootObject = DDE979C5296D83DB00C65256 /* Project object */;
}
