// !$*UTF8*$!
{
	archiveVersion = 1;
	classes = {
	};
	objectVersion = 56;
	objects = {

/* Begin PBXBuildFile section */
		DD017DF329BDAE4E008474F0 /* FeedStoreSpecs.swift in Sources */ = {isa = PBXBuildFile; fileRef = DD017DF229BDAE4E008474F0 /* FeedStoreSpecs.swift */; };
		DD017DF529BDB159008474F0 /* XCTestCase+FeedStoreSpecs.swift in Sources */ = {isa = PBXBuildFile; fileRef = DD017DF429BDB159008474F0 /* XCTestCase+FeedStoreSpecs.swift */; };
		DD017DF729BEF458008474F0 /* XCTestCase+FailableRetrieveFeedStoreSpecs.swift in Sources */ = {isa = PBXBuildFile; fileRef = DD017DF629BEF458008474F0 /* XCTestCase+FailableRetrieveFeedStoreSpecs.swift */; };
		DD017DF929BEF5EF008474F0 /* XCTestCase+FailableInsertFeedStoreSpecs.swift in Sources */ = {isa = PBXBuildFile; fileRef = DD017DF829BEF5EF008474F0 /* XCTestCase+FailableInsertFeedStoreSpecs.swift */; };
		DD017DFB29BEF956008474F0 /* XCTestCase+FailableDeleteFeedStoreSpecs.swift in Sources */ = {isa = PBXBuildFile; fileRef = DD017DFA29BEF956008474F0 /* XCTestCase+FailableDeleteFeedStoreSpecs.swift */; };
		DD3EB09729ADCF4A009B3483 /* FeedCachePolicy.swift in Sources */ = {isa = PBXBuildFile; fileRef = DD3EB09629ADCF4A009B3483 /* FeedCachePolicy.swift */; };
		DD4F869B29C049AE000BACDC /* CoreDataFeedStoreTests.swift in Sources */ = {isa = PBXBuildFile; fileRef = DD4F869A29C049AE000BACDC /* CoreDataFeedStoreTests.swift */; };
		DD4F869D29C04B75000BACDC /* CoreDataFeedStore.swift in Sources */ = {isa = PBXBuildFile; fileRef = DD4F869C29C04B75000BACDC /* CoreDataFeedStore.swift */; };
		DD4F86A029C04CB9000BACDC /* FeedStore.xcdatamodeld in Sources */ = {isa = PBXBuildFile; fileRef = DD4F869E29C04CB9000BACDC /* FeedStore.xcdatamodeld */; };
		DD52BA902988F2480053CB47 /* CacheFeedUseCaseTests.swift in Sources */ = {isa = PBXBuildFile; fileRef = DD52BA8F2988F2480053CB47 /* CacheFeedUseCaseTests.swift */; };
		DD52BAC2298A542E0053CB47 /* LocalFeedLoader.swift in Sources */ = {isa = PBXBuildFile; fileRef = DD52BAC1298A542E0053CB47 /* LocalFeedLoader.swift */; };
		DD52BAC4298A54950053CB47 /* FeedStore.swift in Sources */ = {isa = PBXBuildFile; fileRef = DD52BAC3298A54950053CB47 /* FeedStore.swift */; };
		DD52BAD8298A86B60053CB47 /* RemoteFeedItem.swift in Sources */ = {isa = PBXBuildFile; fileRef = DD52BAD7298A86B60053CB47 /* RemoteFeedItem.swift */; };
		DD52BADA298A86FB0053CB47 /* LocalFeedImage.swift in Sources */ = {isa = PBXBuildFile; fileRef = DD52BAD9298A86FB0053CB47 /* LocalFeedImage.swift */; };
		DD52BAE0298B8F6E0053CB47 /* LoadFeedFromCacheUseCaseTests.swift in Sources */ = {isa = PBXBuildFile; fileRef = DD52BADF298B8F6E0053CB47 /* LoadFeedFromCacheUseCaseTests.swift */; };
		DD52BAE3298B90B40053CB47 /* FeedStoreSpy.swift in Sources */ = {isa = PBXBuildFile; fileRef = DD52BAE2298B90B40053CB47 /* FeedStoreSpy.swift */; };
		DDA346D5297692990008F5E6 /* HTTPClient.swift in Sources */ = {isa = PBXBuildFile; fileRef = DDA346D4297692980008F5E6 /* HTTPClient.swift */; };
		DDA346D72976930F0008F5E6 /* FeedItemsMapper.swift in Sources */ = {isa = PBXBuildFile; fileRef = DDA346D62976930F0008F5E6 /* FeedItemsMapper.swift */; };
		DDA347072977E9870008F5E6 /* URLSessionHTTPClientTests.swift in Sources */ = {isa = PBXBuildFile; fileRef = DDA347062977E9870008F5E6 /* URLSessionHTTPClientTests.swift */; };
		DDB31B58296ED6B400D24A0F /* LoadFeedFromRemoteUseCaseTests.swift in Sources */ = {isa = PBXBuildFile; fileRef = DDB31B57296ED6B400D24A0F /* LoadFeedFromRemoteUseCaseTests.swift */; };
		DDB31B5B29700FE200D24A0F /* RemoteFeedLoader.swift in Sources */ = {isa = PBXBuildFile; fileRef = DDB31B5A29700FE200D24A0F /* RemoteFeedLoader.swift */; };
		DDE7475C2991193700E540B7 /* ValidateFeedCacheUseCaseTests.swift in Sources */ = {isa = PBXBuildFile; fileRef = DDE7475B2991193700E540B7 /* ValidateFeedCacheUseCaseTests.swift */; };
		DDE7475E29911D9100E540B7 /* FeedCacheTestHelpers.swift in Sources */ = {isa = PBXBuildFile; fileRef = DDE7475D29911D9100E540B7 /* FeedCacheTestHelpers.swift */; };
		DDE7476029911E0D00E540B7 /* SharedTestHelpers.swift in Sources */ = {isa = PBXBuildFile; fileRef = DDE7475F29911E0D00E540B7 /* SharedTestHelpers.swift */; };
		DDE979E0296D840100C65256 /* EssentialFeed.framework in Frameworks */ = {isa = PBXBuildFile; fileRef = DDE979CE296D83DB00C65256 /* EssentialFeed.framework */; };
		DDE979E7296D84B100C65256 /* FeedItem.swift in Sources */ = {isa = PBXBuildFile; fileRef = DDE979E6296D84B100C65256 /* FeedItem.swift */; };
		DDE979E9296D85A900C65256 /* FeedLoader.swift in Sources */ = {isa = PBXBuildFile; fileRef = DDE979E8296D85A900C65256 /* FeedLoader.swift */; };
		DDF7B932297FCBD200CD8E3A /* XCTestCase+MemoryLeakTracking.swift in Sources */ = {isa = PBXBuildFile; fileRef = DDF7B931297FCBD200CD8E3A /* XCTestCase+MemoryLeakTracking.swift */; };
		DDF7B934297FF44D00CD8E3A /* URLSessionHTTPClient.swift in Sources */ = {isa = PBXBuildFile; fileRef = DDF7B933297FF44D00CD8E3A /* URLSessionHTTPClient.swift */; };
		DDF7B93C2980F68C00CD8E3A /* EssentialFeedAPIEndToEndTests.swift in Sources */ = {isa = PBXBuildFile; fileRef = DDF7B93B2980F68C00CD8E3A /* EssentialFeedAPIEndToEndTests.swift */; };
		DDF7B93D2980F68C00CD8E3A /* EssentialFeed.framework in Frameworks */ = {isa = PBXBuildFile; fileRef = DDE979CE296D83DB00C65256 /* EssentialFeed.framework */; };
		DDF7B9432980FDB700CD8E3A /* XCTestCase+MemoryLeakTracking.swift in Sources */ = {isa = PBXBuildFile; fileRef = DDF7B931297FCBD200CD8E3A /* XCTestCase+MemoryLeakTracking.swift */; };
		DDFD547A29C97FAE00EAC56B /* CoreDataHelper.swift in Sources */ = {isa = PBXBuildFile; fileRef = DDFD547929C97FAE00EAC56B /* CoreDataHelper.swift */; };
		DDFD547C29C9802600EAC56B /* ManagedCache.swift in Sources */ = {isa = PBXBuildFile; fileRef = DDFD547B29C9802600EAC56B /* ManagedCache.swift */; };
		DDFD547E29C9805600EAC56B /* ManagedFeedImage.swift in Sources */ = {isa = PBXBuildFile; fileRef = DDFD547D29C9805600EAC56B /* ManagedFeedImage.swift */; };
		DDFD549629CAE52400EAC56B /* EssentialFeedCacheIntegrationTests.swift in Sources */ = {isa = PBXBuildFile; fileRef = DDFD549529CAE52400EAC56B /* EssentialFeedCacheIntegrationTests.swift */; };
		DDFD549729CAE52400EAC56B /* EssentialFeed.framework in Frameworks */ = {isa = PBXBuildFile; fileRef = DDE979CE296D83DB00C65256 /* EssentialFeed.framework */; };
		DDFD549D29CAE72D00EAC56B /* XCTestCase+MemoryLeakTracking.swift in Sources */ = {isa = PBXBuildFile; fileRef = DDF7B931297FCBD200CD8E3A /* XCTestCase+MemoryLeakTracking.swift */; };
		DDFD549E29CC243400EAC56B /* FeedCacheTestHelpers.swift in Sources */ = {isa = PBXBuildFile; fileRef = DDE7475D29911D9100E540B7 /* FeedCacheTestHelpers.swift */; };
		DDFD549F29CC254300EAC56B /* SharedTestHelpers.swift in Sources */ = {isa = PBXBuildFile; fileRef = DDE7475F29911E0D00E540B7 /* SharedTestHelpers.swift */; };
/* End PBXBuildFile section */

/* Begin PBXContainerItemProxy section */
		DDE979E1296D840100C65256 /* PBXContainerItemProxy */ = {
			isa = PBXContainerItemProxy;
			containerPortal = DDE979C5296D83DB00C65256 /* Project object */;
			proxyType = 1;
			remoteGlobalIDString = DDE979CD296D83DB00C65256;
			remoteInfo = EssentialFeed;
		};
		DDF7B93E2980F68C00CD8E3A /* PBXContainerItemProxy */ = {
			isa = PBXContainerItemProxy;
			containerPortal = DDE979C5296D83DB00C65256 /* Project object */;
			proxyType = 1;
			remoteGlobalIDString = DDE979CD296D83DB00C65256;
			remoteInfo = EssentialFeed;
		};
		DDFD549829CAE52400EAC56B /* PBXContainerItemProxy */ = {
			isa = PBXContainerItemProxy;
			containerPortal = DDE979C5296D83DB00C65256 /* Project object */;
			proxyType = 1;
			remoteGlobalIDString = DDE979CD296D83DB00C65256;
			remoteInfo = EssentialFeed;
		};
/* End PBXContainerItemProxy section */

/* Begin PBXFileReference section */
		DD017DF229BDAE4E008474F0 /* FeedStoreSpecs.swift */ = {isa = PBXFileReference; lastKnownFileType = sourcecode.swift; path = FeedStoreSpecs.swift; sourceTree = "<group>"; };
		DD017DF429BDB159008474F0 /* XCTestCase+FeedStoreSpecs.swift */ = {isa = PBXFileReference; lastKnownFileType = sourcecode.swift; path = "XCTestCase+FeedStoreSpecs.swift"; sourceTree = "<group>"; };
		DD017DF629BEF458008474F0 /* XCTestCase+FailableRetrieveFeedStoreSpecs.swift */ = {isa = PBXFileReference; lastKnownFileType = sourcecode.swift; path = "XCTestCase+FailableRetrieveFeedStoreSpecs.swift"; sourceTree = "<group>"; };
		DD017DF829BEF5EF008474F0 /* XCTestCase+FailableInsertFeedStoreSpecs.swift */ = {isa = PBXFileReference; lastKnownFileType = sourcecode.swift; path = "XCTestCase+FailableInsertFeedStoreSpecs.swift"; sourceTree = "<group>"; };
		DD017DFA29BEF956008474F0 /* XCTestCase+FailableDeleteFeedStoreSpecs.swift */ = {isa = PBXFileReference; lastKnownFileType = sourcecode.swift; path = "XCTestCase+FailableDeleteFeedStoreSpecs.swift"; sourceTree = "<group>"; };
		DD3EB09629ADCF4A009B3483 /* FeedCachePolicy.swift */ = {isa = PBXFileReference; lastKnownFileType = sourcecode.swift; path = FeedCachePolicy.swift; sourceTree = "<group>"; };
		DD4F869A29C049AE000BACDC /* CoreDataFeedStoreTests.swift */ = {isa = PBXFileReference; lastKnownFileType = sourcecode.swift; path = CoreDataFeedStoreTests.swift; sourceTree = "<group>"; };
		DD4F869C29C04B75000BACDC /* CoreDataFeedStore.swift */ = {isa = PBXFileReference; lastKnownFileType = sourcecode.swift; path = CoreDataFeedStore.swift; sourceTree = "<group>"; };
		DD4F869F29C04CB9000BACDC /* FeedStore.xcdatamodel */ = {isa = PBXFileReference; lastKnownFileType = wrapper.xcdatamodel; path = FeedStore.xcdatamodel; sourceTree = "<group>"; };
		DD52BA8F2988F2480053CB47 /* CacheFeedUseCaseTests.swift */ = {isa = PBXFileReference; lastKnownFileType = sourcecode.swift; path = CacheFeedUseCaseTests.swift; sourceTree = "<group>"; };
		DD52BAC1298A542E0053CB47 /* LocalFeedLoader.swift */ = {isa = PBXFileReference; lastKnownFileType = sourcecode.swift; path = LocalFeedLoader.swift; sourceTree = "<group>"; };
		DD52BAC3298A54950053CB47 /* FeedStore.swift */ = {isa = PBXFileReference; lastKnownFileType = sourcecode.swift; path = FeedStore.swift; sourceTree = "<group>"; };
		DD52BAD7298A86B60053CB47 /* RemoteFeedItem.swift */ = {isa = PBXFileReference; lastKnownFileType = sourcecode.swift; path = RemoteFeedItem.swift; sourceTree = "<group>"; };
		DD52BAD9298A86FB0053CB47 /* LocalFeedImage.swift */ = {isa = PBXFileReference; lastKnownFileType = sourcecode.swift; path = LocalFeedImage.swift; sourceTree = "<group>"; };
		DD52BADF298B8F6E0053CB47 /* LoadFeedFromCacheUseCaseTests.swift */ = {isa = PBXFileReference; lastKnownFileType = sourcecode.swift; path = LoadFeedFromCacheUseCaseTests.swift; sourceTree = "<group>"; };
		DD52BAE2298B90B40053CB47 /* FeedStoreSpy.swift */ = {isa = PBXFileReference; lastKnownFileType = sourcecode.swift; path = FeedStoreSpy.swift; sourceTree = "<group>"; };
		DDA346D4297692980008F5E6 /* HTTPClient.swift */ = {isa = PBXFileReference; lastKnownFileType = sourcecode.swift; path = HTTPClient.swift; sourceTree = "<group>"; };
		DDA346D62976930F0008F5E6 /* FeedItemsMapper.swift */ = {isa = PBXFileReference; lastKnownFileType = sourcecode.swift; path = FeedItemsMapper.swift; sourceTree = "<group>"; };
		DDA347062977E9870008F5E6 /* URLSessionHTTPClientTests.swift */ = {isa = PBXFileReference; lastKnownFileType = sourcecode.swift; path = URLSessionHTTPClientTests.swift; sourceTree = "<group>"; };
		DDB31B57296ED6B400D24A0F /* LoadFeedFromRemoteUseCaseTests.swift */ = {isa = PBXFileReference; lastKnownFileType = sourcecode.swift; path = LoadFeedFromRemoteUseCaseTests.swift; sourceTree = "<group>"; };
		DDB31B5A29700FE200D24A0F /* RemoteFeedLoader.swift */ = {isa = PBXFileReference; lastKnownFileType = sourcecode.swift; path = RemoteFeedLoader.swift; sourceTree = "<group>"; };
		DDE7475B2991193700E540B7 /* ValidateFeedCacheUseCaseTests.swift */ = {isa = PBXFileReference; lastKnownFileType = sourcecode.swift; path = ValidateFeedCacheUseCaseTests.swift; sourceTree = "<group>"; };
		DDE7475D29911D9100E540B7 /* FeedCacheTestHelpers.swift */ = {isa = PBXFileReference; lastKnownFileType = sourcecode.swift; path = FeedCacheTestHelpers.swift; sourceTree = "<group>"; };
		DDE7475F29911E0D00E540B7 /* SharedTestHelpers.swift */ = {isa = PBXFileReference; lastKnownFileType = sourcecode.swift; path = SharedTestHelpers.swift; sourceTree = "<group>"; };
		DDE979CE296D83DB00C65256 /* EssentialFeed.framework */ = {isa = PBXFileReference; explicitFileType = wrapper.framework; includeInIndex = 0; path = EssentialFeed.framework; sourceTree = BUILT_PRODUCTS_DIR; };
		DDE979DC296D840100C65256 /* EssentialFeedTests.xctest */ = {isa = PBXFileReference; explicitFileType = wrapper.cfbundle; includeInIndex = 0; path = EssentialFeedTests.xctest; sourceTree = BUILT_PRODUCTS_DIR; };
		DDE979E6296D84B100C65256 /* FeedItem.swift */ = {isa = PBXFileReference; lastKnownFileType = sourcecode.swift; path = FeedItem.swift; sourceTree = "<group>"; };
		DDE979E8296D85A900C65256 /* FeedLoader.swift */ = {isa = PBXFileReference; lastKnownFileType = sourcecode.swift; path = FeedLoader.swift; sourceTree = "<group>"; };
		DDF7B931297FCBD200CD8E3A /* XCTestCase+MemoryLeakTracking.swift */ = {isa = PBXFileReference; lastKnownFileType = sourcecode.swift; path = "XCTestCase+MemoryLeakTracking.swift"; sourceTree = "<group>"; };
		DDF7B933297FF44D00CD8E3A /* URLSessionHTTPClient.swift */ = {isa = PBXFileReference; lastKnownFileType = sourcecode.swift; path = URLSessionHTTPClient.swift; sourceTree = "<group>"; };
		DDF7B9392980F68C00CD8E3A /* EssentialFeedAPIEndToEndTests.xctest */ = {isa = PBXFileReference; explicitFileType = wrapper.cfbundle; includeInIndex = 0; path = EssentialFeedAPIEndToEndTests.xctest; sourceTree = BUILT_PRODUCTS_DIR; };
		DDF7B93B2980F68C00CD8E3A /* EssentialFeedAPIEndToEndTests.swift */ = {isa = PBXFileReference; lastKnownFileType = sourcecode.swift; path = EssentialFeedAPIEndToEndTests.swift; sourceTree = "<group>"; };
		DDFD547929C97FAE00EAC56B /* CoreDataHelper.swift */ = {isa = PBXFileReference; lastKnownFileType = sourcecode.swift; path = CoreDataHelper.swift; sourceTree = "<group>"; };
		DDFD547B29C9802600EAC56B /* ManagedCache.swift */ = {isa = PBXFileReference; lastKnownFileType = sourcecode.swift; path = ManagedCache.swift; sourceTree = "<group>"; };
		DDFD547D29C9805600EAC56B /* ManagedFeedImage.swift */ = {isa = PBXFileReference; lastKnownFileType = sourcecode.swift; path = ManagedFeedImage.swift; sourceTree = "<group>"; };
		DDFD549329CAE52400EAC56B /* EssentialFeedCacheIntegrationTests.xctest */ = {isa = PBXFileReference; explicitFileType = wrapper.cfbundle; includeInIndex = 0; path = EssentialFeedCacheIntegrationTests.xctest; sourceTree = BUILT_PRODUCTS_DIR; };
		DDFD549529CAE52400EAC56B /* EssentialFeedCacheIntegrationTests.swift */ = {isa = PBXFileReference; lastKnownFileType = sourcecode.swift; path = EssentialFeedCacheIntegrationTests.swift; sourceTree = "<group>"; };
/* End PBXFileReference section */

/* Begin PBXFrameworksBuildPhase section */
		DDE979CB296D83DB00C65256 /* Frameworks */ = {
			isa = PBXFrameworksBuildPhase;
			buildActionMask = 2147483647;
			files = (
			);
			runOnlyForDeploymentPostprocessing = 0;
		};
		DDE979D9296D840100C65256 /* Frameworks */ = {
			isa = PBXFrameworksBuildPhase;
			buildActionMask = 2147483647;
			files = (
				DDE979E0296D840100C65256 /* EssentialFeed.framework in Frameworks */,
			);
			runOnlyForDeploymentPostprocessing = 0;
		};
		DDF7B9362980F68C00CD8E3A /* Frameworks */ = {
			isa = PBXFrameworksBuildPhase;
			buildActionMask = 2147483647;
			files = (
				DDF7B93D2980F68C00CD8E3A /* EssentialFeed.framework in Frameworks */,
			);
			runOnlyForDeploymentPostprocessing = 0;
		};
		DDFD549029CAE52400EAC56B /* Frameworks */ = {
			isa = PBXFrameworksBuildPhase;
			buildActionMask = 2147483647;
			files = (
				DDFD549729CAE52400EAC56B /* EssentialFeed.framework in Frameworks */,
			);
			runOnlyForDeploymentPostprocessing = 0;
		};
/* End PBXFrameworksBuildPhase section */

/* Begin PBXGroup section */
		DD017DFC29BEFA68008474F0 /* FeedStoreSpecs */ = {
			isa = PBXGroup;
			children = (
				DD017DFA29BEF956008474F0 /* XCTestCase+FailableDeleteFeedStoreSpecs.swift */,
				DD017DF629BEF458008474F0 /* XCTestCase+FailableRetrieveFeedStoreSpecs.swift */,
				DD017DF829BEF5EF008474F0 /* XCTestCase+FailableInsertFeedStoreSpecs.swift */,
				DD017DF429BDB159008474F0 /* XCTestCase+FeedStoreSpecs.swift */,
				DD017DF229BDAE4E008474F0 /* FeedStoreSpecs.swift */,
			);
			path = FeedStoreSpecs;
			sourceTree = "<group>";
		};
		DD52BA8E2988F21B0053CB47 /* Feed Cache */ = {
			isa = PBXGroup;
			children = (
				DD52BAE1298B90AD0053CB47 /* Helpers */,
				DD017DFC29BEFA68008474F0 /* FeedStoreSpecs */,
				DD52BA8F2988F2480053CB47 /* CacheFeedUseCaseTests.swift */,
				DD52BADF298B8F6E0053CB47 /* LoadFeedFromCacheUseCaseTests.swift */,
				DDE7475B2991193700E540B7 /* ValidateFeedCacheUseCaseTests.swift */,
				DD4F869A29C049AE000BACDC /* CoreDataFeedStoreTests.swift */,
			);
			path = "Feed Cache";
			sourceTree = "<group>";
		};
		DD52BAC0298A541C0053CB47 /* Feed Cache */ = {
			isa = PBXGroup;
			children = (
				DDFD547629C97E8200EAC56B /* Infrastructure */,
				DD52BAC3298A54950053CB47 /* FeedStore.swift */,
				DD52BAC1298A542E0053CB47 /* LocalFeedLoader.swift */,
				DD52BAD9298A86FB0053CB47 /* LocalFeedImage.swift */,
				DD3EB09629ADCF4A009B3483 /* FeedCachePolicy.swift */,
			);
			path = "Feed Cache";
			sourceTree = "<group>";
		};
		DD52BAE1298B90AD0053CB47 /* Helpers */ = {
			isa = PBXGroup;
			children = (
				DD52BAE2298B90B40053CB47 /* FeedStoreSpy.swift */,
				DDE7475D29911D9100E540B7 /* FeedCacheTestHelpers.swift */,
			);
			path = Helpers;
			sourceTree = "<group>";
		};
		DDA346D82976A6DA0008F5E6 /* Feed API */ = {
			isa = PBXGroup;
			children = (
				DDB31B57296ED6B400D24A0F /* LoadFeedFromRemoteUseCaseTests.swift */,
				DDA347062977E9870008F5E6 /* URLSessionHTTPClientTests.swift */,
			);
			path = "Feed API";
			sourceTree = "<group>";
		};
		DDB31B5929700FD400D24A0F /* Feed API */ = {
			isa = PBXGroup;
			children = (
				DDB31B5A29700FE200D24A0F /* RemoteFeedLoader.swift */,
				DDA346D62976930F0008F5E6 /* FeedItemsMapper.swift */,
				DD52BAD7298A86B60053CB47 /* RemoteFeedItem.swift */,
				DDA346D4297692980008F5E6 /* HTTPClient.swift */,
				DDF7B933297FF44D00CD8E3A /* URLSessionHTTPClient.swift */,
			);
			path = "Feed API";
			sourceTree = "<group>";
		};
		DDE979C4296D83DB00C65256 = {
			isa = PBXGroup;
			children = (
				DDE979D0296D83DB00C65256 /* EssentialFeed */,
				DDE979DD296D840100C65256 /* EssentialFeedTests */,
				DDF7B93A2980F68C00CD8E3A /* EssentialFeedAPIEndToEndTests */,
				DDFD549429CAE52400EAC56B /* EssentialFeedCacheIntegrationTests */,
				DDE979CF296D83DB00C65256 /* Products */,
			);
			sourceTree = "<group>";
		};
		DDE979CF296D83DB00C65256 /* Products */ = {
			isa = PBXGroup;
			children = (
				DDE979CE296D83DB00C65256 /* EssentialFeed.framework */,
				DDE979DC296D840100C65256 /* EssentialFeedTests.xctest */,
				DDF7B9392980F68C00CD8E3A /* EssentialFeedAPIEndToEndTests.xctest */,
				DDFD549329CAE52400EAC56B /* EssentialFeedCacheIntegrationTests.xctest */,
			);
			name = Products;
			sourceTree = "<group>";
		};
		DDE979D0296D83DB00C65256 /* EssentialFeed */ = {
			isa = PBXGroup;
			children = (
				DD52BAC0298A541C0053CB47 /* Feed Cache */,
				DDB31B5929700FD400D24A0F /* Feed API */,
				DDE979EA296D863F00C65256 /* Feed Feature */,
			);
			path = EssentialFeed;
			sourceTree = "<group>";
		};
		DDE979DD296D840100C65256 /* EssentialFeedTests */ = {
			isa = PBXGroup;
			children = (
				DDF7B930297FCBB500CD8E3A /* Helpers */,
				DD52BA8E2988F21B0053CB47 /* Feed Cache */,
				DDA346D82976A6DA0008F5E6 /* Feed API */,
			);
			path = EssentialFeedTests;
			sourceTree = "<group>";
		};
		DDE979EA296D863F00C65256 /* Feed Feature */ = {
			isa = PBXGroup;
			children = (
				DDE979E6296D84B100C65256 /* FeedItem.swift */,
				DDE979E8296D85A900C65256 /* FeedLoader.swift */,
			);
			path = "Feed Feature";
			sourceTree = "<group>";
		};
		DDF7B930297FCBB500CD8E3A /* Helpers */ = {
			isa = PBXGroup;
			children = (
				DDF7B931297FCBD200CD8E3A /* XCTestCase+MemoryLeakTracking.swift */,
				DDE7475F29911E0D00E540B7 /* SharedTestHelpers.swift */,
			);
			path = Helpers;
			sourceTree = "<group>";
		};
		DDF7B93A2980F68C00CD8E3A /* EssentialFeedAPIEndToEndTests */ = {
			isa = PBXGroup;
			children = (
				DDF7B93B2980F68C00CD8E3A /* EssentialFeedAPIEndToEndTests.swift */,
			);
			path = EssentialFeedAPIEndToEndTests;
			sourceTree = "<group>";
		};
		DDFD547629C97E8200EAC56B /* Infrastructure */ = {
			isa = PBXGroup;
			children = (
				DDFD547729C97EAC00EAC56B /* CoreData */,
			);
			path = Infrastructure;
			sourceTree = "<group>";
		};
		DDFD547729C97EAC00EAC56B /* CoreData */ = {
			isa = PBXGroup;
			children = (
				DD4F869E29C04CB9000BACDC /* FeedStore.xcdatamodeld */,
				DD4F869C29C04B75000BACDC /* CoreDataFeedStore.swift */,
				DDFD547929C97FAE00EAC56B /* CoreDataHelper.swift */,
				DDFD547B29C9802600EAC56B /* ManagedCache.swift */,
				DDFD547D29C9805600EAC56B /* ManagedFeedImage.swift */,
			);
			path = CoreData;
			sourceTree = "<group>";
		};
		DDFD549429CAE52400EAC56B /* EssentialFeedCacheIntegrationTests */ = {
			isa = PBXGroup;
			children = (
				DDFD549529CAE52400EAC56B /* EssentialFeedCacheIntegrationTests.swift */,
			);
			path = EssentialFeedCacheIntegrationTests;
			sourceTree = "<group>";
		};
/* End PBXGroup section */

/* Begin PBXHeadersBuildPhase section */
		DDE979C9296D83DB00C65256 /* Headers */ = {
			isa = PBXHeadersBuildPhase;
			buildActionMask = 2147483647;
			files = (
			);
			runOnlyForDeploymentPostprocessing = 0;
		};
/* End PBXHeadersBuildPhase section */

/* Begin PBXNativeTarget section */
		DDE979CD296D83DB00C65256 /* EssentialFeed */ = {
			isa = PBXNativeTarget;
			buildConfigurationList = DDE979D5296D83DB00C65256 /* Build configuration list for PBXNativeTarget "EssentialFeed" */;
			buildPhases = (
				DDE979C9296D83DB00C65256 /* Headers */,
				DDE979CA296D83DB00C65256 /* Sources */,
				DDE979CB296D83DB00C65256 /* Frameworks */,
				DDE979CC296D83DB00C65256 /* Resources */,
			);
			buildRules = (
			);
			dependencies = (
			);
			name = EssentialFeed;
			productName = EssentialFeed;
			productReference = DDE979CE296D83DB00C65256 /* EssentialFeed.framework */;
			productType = "com.apple.product-type.framework";
		};
		DDE979DB296D840100C65256 /* EssentialFeedTests */ = {
			isa = PBXNativeTarget;
			buildConfigurationList = DDE979E3296D840100C65256 /* Build configuration list for PBXNativeTarget "EssentialFeedTests" */;
			buildPhases = (
				DDE979D8296D840100C65256 /* Sources */,
				DDE979D9296D840100C65256 /* Frameworks */,
				DDE979DA296D840100C65256 /* Resources */,
			);
			buildRules = (
			);
			dependencies = (
				DDE979E2296D840100C65256 /* PBXTargetDependency */,
			);
			name = EssentialFeedTests;
			productName = EssentialFeedTests;
			productReference = DDE979DC296D840100C65256 /* EssentialFeedTests.xctest */;
			productType = "com.apple.product-type.bundle.unit-test";
		};
		DDF7B9382980F68C00CD8E3A /* EssentialFeedAPIEndToEndTests */ = {
			isa = PBXNativeTarget;
			buildConfigurationList = DDF7B9402980F68C00CD8E3A /* Build configuration list for PBXNativeTarget "EssentialFeedAPIEndToEndTests" */;
			buildPhases = (
				DDF7B9352980F68C00CD8E3A /* Sources */,
				DDF7B9362980F68C00CD8E3A /* Frameworks */,
				DDF7B9372980F68C00CD8E3A /* Resources */,
			);
			buildRules = (
			);
			dependencies = (
				DDF7B93F2980F68C00CD8E3A /* PBXTargetDependency */,
			);
			name = EssentialFeedAPIEndToEndTests;
			productName = EssentialFeedAPIEndToEndTests;
			productReference = DDF7B9392980F68C00CD8E3A /* EssentialFeedAPIEndToEndTests.xctest */;
			productType = "com.apple.product-type.bundle.unit-test";
		};
		DDFD549229CAE52400EAC56B /* EssentialFeedCacheIntegrationTests */ = {
			isa = PBXNativeTarget;
			buildConfigurationList = DDFD549C29CAE52400EAC56B /* Build configuration list for PBXNativeTarget "EssentialFeedCacheIntegrationTests" */;
			buildPhases = (
				DDFD548F29CAE52400EAC56B /* Sources */,
				DDFD549029CAE52400EAC56B /* Frameworks */,
				DDFD549129CAE52400EAC56B /* Resources */,
			);
			buildRules = (
			);
			dependencies = (
				DDFD549929CAE52400EAC56B /* PBXTargetDependency */,
			);
			name = EssentialFeedCacheIntegrationTests;
			productName = EssentialFeedCacheIntegrationTests;
			productReference = DDFD549329CAE52400EAC56B /* EssentialFeedCacheIntegrationTests.xctest */;
			productType = "com.apple.product-type.bundle.unit-test";
		};
/* End PBXNativeTarget section */

/* Begin PBXProject section */
		DDE979C5296D83DB00C65256 /* Project object */ = {
			isa = PBXProject;
			attributes = {
				BuildIndependentTargetsInParallel = 1;
				LastSwiftUpdateCheck = 1420;
				LastUpgradeCheck = 1420;
				TargetAttributes = {
					DDE979CD296D83DB00C65256 = {
						CreatedOnToolsVersion = 14.1;
						LastSwiftMigration = 1410;
					};
					DDE979DB296D840100C65256 = {
						CreatedOnToolsVersion = 14.1;
						LastSwiftMigration = 1410;
					};
					DDF7B9382980F68C00CD8E3A = {
						CreatedOnToolsVersion = 14.1;
					};
					DDFD549229CAE52400EAC56B = {
						CreatedOnToolsVersion = 14.2;
					};
				};
			};
			buildConfigurationList = DDE979C8296D83DB00C65256 /* Build configuration list for PBXProject "EssentialFeed" */;
			compatibilityVersion = "Xcode 14.0";
			developmentRegion = en;
			hasScannedForEncodings = 0;
			knownRegions = (
				en,
				Base,
			);
			mainGroup = DDE979C4296D83DB00C65256;
			productRefGroup = DDE979CF296D83DB00C65256 /* Products */;
			projectDirPath = "";
			projectRoot = "";
			targets = (
				DDE979CD296D83DB00C65256 /* EssentialFeed */,
				DDE979DB296D840100C65256 /* EssentialFeedTests */,
				DDF7B9382980F68C00CD8E3A /* EssentialFeedAPIEndToEndTests */,
				DDFD549229CAE52400EAC56B /* EssentialFeedCacheIntegrationTests */,
			);
		};
/* End PBXProject section */

/* Begin PBXResourcesBuildPhase section */
		DDE979CC296D83DB00C65256 /* Resources */ = {
			isa = PBXResourcesBuildPhase;
			buildActionMask = 2147483647;
			files = (
			);
			runOnlyForDeploymentPostprocessing = 0;
		};
		DDE979DA296D840100C65256 /* Resources */ = {
			isa = PBXResourcesBuildPhase;
			buildActionMask = 2147483647;
			files = (
			);
			runOnlyForDeploymentPostprocessing = 0;
		};
		DDF7B9372980F68C00CD8E3A /* Resources */ = {
			isa = PBXResourcesBuildPhase;
			buildActionMask = 2147483647;
			files = (
			);
			runOnlyForDeploymentPostprocessing = 0;
		};
		DDFD549129CAE52400EAC56B /* Resources */ = {
			isa = PBXResourcesBuildPhase;
			buildActionMask = 2147483647;
			files = (
			);
			runOnlyForDeploymentPostprocessing = 0;
		};
/* End PBXResourcesBuildPhase section */

/* Begin PBXSourcesBuildPhase section */
		DDE979CA296D83DB00C65256 /* Sources */ = {
			isa = PBXSourcesBuildPhase;
			buildActionMask = 2147483647;
			files = (
				DDFD547A29C97FAE00EAC56B /* CoreDataHelper.swift in Sources */,
				DDA346D72976930F0008F5E6 /* FeedItemsMapper.swift in Sources */,
				DDE979E9296D85A900C65256 /* FeedLoader.swift in Sources */,
				DD52BAD8298A86B60053CB47 /* RemoteFeedItem.swift in Sources */,
				DD3EB09729ADCF4A009B3483 /* FeedCachePolicy.swift in Sources */,
				DDB31B5B29700FE200D24A0F /* RemoteFeedLoader.swift in Sources */,
				DD4F86A029C04CB9000BACDC /* FeedStore.xcdatamodeld in Sources */,
				DD52BADA298A86FB0053CB47 /* LocalFeedImage.swift in Sources */,
				DD52BAC4298A54950053CB47 /* FeedStore.swift in Sources */,
				DD52BAC2298A542E0053CB47 /* LocalFeedLoader.swift in Sources */,
				DDA346D5297692990008F5E6 /* HTTPClient.swift in Sources */,
				DDE979E7296D84B100C65256 /* FeedItem.swift in Sources */,
				DDF7B934297FF44D00CD8E3A /* URLSessionHTTPClient.swift in Sources */,
				DDFD547C29C9802600EAC56B /* ManagedCache.swift in Sources */,
				DD4F869D29C04B75000BACDC /* CoreDataFeedStore.swift in Sources */,
				DDFD547E29C9805600EAC56B /* ManagedFeedImage.swift in Sources */,
			);
			runOnlyForDeploymentPostprocessing = 0;
		};
		DDE979D8296D840100C65256 /* Sources */ = {
			isa = PBXSourcesBuildPhase;
			buildActionMask = 2147483647;
			files = (
				DDE7475E29911D9100E540B7 /* FeedCacheTestHelpers.swift in Sources */,
				DDE7475C2991193700E540B7 /* ValidateFeedCacheUseCaseTests.swift in Sources */,
				DDB31B58296ED6B400D24A0F /* LoadFeedFromRemoteUseCaseTests.swift in Sources */,
				DD017DF929BEF5EF008474F0 /* XCTestCase+FailableInsertFeedStoreSpecs.swift in Sources */,
				DDA347072977E9870008F5E6 /* URLSessionHTTPClientTests.swift in Sources */,
				DD52BAE3298B90B40053CB47 /* FeedStoreSpy.swift in Sources */,
				DDE7476029911E0D00E540B7 /* SharedTestHelpers.swift in Sources */,
				DD52BA902988F2480053CB47 /* CacheFeedUseCaseTests.swift in Sources */,
				DD017DFB29BEF956008474F0 /* XCTestCase+FailableDeleteFeedStoreSpecs.swift in Sources */,
				DD017DF729BEF458008474F0 /* XCTestCase+FailableRetrieveFeedStoreSpecs.swift in Sources */,
				DD52BAE0298B8F6E0053CB47 /* LoadFeedFromCacheUseCaseTests.swift in Sources */,
				DD017DF329BDAE4E008474F0 /* FeedStoreSpecs.swift in Sources */,
				DDF7B932297FCBD200CD8E3A /* XCTestCase+MemoryLeakTracking.swift in Sources */,
				DD4F869B29C049AE000BACDC /* CoreDataFeedStoreTests.swift in Sources */,
				DD017DF529BDB159008474F0 /* XCTestCase+FeedStoreSpecs.swift in Sources */,
			);
			runOnlyForDeploymentPostprocessing = 0;
		};
		DDF7B9352980F68C00CD8E3A /* Sources */ = {
			isa = PBXSourcesBuildPhase;
			buildActionMask = 2147483647;
			files = (
				DDF7B93C2980F68C00CD8E3A /* EssentialFeedAPIEndToEndTests.swift in Sources */,
				DDF7B9432980FDB700CD8E3A /* XCTestCase+MemoryLeakTracking.swift in Sources */,
			);
			runOnlyForDeploymentPostprocessing = 0;
		};
		DDFD548F29CAE52400EAC56B /* Sources */ = {
			isa = PBXSourcesBuildPhase;
			buildActionMask = 2147483647;
			files = (
				DDFD549F29CC254300EAC56B /* SharedTestHelpers.swift in Sources */,
				DDFD549629CAE52400EAC56B /* EssentialFeedCacheIntegrationTests.swift in Sources */,
				DDFD549E29CC243400EAC56B /* FeedCacheTestHelpers.swift in Sources */,
				DDFD549D29CAE72D00EAC56B /* XCTestCase+MemoryLeakTracking.swift in Sources */,
			);
			runOnlyForDeploymentPostprocessing = 0;
		};
/* End PBXSourcesBuildPhase section */

/* Begin PBXTargetDependency section */
		DDE979E2296D840100C65256 /* PBXTargetDependency */ = {
			isa = PBXTargetDependency;
			target = DDE979CD296D83DB00C65256 /* EssentialFeed */;
			targetProxy = DDE979E1296D840100C65256 /* PBXContainerItemProxy */;
		};
		DDF7B93F2980F68C00CD8E3A /* PBXTargetDependency */ = {
			isa = PBXTargetDependency;
			target = DDE979CD296D83DB00C65256 /* EssentialFeed */;
			targetProxy = DDF7B93E2980F68C00CD8E3A /* PBXContainerItemProxy */;
		};
		DDFD549929CAE52400EAC56B /* PBXTargetDependency */ = {
			isa = PBXTargetDependency;
			target = DDE979CD296D83DB00C65256 /* EssentialFeed */;
			targetProxy = DDFD549829CAE52400EAC56B /* PBXContainerItemProxy */;
		};
/* End PBXTargetDependency section */

/* Begin XCBuildConfiguration section */
		DDE979D3296D83DB00C65256 /* Debug */ = {
			isa = XCBuildConfiguration;
			buildSettings = {
				ALWAYS_SEARCH_USER_PATHS = NO;
				CLANG_ANALYZER_NONNULL = YES;
				CLANG_ANALYZER_NUMBER_OBJECT_CONVERSION = YES_AGGRESSIVE;
				CLANG_CXX_LANGUAGE_STANDARD = "gnu++20";
				CLANG_ENABLE_MODULES = YES;
				CLANG_ENABLE_OBJC_ARC = YES;
				CLANG_ENABLE_OBJC_WEAK = YES;
				CLANG_WARN_BLOCK_CAPTURE_AUTORELEASING = YES;
				CLANG_WARN_BOOL_CONVERSION = YES;
				CLANG_WARN_COMMA = YES;
				CLANG_WARN_CONSTANT_CONVERSION = YES;
				CLANG_WARN_DEPRECATED_OBJC_IMPLEMENTATIONS = YES;
				CLANG_WARN_DIRECT_OBJC_ISA_USAGE = YES_ERROR;
				CLANG_WARN_DOCUMENTATION_COMMENTS = YES;
				CLANG_WARN_EMPTY_BODY = YES;
				CLANG_WARN_ENUM_CONVERSION = YES;
				CLANG_WARN_INFINITE_RECURSION = YES;
				CLANG_WARN_INT_CONVERSION = YES;
				CLANG_WARN_NON_LITERAL_NULL_CONVERSION = YES;
				CLANG_WARN_OBJC_IMPLICIT_RETAIN_SELF = YES;
				CLANG_WARN_OBJC_LITERAL_CONVERSION = YES;
				CLANG_WARN_OBJC_ROOT_CLASS = YES_ERROR;
				CLANG_WARN_QUOTED_INCLUDE_IN_FRAMEWORK_HEADER = YES;
				CLANG_WARN_RANGE_LOOP_ANALYSIS = YES;
				CLANG_WARN_STRICT_PROTOTYPES = YES;
				CLANG_WARN_SUSPICIOUS_MOVE = YES;
				CLANG_WARN_UNGUARDED_AVAILABILITY = YES_AGGRESSIVE;
				CLANG_WARN_UNREACHABLE_CODE = YES;
				CLANG_WARN__DUPLICATE_METHOD_MATCH = YES;
				COPY_PHASE_STRIP = NO;
				CURRENT_PROJECT_VERSION = 1;
				DEAD_CODE_STRIPPING = YES;
				DEBUG_INFORMATION_FORMAT = dwarf;
				ENABLE_STRICT_OBJC_MSGSEND = YES;
				ENABLE_TESTABILITY = YES;
				GCC_C_LANGUAGE_STANDARD = gnu11;
				GCC_DYNAMIC_NO_PIC = NO;
				GCC_NO_COMMON_BLOCKS = YES;
				GCC_OPTIMIZATION_LEVEL = 0;
				GCC_PREPROCESSOR_DEFINITIONS = (
					"DEBUG=1",
					"$(inherited)",
				);
				GCC_WARN_64_TO_32_BIT_CONVERSION = YES;
				GCC_WARN_ABOUT_RETURN_TYPE = YES_ERROR;
				GCC_WARN_UNDECLARED_SELECTOR = YES;
				GCC_WARN_UNINITIALIZED_AUTOS = YES_AGGRESSIVE;
				GCC_WARN_UNUSED_FUNCTION = YES;
				GCC_WARN_UNUSED_VARIABLE = YES;
				MACOSX_DEPLOYMENT_TARGET = 13.0;
				MTL_ENABLE_DEBUG_INFO = INCLUDE_SOURCE;
				MTL_FAST_MATH = YES;
				ONLY_ACTIVE_ARCH = YES;
				SDKROOT = macosx;
				SWIFT_ACTIVE_COMPILATION_CONDITIONS = DEBUG;
				SWIFT_OPTIMIZATION_LEVEL = "-Onone";
				VERSIONING_SYSTEM = "apple-generic";
				VERSION_INFO_PREFIX = "";
			};
			name = Debug;
		};
		DDE979D4296D83DB00C65256 /* Release */ = {
			isa = XCBuildConfiguration;
			buildSettings = {
				ALWAYS_SEARCH_USER_PATHS = NO;
				CLANG_ANALYZER_NONNULL = YES;
				CLANG_ANALYZER_NUMBER_OBJECT_CONVERSION = YES_AGGRESSIVE;
				CLANG_CXX_LANGUAGE_STANDARD = "gnu++20";
				CLANG_ENABLE_MODULES = YES;
				CLANG_ENABLE_OBJC_ARC = YES;
				CLANG_ENABLE_OBJC_WEAK = YES;
				CLANG_WARN_BLOCK_CAPTURE_AUTORELEASING = YES;
				CLANG_WARN_BOOL_CONVERSION = YES;
				CLANG_WARN_COMMA = YES;
				CLANG_WARN_CONSTANT_CONVERSION = YES;
				CLANG_WARN_DEPRECATED_OBJC_IMPLEMENTATIONS = YES;
				CLANG_WARN_DIRECT_OBJC_ISA_USAGE = YES_ERROR;
				CLANG_WARN_DOCUMENTATION_COMMENTS = YES;
				CLANG_WARN_EMPTY_BODY = YES;
				CLANG_WARN_ENUM_CONVERSION = YES;
				CLANG_WARN_INFINITE_RECURSION = YES;
				CLANG_WARN_INT_CONVERSION = YES;
				CLANG_WARN_NON_LITERAL_NULL_CONVERSION = YES;
				CLANG_WARN_OBJC_IMPLICIT_RETAIN_SELF = YES;
				CLANG_WARN_OBJC_LITERAL_CONVERSION = YES;
				CLANG_WARN_OBJC_ROOT_CLASS = YES_ERROR;
				CLANG_WARN_QUOTED_INCLUDE_IN_FRAMEWORK_HEADER = YES;
				CLANG_WARN_RANGE_LOOP_ANALYSIS = YES;
				CLANG_WARN_STRICT_PROTOTYPES = YES;
				CLANG_WARN_SUSPICIOUS_MOVE = YES;
				CLANG_WARN_UNGUARDED_AVAILABILITY = YES_AGGRESSIVE;
				CLANG_WARN_UNREACHABLE_CODE = YES;
				CLANG_WARN__DUPLICATE_METHOD_MATCH = YES;
				COPY_PHASE_STRIP = NO;
				CURRENT_PROJECT_VERSION = 1;
				DEAD_CODE_STRIPPING = YES;
				DEBUG_INFORMATION_FORMAT = "dwarf-with-dsym";
				ENABLE_NS_ASSERTIONS = NO;
				ENABLE_STRICT_OBJC_MSGSEND = YES;
				GCC_C_LANGUAGE_STANDARD = gnu11;
				GCC_NO_COMMON_BLOCKS = YES;
				GCC_WARN_64_TO_32_BIT_CONVERSION = YES;
				GCC_WARN_ABOUT_RETURN_TYPE = YES_ERROR;
				GCC_WARN_UNDECLARED_SELECTOR = YES;
				GCC_WARN_UNINITIALIZED_AUTOS = YES_AGGRESSIVE;
				GCC_WARN_UNUSED_FUNCTION = YES;
				GCC_WARN_UNUSED_VARIABLE = YES;
				MACOSX_DEPLOYMENT_TARGET = 13.0;
				MTL_ENABLE_DEBUG_INFO = NO;
				MTL_FAST_MATH = YES;
				SDKROOT = macosx;
				SWIFT_COMPILATION_MODE = wholemodule;
				SWIFT_OPTIMIZATION_LEVEL = "-O";
				VERSIONING_SYSTEM = "apple-generic";
				VERSION_INFO_PREFIX = "";
			};
			name = Release;
		};
		DDE979D6296D83DB00C65256 /* Debug */ = {
			isa = XCBuildConfiguration;
			buildSettings = {
				CLANG_ENABLE_MODULES = YES;
				CODE_SIGN_STYLE = Automatic;
				COMBINE_HIDPI_IMAGES = YES;
				CURRENT_PROJECT_VERSION = 1;
				DEAD_CODE_STRIPPING = YES;
				DEFINES_MODULE = YES;
				DEVELOPMENT_TEAM = 4ZFGGZFQS4;
				DYLIB_COMPATIBILITY_VERSION = 1;
				DYLIB_CURRENT_VERSION = 1;
				DYLIB_INSTALL_NAME_BASE = "@rpath";
				GENERATE_INFOPLIST_FILE = YES;
				INFOPLIST_KEY_NSHumanReadableCopyright = "";
				INSTALL_PATH = "$(LOCAL_LIBRARY_DIR)/Frameworks";
				LD_RUNPATH_SEARCH_PATHS = (
					"$(inherited)",
					"@executable_path/../Frameworks",
					"@loader_path/Frameworks",
				);
				MARKETING_VERSION = 1.0;
				PRODUCT_BUNDLE_IDENTIFIER = com.mif50.EssentialFeed;
				PRODUCT_NAME = "$(TARGET_NAME:c99extidentifier)";
				SKIP_INSTALL = YES;
				SUPPORTED_PLATFORMS = "macosx iphoneos iphonesimulator";
				SWIFT_EMIT_LOC_STRINGS = YES;
				SWIFT_OPTIMIZATION_LEVEL = "-Onone";
				SWIFT_VERSION = 5.0;
			};
			name = Debug;
		};
		DDE979D7296D83DB00C65256 /* Release */ = {
			isa = XCBuildConfiguration;
			buildSettings = {
				CLANG_ENABLE_MODULES = YES;
				CODE_SIGN_STYLE = Automatic;
				COMBINE_HIDPI_IMAGES = YES;
				CURRENT_PROJECT_VERSION = 1;
				DEAD_CODE_STRIPPING = YES;
				DEFINES_MODULE = YES;
				DEVELOPMENT_TEAM = 4ZFGGZFQS4;
				DYLIB_COMPATIBILITY_VERSION = 1;
				DYLIB_CURRENT_VERSION = 1;
				DYLIB_INSTALL_NAME_BASE = "@rpath";
				GENERATE_INFOPLIST_FILE = YES;
				INFOPLIST_KEY_NSHumanReadableCopyright = "";
				INSTALL_PATH = "$(LOCAL_LIBRARY_DIR)/Frameworks";
				LD_RUNPATH_SEARCH_PATHS = (
					"$(inherited)",
					"@executable_path/../Frameworks",
					"@loader_path/Frameworks",
				);
				MARKETING_VERSION = 1.0;
				PRODUCT_BUNDLE_IDENTIFIER = com.mif50.EssentialFeed;
				PRODUCT_NAME = "$(TARGET_NAME:c99extidentifier)";
				SKIP_INSTALL = YES;
				SUPPORTED_PLATFORMS = "macosx iphoneos iphonesimulator";
				SWIFT_EMIT_LOC_STRINGS = YES;
				SWIFT_VERSION = 5.0;
			};
			name = Release;
		};
		DDE979E4296D840100C65256 /* Debug */ = {
			isa = XCBuildConfiguration;
			buildSettings = {
				ALWAYS_EMBED_SWIFT_STANDARD_LIBRARIES = YES;
				CLANG_ENABLE_MODULES = YES;
				CODE_SIGN_STYLE = Automatic;
				CURRENT_PROJECT_VERSION = 1;
				DEAD_CODE_STRIPPING = YES;
				DEVELOPMENT_TEAM = 4ZFGGZFQS4;
				GENERATE_INFOPLIST_FILE = YES;
				LD_RUNPATH_SEARCH_PATHS = (
					"$(inherited)",
					"@executable_path/../Frameworks",
					"@loader_path/../Frameworks",
				);
				MARKETING_VERSION = 1.0;
				PRODUCT_BUNDLE_IDENTIFIER = com.mif50.EssentialFeedTests;
				PRODUCT_NAME = "$(TARGET_NAME)";
				SUPPORTED_PLATFORMS = "macosx iphoneos iphonesimulator";
				SWIFT_EMIT_LOC_STRINGS = NO;
				SWIFT_OPTIMIZATION_LEVEL = "-Onone";
				SWIFT_VERSION = 5.0;
			};
			name = Debug;
		};
		DDE979E5296D840100C65256 /* Release */ = {
			isa = XCBuildConfiguration;
			buildSettings = {
				ALWAYS_EMBED_SWIFT_STANDARD_LIBRARIES = YES;
				CLANG_ENABLE_MODULES = YES;
				CODE_SIGN_STYLE = Automatic;
				CURRENT_PROJECT_VERSION = 1;
				DEAD_CODE_STRIPPING = YES;
				DEVELOPMENT_TEAM = 4ZFGGZFQS4;
				GENERATE_INFOPLIST_FILE = YES;
				LD_RUNPATH_SEARCH_PATHS = (
					"$(inherited)",
					"@executable_path/../Frameworks",
					"@loader_path/../Frameworks",
				);
				MARKETING_VERSION = 1.0;
				PRODUCT_BUNDLE_IDENTIFIER = com.mif50.EssentialFeedTests;
				PRODUCT_NAME = "$(TARGET_NAME)";
				SUPPORTED_PLATFORMS = "macosx iphoneos iphonesimulator";
				SWIFT_EMIT_LOC_STRINGS = NO;
				SWIFT_VERSION = 5.0;
			};
			name = Release;
		};
		DDF7B9412980F68C00CD8E3A /* Debug */ = {
			isa = XCBuildConfiguration;
			buildSettings = {
				CODE_SIGN_STYLE = Automatic;
				CURRENT_PROJECT_VERSION = 1;
				DEAD_CODE_STRIPPING = YES;
				DEVELOPMENT_TEAM = 4ZFGGZFQS4;
				GENERATE_INFOPLIST_FILE = YES;
				MARKETING_VERSION = 1.0;
				PRODUCT_BUNDLE_IDENTIFIER = com.mif50.EssentialFeedAPIEndToEndTests;
				PRODUCT_NAME = "$(TARGET_NAME)";
				SUPPORTED_PLATFORMS = "macosx iphoneos iphonesimulator";
				SWIFT_EMIT_LOC_STRINGS = NO;
				SWIFT_VERSION = 5.0;
			};
			name = Debug;
		};
		DDF7B9422980F68C00CD8E3A /* Release */ = {
			isa = XCBuildConfiguration;
			buildSettings = {
				CODE_SIGN_STYLE = Automatic;
				CURRENT_PROJECT_VERSION = 1;
				DEAD_CODE_STRIPPING = YES;
				DEVELOPMENT_TEAM = 4ZFGGZFQS4;
				GENERATE_INFOPLIST_FILE = YES;
				MARKETING_VERSION = 1.0;
				PRODUCT_BUNDLE_IDENTIFIER = com.mif50.EssentialFeedAPIEndToEndTests;
				PRODUCT_NAME = "$(TARGET_NAME)";
				SUPPORTED_PLATFORMS = "macosx iphoneos iphonesimulator";
				SWIFT_EMIT_LOC_STRINGS = NO;
				SWIFT_VERSION = 5.0;
			};
			name = Release;
		};
		DDFD549A29CAE52400EAC56B /* Debug */ = {
			isa = XCBuildConfiguration;
			buildSettings = {
				CODE_SIGN_STYLE = Automatic;
				CURRENT_PROJECT_VERSION = 1;
				DEVELOPMENT_TEAM = 4ZFGGZFQS4;
				GENERATE_INFOPLIST_FILE = YES;
				MARKETING_VERSION = 1.0;
				PRODUCT_BUNDLE_IDENTIFIER = com.mif50.EssentialFeedCacheIntegrationTests;
				PRODUCT_NAME = "$(TARGET_NAME)";
				SUPPORTED_PLATFORMS = "macosx iphoneos iphonesimulator";
				SWIFT_EMIT_LOC_STRINGS = NO;
				SWIFT_VERSION = 5.0;
			};
			name = Debug;
		};
		DDFD549B29CAE52400EAC56B /* Release */ = {
			isa = XCBuildConfiguration;
			buildSettings = {
				CODE_SIGN_STYLE = Automatic;
				CURRENT_PROJECT_VERSION = 1;
				DEVELOPMENT_TEAM = 4ZFGGZFQS4;
				GENERATE_INFOPLIST_FILE = YES;
				MARKETING_VERSION = 1.0;
				PRODUCT_BUNDLE_IDENTIFIER = com.mif50.EssentialFeedCacheIntegrationTests;
				PRODUCT_NAME = "$(TARGET_NAME)";
				SUPPORTED_PLATFORMS = "macosx iphoneos iphonesimulator";
				SWIFT_EMIT_LOC_STRINGS = NO;
				SWIFT_VERSION = 5.0;
			};
			name = Release;
		};
/* End XCBuildConfiguration section */

/* Begin XCConfigurationList section */
		DDE979C8296D83DB00C65256 /* Build configuration list for PBXProject "EssentialFeed" */ = {
			isa = XCConfigurationList;
			buildConfigurations = (
				DDE979D3296D83DB00C65256 /* Debug */,
				DDE979D4296D83DB00C65256 /* Release */,
			);
			defaultConfigurationIsVisible = 0;
			defaultConfigurationName = Release;
		};
		DDE979D5296D83DB00C65256 /* Build configuration list for PBXNativeTarget "EssentialFeed" */ = {
			isa = XCConfigurationList;
			buildConfigurations = (
				DDE979D6296D83DB00C65256 /* Debug */,
				DDE979D7296D83DB00C65256 /* Release */,
			);
			defaultConfigurationIsVisible = 0;
			defaultConfigurationName = Release;
		};
		DDE979E3296D840100C65256 /* Build configuration list for PBXNativeTarget "EssentialFeedTests" */ = {
			isa = XCConfigurationList;
			buildConfigurations = (
				DDE979E4296D840100C65256 /* Debug */,
				DDE979E5296D840100C65256 /* Release */,
			);
			defaultConfigurationIsVisible = 0;
			defaultConfigurationName = Release;
		};
		DDF7B9402980F68C00CD8E3A /* Build configuration list for PBXNativeTarget "EssentialFeedAPIEndToEndTests" */ = {
			isa = XCConfigurationList;
			buildConfigurations = (
				DDF7B9412980F68C00CD8E3A /* Debug */,
				DDF7B9422980F68C00CD8E3A /* Release */,
			);
			defaultConfigurationIsVisible = 0;
			defaultConfigurationName = Release;
		};
		DDFD549C29CAE52400EAC56B /* Build configuration list for PBXNativeTarget "EssentialFeedCacheIntegrationTests" */ = {
			isa = XCConfigurationList;
			buildConfigurations = (
				DDFD549A29CAE52400EAC56B /* Debug */,
				DDFD549B29CAE52400EAC56B /* Release */,
			);
			defaultConfigurationIsVisible = 0;
			defaultConfigurationName = Release;
		};
/* End XCConfigurationList section */

/* Begin XCVersionGroup section */
		DD4F869E29C04CB9000BACDC /* FeedStore.xcdatamodeld */ = {
			isa = XCVersionGroup;
			children = (
				DD4F869F29C04CB9000BACDC /* FeedStore.xcdatamodel */,
			);
			currentVersion = DD4F869F29C04CB9000BACDC /* FeedStore.xcdatamodel */;
			path = FeedStore.xcdatamodeld;
			sourceTree = "<group>";
			versionGroupType = wrapper.xcdatamodel;
		};
/* End XCVersionGroup section */
	};
	rootObject = DDE979C5296D83DB00C65256 /* Project object */;
}
