// !$*UTF8*$!
{
	archiveVersion = 1;
	classes = {
	};
	objectVersion = 56;
	objects = {

/* Begin PBXBuildFile section */
		DD61B5C72B1C4FD6007C79EE /* AppDelegate.swift in Sources */ = {isa = PBXBuildFile; fileRef = DD61B5C62B1C4FD6007C79EE /* AppDelegate.swift */; };
		DD61B5C92B1C4FD6007C79EE /* SceneDelegate.swift in Sources */ = {isa = PBXBuildFile; fileRef = DD61B5C82B1C4FD6007C79EE /* SceneDelegate.swift */; };
		DD61B5CB2B1C4FD6007C79EE /* ViewController.swift in Sources */ = {isa = PBXBuildFile; fileRef = DD61B5CA2B1C4FD6007C79EE /* ViewController.swift */; };
		DD61B5CE2B1C4FD6007C79EE /* Main.storyboard in Resources */ = {isa = PBXBuildFile; fileRef = DD61B5CC2B1C4FD6007C79EE /* Main.storyboard */; };
		DD61B5D02B1C4FD7007C79EE /* Assets.xcassets in Resources */ = {isa = PBXBuildFile; fileRef = DD61B5CF2B1C4FD7007C79EE /* Assets.xcassets */; };
		DD61B5D32B1C4FD7007C79EE /* LaunchScreen.storyboard in Resources */ = {isa = PBXBuildFile; fileRef = DD61B5D12B1C4FD7007C79EE /* LaunchScreen.storyboard */; };
		DD61B5DD2B1C5082007C79EE /* EssentialFeed.framework in Frameworks */ = {isa = PBXBuildFile; fileRef = DD61B5DB2B1C5082007C79EE /* EssentialFeed.framework */; };
		DD61B5DE2B1C5082007C79EE /* EssentialFeed.framework in Embed Frameworks */ = {isa = PBXBuildFile; fileRef = DD61B5DB2B1C5082007C79EE /* EssentialFeed.framework */; settings = {ATTRIBUTES = (CodeSignOnCopy, RemoveHeadersOnCopy, ); }; };
		DD61B5DF2B1C5082007C79EE /* EssentialFeediOS.framework in Frameworks */ = {isa = PBXBuildFile; fileRef = DD61B5DC2B1C5082007C79EE /* EssentialFeediOS.framework */; };
		DD61B5E02B1C5082007C79EE /* EssentialFeediOS.framework in Embed Frameworks */ = {isa = PBXBuildFile; fileRef = DD61B5DC2B1C5082007C79EE /* EssentialFeediOS.framework */; settings = {ATTRIBUTES = (CodeSignOnCopy, RemoveHeadersOnCopy, ); }; };
		DD61B5F02B1C86F6007C79EE /* FeedLoaderWithFallbackCompositeTests.swift in Sources */ = {isa = PBXBuildFile; fileRef = DD61B5EF2B1C86F6007C79EE /* FeedLoaderWithFallbackCompositeTests.swift */; };
		DD61B5F22B1CA38E007C79EE /* FeedLoaderWithFallbackComposite.swift in Sources */ = {isa = PBXBuildFile; fileRef = DD61B5F12B1CA38E007C79EE /* FeedLoaderWithFallbackComposite.swift */; };
		DD61B5F42B1D8D27007C79EE /* FeedImageDataLoaderWithFallbackCompositeTests.swift in Sources */ = {isa = PBXBuildFile; fileRef = DD61B5F32B1D8D27007C79EE /* FeedImageDataLoaderWithFallbackCompositeTests.swift */; };
		DD61B5F62B1DB273007C79EE /* FeedImageDataLoaderWithFallbackComposite.swift in Sources */ = {isa = PBXBuildFile; fileRef = DD61B5F52B1DB273007C79EE /* FeedImageDataLoaderWithFallbackComposite.swift */; };
		DD61B5F92B1DB32C007C79EE /* XCTestCase+MemoryLeakTracking.swift in Sources */ = {isa = PBXBuildFile; fileRef = DD61B5F82B1DB32C007C79EE /* XCTestCase+MemoryLeakTracking.swift */; };
		DD61B5FB2B1DB3A5007C79EE /* SharedTestHelpers.swift in Sources */ = {isa = PBXBuildFile; fileRef = DD61B5FA2B1DB3A5007C79EE /* SharedTestHelpers.swift */; };
		DD61B5FD2B1DEA66007C79EE /* FeedLoaderCacheDecoratorTests.swift in Sources */ = {isa = PBXBuildFile; fileRef = DD61B5FC2B1DEA66007C79EE /* FeedLoaderCacheDecoratorTests.swift */; };
/* End PBXBuildFile section */

/* Begin PBXContainerItemProxy section */
		DD61B5EA2B1C5FFA007C79EE /* PBXContainerItemProxy */ = {
			isa = PBXContainerItemProxy;
			containerPortal = DD61B5BB2B1C4FD6007C79EE /* Project object */;
			proxyType = 1;
			remoteGlobalIDString = DD61B5C22B1C4FD6007C79EE;
			remoteInfo = EssentialApp;
		};
/* End PBXContainerItemProxy section */

/* Begin PBXCopyFilesBuildPhase section */
		DD61B5E12B1C5083007C79EE /* Embed Frameworks */ = {
			isa = PBXCopyFilesBuildPhase;
			buildActionMask = 2147483647;
			dstPath = "";
			dstSubfolderSpec = 10;
			files = (
				DD61B5DE2B1C5082007C79EE /* EssentialFeed.framework in Embed Frameworks */,
				DD61B5E02B1C5082007C79EE /* EssentialFeediOS.framework in Embed Frameworks */,
			);
			name = "Embed Frameworks";
			runOnlyForDeploymentPostprocessing = 0;
		};
/* End PBXCopyFilesBuildPhase section */

/* Begin PBXFileReference section */
		DD61B5C32B1C4FD6007C79EE /* EssentialApp.app */ = {isa = PBXFileReference; explicitFileType = wrapper.application; includeInIndex = 0; path = EssentialApp.app; sourceTree = BUILT_PRODUCTS_DIR; };
		DD61B5C62B1C4FD6007C79EE /* AppDelegate.swift */ = {isa = PBXFileReference; lastKnownFileType = sourcecode.swift; path = AppDelegate.swift; sourceTree = "<group>"; };
		DD61B5C82B1C4FD6007C79EE /* SceneDelegate.swift */ = {isa = PBXFileReference; lastKnownFileType = sourcecode.swift; path = SceneDelegate.swift; sourceTree = "<group>"; };
		DD61B5CA2B1C4FD6007C79EE /* ViewController.swift */ = {isa = PBXFileReference; lastKnownFileType = sourcecode.swift; path = ViewController.swift; sourceTree = "<group>"; };
		DD61B5CD2B1C4FD6007C79EE /* Base */ = {isa = PBXFileReference; lastKnownFileType = file.storyboard; name = Base; path = Base.lproj/Main.storyboard; sourceTree = "<group>"; };
		DD61B5CF2B1C4FD7007C79EE /* Assets.xcassets */ = {isa = PBXFileReference; lastKnownFileType = folder.assetcatalog; path = Assets.xcassets; sourceTree = "<group>"; };
		DD61B5D22B1C4FD7007C79EE /* Base */ = {isa = PBXFileReference; lastKnownFileType = file.storyboard; name = Base; path = Base.lproj/LaunchScreen.storyboard; sourceTree = "<group>"; };
		DD61B5D42B1C4FD7007C79EE /* Info.plist */ = {isa = PBXFileReference; lastKnownFileType = text.plist.xml; path = Info.plist; sourceTree = "<group>"; };
		DD61B5DB2B1C5082007C79EE /* EssentialFeed.framework */ = {isa = PBXFileReference; explicitFileType = wrapper.framework; path = EssentialFeed.framework; sourceTree = BUILT_PRODUCTS_DIR; };
		DD61B5DC2B1C5082007C79EE /* EssentialFeediOS.framework */ = {isa = PBXFileReference; explicitFileType = wrapper.framework; path = EssentialFeediOS.framework; sourceTree = BUILT_PRODUCTS_DIR; };
		DD61B5E62B1C5FFA007C79EE /* EssentialAppTests.xctest */ = {isa = PBXFileReference; explicitFileType = wrapper.cfbundle; includeInIndex = 0; path = EssentialAppTests.xctest; sourceTree = BUILT_PRODUCTS_DIR; };
		DD61B5EF2B1C86F6007C79EE /* FeedLoaderWithFallbackCompositeTests.swift */ = {isa = PBXFileReference; lastKnownFileType = sourcecode.swift; path = FeedLoaderWithFallbackCompositeTests.swift; sourceTree = "<group>"; };
		DD61B5F12B1CA38E007C79EE /* FeedLoaderWithFallbackComposite.swift */ = {isa = PBXFileReference; lastKnownFileType = sourcecode.swift; path = FeedLoaderWithFallbackComposite.swift; sourceTree = "<group>"; };
		DD61B5F32B1D8D27007C79EE /* FeedImageDataLoaderWithFallbackCompositeTests.swift */ = {isa = PBXFileReference; lastKnownFileType = sourcecode.swift; path = FeedImageDataLoaderWithFallbackCompositeTests.swift; sourceTree = "<group>"; };
		DD61B5F52B1DB273007C79EE /* FeedImageDataLoaderWithFallbackComposite.swift */ = {isa = PBXFileReference; lastKnownFileType = sourcecode.swift; path = FeedImageDataLoaderWithFallbackComposite.swift; sourceTree = "<group>"; };
		DD61B5F82B1DB32C007C79EE /* XCTestCase+MemoryLeakTracking.swift */ = {isa = PBXFileReference; lastKnownFileType = sourcecode.swift; path = "XCTestCase+MemoryLeakTracking.swift"; sourceTree = "<group>"; };
		DD61B5FA2B1DB3A5007C79EE /* SharedTestHelpers.swift */ = {isa = PBXFileReference; lastKnownFileType = sourcecode.swift; path = SharedTestHelpers.swift; sourceTree = "<group>"; };
		DD61B5FC2B1DEA66007C79EE /* FeedLoaderCacheDecoratorTests.swift */ = {isa = PBXFileReference; lastKnownFileType = sourcecode.swift; path = FeedLoaderCacheDecoratorTests.swift; sourceTree = "<group>"; };
/* End PBXFileReference section */

/* Begin PBXFrameworksBuildPhase section */
		DD61B5C02B1C4FD6007C79EE /* Frameworks */ = {
			isa = PBXFrameworksBuildPhase;
			buildActionMask = 2147483647;
			files = (
				DD61B5DD2B1C5082007C79EE /* EssentialFeed.framework in Frameworks */,
				DD61B5DF2B1C5082007C79EE /* EssentialFeediOS.framework in Frameworks */,
			);
			runOnlyForDeploymentPostprocessing = 0;
		};
		DD61B5E32B1C5FFA007C79EE /* Frameworks */ = {
			isa = PBXFrameworksBuildPhase;
			buildActionMask = 2147483647;
			files = (
			);
			runOnlyForDeploymentPostprocessing = 0;
		};
/* End PBXFrameworksBuildPhase section */

/* Begin PBXGroup section */
		DD61B5BA2B1C4FD6007C79EE = {
			isa = PBXGroup;
			children = (
				DD61B5C52B1C4FD6007C79EE /* EssentialApp */,
				DD61B5E72B1C5FFA007C79EE /* EssentialAppTests */,
				DD61B5C42B1C4FD6007C79EE /* Products */,
				DD61B5DA2B1C5082007C79EE /* Frameworks */,
			);
			sourceTree = "<group>";
		};
		DD61B5C42B1C4FD6007C79EE /* Products */ = {
			isa = PBXGroup;
			children = (
				DD61B5C32B1C4FD6007C79EE /* EssentialApp.app */,
				DD61B5E62B1C5FFA007C79EE /* EssentialAppTests.xctest */,
			);
			name = Products;
			sourceTree = "<group>";
		};
		DD61B5C52B1C4FD6007C79EE /* EssentialApp */ = {
			isa = PBXGroup;
			children = (
				DD61B5C62B1C4FD6007C79EE /* AppDelegate.swift */,
				DD61B5C82B1C4FD6007C79EE /* SceneDelegate.swift */,
				DD61B5CA2B1C4FD6007C79EE /* ViewController.swift */,
				DD61B5CC2B1C4FD6007C79EE /* Main.storyboard */,
				DD61B5CF2B1C4FD7007C79EE /* Assets.xcassets */,
				DD61B5D12B1C4FD7007C79EE /* LaunchScreen.storyboard */,
				DD61B5D42B1C4FD7007C79EE /* Info.plist */,
				DD61B5F12B1CA38E007C79EE /* FeedLoaderWithFallbackComposite.swift */,
				DD61B5F52B1DB273007C79EE /* FeedImageDataLoaderWithFallbackComposite.swift */,
			);
			path = EssentialApp;
			sourceTree = "<group>";
		};
		DD61B5DA2B1C5082007C79EE /* Frameworks */ = {
			isa = PBXGroup;
			children = (
				DD61B5DB2B1C5082007C79EE /* EssentialFeed.framework */,
				DD61B5DC2B1C5082007C79EE /* EssentialFeediOS.framework */,
			);
			name = Frameworks;
			sourceTree = "<group>";
		};
		DD61B5E72B1C5FFA007C79EE /* EssentialAppTests */ = {
			isa = PBXGroup;
			children = (
				DD61B5F72B1DB302007C79EE /* Helpers */,
				DD61B5EF2B1C86F6007C79EE /* FeedLoaderWithFallbackCompositeTests.swift */,
				DD61B5F32B1D8D27007C79EE /* FeedImageDataLoaderWithFallbackCompositeTests.swift */,
				DD61B5FC2B1DEA66007C79EE /* FeedLoaderCacheDecoratorTests.swift */,
			);
			path = EssentialAppTests;
			sourceTree = "<group>";
		};
		DD61B5F72B1DB302007C79EE /* Helpers */ = {
			isa = PBXGroup;
			children = (
				DD61B5F82B1DB32C007C79EE /* XCTestCase+MemoryLeakTracking.swift */,
				DD61B5FA2B1DB3A5007C79EE /* SharedTestHelpers.swift */,
			);
			path = Helpers;
			sourceTree = "<group>";
		};
/* End PBXGroup section */

/* Begin PBXNativeTarget section */
		DD61B5C22B1C4FD6007C79EE /* EssentialApp */ = {
			isa = PBXNativeTarget;
			buildConfigurationList = DD61B5D72B1C4FD7007C79EE /* Build configuration list for PBXNativeTarget "EssentialApp" */;
			buildPhases = (
				DD61B5BF2B1C4FD6007C79EE /* Sources */,
				DD61B5C02B1C4FD6007C79EE /* Frameworks */,
				DD61B5C12B1C4FD6007C79EE /* Resources */,
				DD61B5E12B1C5083007C79EE /* Embed Frameworks */,
			);
			buildRules = (
			);
			dependencies = (
			);
			name = EssentialApp;
			productName = EssentialApp;
			productReference = DD61B5C32B1C4FD6007C79EE /* EssentialApp.app */;
			productType = "com.apple.product-type.application";
		};
		DD61B5E52B1C5FFA007C79EE /* EssentialAppTests */ = {
			isa = PBXNativeTarget;
			buildConfigurationList = DD61B5EE2B1C5FFA007C79EE /* Build configuration list for PBXNativeTarget "EssentialAppTests" */;
			buildPhases = (
				DD61B5E22B1C5FFA007C79EE /* Sources */,
				DD61B5E32B1C5FFA007C79EE /* Frameworks */,
				DD61B5E42B1C5FFA007C79EE /* Resources */,
			);
			buildRules = (
			);
			dependencies = (
				DD61B5EB2B1C5FFA007C79EE /* PBXTargetDependency */,
			);
			name = EssentialAppTests;
			productName = EssentialAppTests;
			productReference = DD61B5E62B1C5FFA007C79EE /* EssentialAppTests.xctest */;
			productType = "com.apple.product-type.bundle.unit-test";
		};
/* End PBXNativeTarget section */

/* Begin PBXProject section */
		DD61B5BB2B1C4FD6007C79EE /* Project object */ = {
			isa = PBXProject;
			attributes = {
				BuildIndependentTargetsInParallel = 1;
				LastSwiftUpdateCheck = 1500;
				LastUpgradeCheck = 1500;
				TargetAttributes = {
					DD61B5C22B1C4FD6007C79EE = {
						CreatedOnToolsVersion = 15.0.1;
					};
					DD61B5E52B1C5FFA007C79EE = {
						CreatedOnToolsVersion = 15.0.1;
						LastSwiftMigration = 1500;
						TestTargetID = DD61B5C22B1C4FD6007C79EE;
					};
				};
			};
			buildConfigurationList = DD61B5BE2B1C4FD6007C79EE /* Build configuration list for PBXProject "EssentialApp" */;
			compatibilityVersion = "Xcode 14.0";
			developmentRegion = en;
			hasScannedForEncodings = 0;
			knownRegions = (
				en,
				Base,
			);
			mainGroup = DD61B5BA2B1C4FD6007C79EE;
			productRefGroup = DD61B5C42B1C4FD6007C79EE /* Products */;
			projectDirPath = "";
			projectRoot = "";
			targets = (
				DD61B5C22B1C4FD6007C79EE /* EssentialApp */,
				DD61B5E52B1C5FFA007C79EE /* EssentialAppTests */,
			);
		};
/* End PBXProject section */

/* Begin PBXResourcesBuildPhase section */
		DD61B5C12B1C4FD6007C79EE /* Resources */ = {
			isa = PBXResourcesBuildPhase;
			buildActionMask = 2147483647;
			files = (
				DD61B5D32B1C4FD7007C79EE /* LaunchScreen.storyboard in Resources */,
				DD61B5D02B1C4FD7007C79EE /* Assets.xcassets in Resources */,
				DD61B5CE2B1C4FD6007C79EE /* Main.storyboard in Resources */,
			);
			runOnlyForDeploymentPostprocessing = 0;
		};
		DD61B5E42B1C5FFA007C79EE /* Resources */ = {
			isa = PBXResourcesBuildPhase;
			buildActionMask = 2147483647;
			files = (
			);
			runOnlyForDeploymentPostprocessing = 0;
		};
/* End PBXResourcesBuildPhase section */

/* Begin PBXSourcesBuildPhase section */
		DD61B5BF2B1C4FD6007C79EE /* Sources */ = {
			isa = PBXSourcesBuildPhase;
			buildActionMask = 2147483647;
			files = (
				DD61B5CB2B1C4FD6007C79EE /* ViewController.swift in Sources */,
				DD61B5C72B1C4FD6007C79EE /* AppDelegate.swift in Sources */,
				DD61B5F22B1CA38E007C79EE /* FeedLoaderWithFallbackComposite.swift in Sources */,
				DD61B5C92B1C4FD6007C79EE /* SceneDelegate.swift in Sources */,
				DD61B5F62B1DB273007C79EE /* FeedImageDataLoaderWithFallbackComposite.swift in Sources */,
			);
			runOnlyForDeploymentPostprocessing = 0;
		};
		DD61B5E22B1C5FFA007C79EE /* Sources */ = {
			isa = PBXSourcesBuildPhase;
			buildActionMask = 2147483647;
			files = (
				DD61B5FB2B1DB3A5007C79EE /* SharedTestHelpers.swift in Sources */,
				DD61B5FD2B1DEA66007C79EE /* FeedLoaderCacheDecoratorTests.swift in Sources */,
				DD61B5F42B1D8D27007C79EE /* FeedImageDataLoaderWithFallbackCompositeTests.swift in Sources */,
				DD61B5F02B1C86F6007C79EE /* FeedLoaderWithFallbackCompositeTests.swift in Sources */,
				DD61B5F92B1DB32C007C79EE /* XCTestCase+MemoryLeakTracking.swift in Sources */,
			);
			runOnlyForDeploymentPostprocessing = 0;
		};
/* End PBXSourcesBuildPhase section */

/* Begin PBXTargetDependency section */
		DD61B5EB2B1C5FFA007C79EE /* PBXTargetDependency */ = {
			isa = PBXTargetDependency;
			target = DD61B5C22B1C4FD6007C79EE /* EssentialApp */;
			targetProxy = DD61B5EA2B1C5FFA007C79EE /* PBXContainerItemProxy */;
		};
/* End PBXTargetDependency section */

/* Begin PBXVariantGroup section */
		DD61B5CC2B1C4FD6007C79EE /* Main.storyboard */ = {
			isa = PBXVariantGroup;
			children = (
				DD61B5CD2B1C4FD6007C79EE /* Base */,
			);
			name = Main.storyboard;
			sourceTree = "<group>";
		};
		DD61B5D12B1C4FD7007C79EE /* LaunchScreen.storyboard */ = {
			isa = PBXVariantGroup;
			children = (
				DD61B5D22B1C4FD7007C79EE /* Base */,
			);
			name = LaunchScreen.storyboard;
			sourceTree = "<group>";
		};
/* End PBXVariantGroup section */

/* Begin XCBuildConfiguration section */
		DD61B5D52B1C4FD7007C79EE /* Debug */ = {
			isa = XCBuildConfiguration;
			buildSettings = {
				ALWAYS_SEARCH_USER_PATHS = NO;
				ASSETCATALOG_COMPILER_GENERATE_SWIFT_ASSET_SYMBOL_EXTENSIONS = YES;
				CLANG_ANALYZER_NONNULL = YES;
				CLANG_ANALYZER_NUMBER_OBJECT_CONVERSION = YES_AGGRESSIVE;
				CLANG_CXX_LANGUAGE_STANDARD = "gnu++20";
				CLANG_ENABLE_MODULES = YES;
				CLANG_ENABLE_OBJC_ARC = YES;
				CLANG_ENABLE_OBJC_WEAK = YES;
				CLANG_WARN_BLOCK_CAPTURE_AUTORELEASING = YES;
				CLANG_WARN_BOOL_CONVERSION = YES;
				CLANG_WARN_COMMA = YES;
				CLANG_WARN_CONSTANT_CONVERSION = YES;
				CLANG_WARN_DEPRECATED_OBJC_IMPLEMENTATIONS = YES;
				CLANG_WARN_DIRECT_OBJC_ISA_USAGE = YES_ERROR;
				CLANG_WARN_DOCUMENTATION_COMMENTS = YES;
				CLANG_WARN_EMPTY_BODY = YES;
				CLANG_WARN_ENUM_CONVERSION = YES;
				CLANG_WARN_INFINITE_RECURSION = YES;
				CLANG_WARN_INT_CONVERSION = YES;
				CLANG_WARN_NON_LITERAL_NULL_CONVERSION = YES;
				CLANG_WARN_OBJC_IMPLICIT_RETAIN_SELF = YES;
				CLANG_WARN_OBJC_LITERAL_CONVERSION = YES;
				CLANG_WARN_OBJC_ROOT_CLASS = YES_ERROR;
				CLANG_WARN_QUOTED_INCLUDE_IN_FRAMEWORK_HEADER = YES;
				CLANG_WARN_RANGE_LOOP_ANALYSIS = YES;
				CLANG_WARN_STRICT_PROTOTYPES = YES;
				CLANG_WARN_SUSPICIOUS_MOVE = YES;
				CLANG_WARN_UNGUARDED_AVAILABILITY = YES_AGGRESSIVE;
				CLANG_WARN_UNREACHABLE_CODE = YES;
				CLANG_WARN__DUPLICATE_METHOD_MATCH = YES;
				COPY_PHASE_STRIP = NO;
				DEBUG_INFORMATION_FORMAT = dwarf;
				ENABLE_STRICT_OBJC_MSGSEND = YES;
				ENABLE_TESTABILITY = YES;
				ENABLE_USER_SCRIPT_SANDBOXING = YES;
				GCC_C_LANGUAGE_STANDARD = gnu17;
				GCC_DYNAMIC_NO_PIC = NO;
				GCC_NO_COMMON_BLOCKS = YES;
				GCC_OPTIMIZATION_LEVEL = 0;
				GCC_PREPROCESSOR_DEFINITIONS = (
					"DEBUG=1",
					"$(inherited)",
				);
				GCC_WARN_64_TO_32_BIT_CONVERSION = YES;
				GCC_WARN_ABOUT_RETURN_TYPE = YES_ERROR;
				GCC_WARN_UNDECLARED_SELECTOR = YES;
				GCC_WARN_UNINITIALIZED_AUTOS = YES_AGGRESSIVE;
				GCC_WARN_UNUSED_FUNCTION = YES;
				GCC_WARN_UNUSED_VARIABLE = YES;
				IPHONEOS_DEPLOYMENT_TARGET = 17.0;
				LOCALIZATION_PREFERS_STRING_CATALOGS = YES;
				MTL_ENABLE_DEBUG_INFO = INCLUDE_SOURCE;
				MTL_FAST_MATH = YES;
				ONLY_ACTIVE_ARCH = YES;
				SDKROOT = iphoneos;
				SWIFT_ACTIVE_COMPILATION_CONDITIONS = "DEBUG $(inherited)";
				SWIFT_OPTIMIZATION_LEVEL = "-Onone";
			};
			name = Debug;
		};
		DD61B5D62B1C4FD7007C79EE /* Release */ = {
			isa = XCBuildConfiguration;
			buildSettings = {
				ALWAYS_SEARCH_USER_PATHS = NO;
				ASSETCATALOG_COMPILER_GENERATE_SWIFT_ASSET_SYMBOL_EXTENSIONS = YES;
				CLANG_ANALYZER_NONNULL = YES;
				CLANG_ANALYZER_NUMBER_OBJECT_CONVERSION = YES_AGGRESSIVE;
				CLANG_CXX_LANGUAGE_STANDARD = "gnu++20";
				CLANG_ENABLE_MODULES = YES;
				CLANG_ENABLE_OBJC_ARC = YES;
				CLANG_ENABLE_OBJC_WEAK = YES;
				CLANG_WARN_BLOCK_CAPTURE_AUTORELEASING = YES;
				CLANG_WARN_BOOL_CONVERSION = YES;
				CLANG_WARN_COMMA = YES;
				CLANG_WARN_CONSTANT_CONVERSION = YES;
				CLANG_WARN_DEPRECATED_OBJC_IMPLEMENTATIONS = YES;
				CLANG_WARN_DIRECT_OBJC_ISA_USAGE = YES_ERROR;
				CLANG_WARN_DOCUMENTATION_COMMENTS = YES;
				CLANG_WARN_EMPTY_BODY = YES;
				CLANG_WARN_ENUM_CONVERSION = YES;
				CLANG_WARN_INFINITE_RECURSION = YES;
				CLANG_WARN_INT_CONVERSION = YES;
				CLANG_WARN_NON_LITERAL_NULL_CONVERSION = YES;
				CLANG_WARN_OBJC_IMPLICIT_RETAIN_SELF = YES;
				CLANG_WARN_OBJC_LITERAL_CONVERSION = YES;
				CLANG_WARN_OBJC_ROOT_CLASS = YES_ERROR;
				CLANG_WARN_QUOTED_INCLUDE_IN_FRAMEWORK_HEADER = YES;
				CLANG_WARN_RANGE_LOOP_ANALYSIS = YES;
				CLANG_WARN_STRICT_PROTOTYPES = YES;
				CLANG_WARN_SUSPICIOUS_MOVE = YES;
				CLANG_WARN_UNGUARDED_AVAILABILITY = YES_AGGRESSIVE;
				CLANG_WARN_UNREACHABLE_CODE = YES;
				CLANG_WARN__DUPLICATE_METHOD_MATCH = YES;
				COPY_PHASE_STRIP = NO;
				DEBUG_INFORMATION_FORMAT = "dwarf-with-dsym";
				ENABLE_NS_ASSERTIONS = NO;
				ENABLE_STRICT_OBJC_MSGSEND = YES;
				ENABLE_USER_SCRIPT_SANDBOXING = YES;
				GCC_C_LANGUAGE_STANDARD = gnu17;
				GCC_NO_COMMON_BLOCKS = YES;
				GCC_WARN_64_TO_32_BIT_CONVERSION = YES;
				GCC_WARN_ABOUT_RETURN_TYPE = YES_ERROR;
				GCC_WARN_UNDECLARED_SELECTOR = YES;
				GCC_WARN_UNINITIALIZED_AUTOS = YES_AGGRESSIVE;
				GCC_WARN_UNUSED_FUNCTION = YES;
				GCC_WARN_UNUSED_VARIABLE = YES;
				IPHONEOS_DEPLOYMENT_TARGET = 17.0;
				LOCALIZATION_PREFERS_STRING_CATALOGS = YES;
				MTL_ENABLE_DEBUG_INFO = NO;
				MTL_FAST_MATH = YES;
				SDKROOT = iphoneos;
				SWIFT_COMPILATION_MODE = wholemodule;
				VALIDATE_PRODUCT = YES;
			};
			name = Release;
		};
		DD61B5D82B1C4FD7007C79EE /* Debug */ = {
			isa = XCBuildConfiguration;
			buildSettings = {
				ASSETCATALOG_COMPILER_APPICON_NAME = AppIcon;
				ASSETCATALOG_COMPILER_GLOBAL_ACCENT_COLOR_NAME = AccentColor;
				CODE_SIGN_STYLE = Automatic;
				CURRENT_PROJECT_VERSION = 1;
				DEVELOPMENT_TEAM = VLX6SFSRQ2;
				GENERATE_INFOPLIST_FILE = YES;
				INFOPLIST_FILE = EssentialApp/Info.plist;
				INFOPLIST_KEY_UIApplicationSupportsIndirectInputEvents = YES;
				INFOPLIST_KEY_UILaunchStoryboardName = LaunchScreen;
				INFOPLIST_KEY_UIMainStoryboardFile = Main;
				INFOPLIST_KEY_UISupportedInterfaceOrientations = UIInterfaceOrientationPortrait;
				LD_RUNPATH_SEARCH_PATHS = (
					"$(inherited)",
					"@executable_path/Frameworks",
				);
				MARKETING_VERSION = 1.0;
				PRODUCT_BUNDLE_IDENTIFIER = com.mif50.EssentialApp;
				PRODUCT_NAME = "$(TARGET_NAME)";
				SWIFT_EMIT_LOC_STRINGS = YES;
				SWIFT_VERSION = 5.0;
				TARGETED_DEVICE_FAMILY = "1,2";
			};
			name = Debug;
		};
		DD61B5D92B1C4FD7007C79EE /* Release */ = {
			isa = XCBuildConfiguration;
			buildSettings = {
				ASSETCATALOG_COMPILER_APPICON_NAME = AppIcon;
				ASSETCATALOG_COMPILER_GLOBAL_ACCENT_COLOR_NAME = AccentColor;
				CODE_SIGN_STYLE = Automatic;
				CURRENT_PROJECT_VERSION = 1;
				DEVELOPMENT_TEAM = VLX6SFSRQ2;
				GENERATE_INFOPLIST_FILE = YES;
				INFOPLIST_FILE = EssentialApp/Info.plist;
				INFOPLIST_KEY_UIApplicationSupportsIndirectInputEvents = YES;
				INFOPLIST_KEY_UILaunchStoryboardName = LaunchScreen;
				INFOPLIST_KEY_UIMainStoryboardFile = Main;
				INFOPLIST_KEY_UISupportedInterfaceOrientations = UIInterfaceOrientationPortrait;
				LD_RUNPATH_SEARCH_PATHS = (
					"$(inherited)",
					"@executable_path/Frameworks",
				);
				MARKETING_VERSION = 1.0;
				PRODUCT_BUNDLE_IDENTIFIER = com.mif50.EssentialApp;
				PRODUCT_NAME = "$(TARGET_NAME)";
				SWIFT_EMIT_LOC_STRINGS = YES;
				SWIFT_VERSION = 5.0;
				TARGETED_DEVICE_FAMILY = "1,2";
			};
			name = Release;
		};
		DD61B5EC2B1C5FFA007C79EE /* Debug */ = {
			isa = XCBuildConfiguration;
			buildSettings = {
				BUNDLE_LOADER = "$(TEST_HOST)";
				CLANG_ENABLE_MODULES = YES;
				CODE_SIGN_STYLE = Automatic;
				CURRENT_PROJECT_VERSION = 1;
				DEVELOPMENT_TEAM = VLX6SFSRQ2;
				GENERATE_INFOPLIST_FILE = YES;
				MARKETING_VERSION = 1.0;
				PRODUCT_BUNDLE_IDENTIFIER = com.mif50.EssentialAppTests;
				PRODUCT_NAME = "$(TARGET_NAME)";
				SWIFT_EMIT_LOC_STRINGS = NO;
				SWIFT_OPTIMIZATION_LEVEL = "-Onone";
				SWIFT_VERSION = 5.0;
				TARGETED_DEVICE_FAMILY = "1,2";
				TEST_HOST = "$(BUILT_PRODUCTS_DIR)/EssentialApp.app/$(BUNDLE_EXECUTABLE_FOLDER_PATH)/EssentialApp";
			};
			name = Debug;
		};
		DD61B5ED2B1C5FFA007C79EE /* Release */ = {
			isa = XCBuildConfiguration;
			buildSettings = {
				BUNDLE_LOADER = "$(TEST_HOST)";
				CLANG_ENABLE_MODULES = YES;
				CODE_SIGN_STYLE = Automatic;
				CURRENT_PROJECT_VERSION = 1;
				DEVELOPMENT_TEAM = VLX6SFSRQ2;
				GENERATE_INFOPLIST_FILE = YES;
				MARKETING_VERSION = 1.0;
				PRODUCT_BUNDLE_IDENTIFIER = com.mif50.EssentialAppTests;
				PRODUCT_NAME = "$(TARGET_NAME)";
				SWIFT_EMIT_LOC_STRINGS = NO;
				SWIFT_VERSION = 5.0;
				TARGETED_DEVICE_FAMILY = "1,2";
				TEST_HOST = "$(BUILT_PRODUCTS_DIR)/EssentialApp.app/$(BUNDLE_EXECUTABLE_FOLDER_PATH)/EssentialApp";
			};
			name = Release;
		};
/* End XCBuildConfiguration section */

/* Begin XCConfigurationList section */
		DD61B5BE2B1C4FD6007C79EE /* Build configuration list for PBXProject "EssentialApp" */ = {
			isa = XCConfigurationList;
			buildConfigurations = (
				DD61B5D52B1C4FD7007C79EE /* Debug */,
				DD61B5D62B1C4FD7007C79EE /* Release */,
			);
			defaultConfigurationIsVisible = 0;
			defaultConfigurationName = Release;
		};
		DD61B5D72B1C4FD7007C79EE /* Build configuration list for PBXNativeTarget "EssentialApp" */ = {
			isa = XCConfigurationList;
			buildConfigurations = (
				DD61B5D82B1C4FD7007C79EE /* Debug */,
				DD61B5D92B1C4FD7007C79EE /* Release */,
			);
			defaultConfigurationIsVisible = 0;
			defaultConfigurationName = Release;
		};
		DD61B5EE2B1C5FFA007C79EE /* Build configuration list for PBXNativeTarget "EssentialAppTests" */ = {
			isa = XCConfigurationList;
			buildConfigurations = (
				DD61B5EC2B1C5FFA007C79EE /* Debug */,
				DD61B5ED2B1C5FFA007C79EE /* Release */,
			);
			defaultConfigurationIsVisible = 0;
			defaultConfigurationName = Release;
		};
/* End XCConfigurationList section */
	};
	rootObject = DD61B5BB2B1C4FD6007C79EE /* Project object */;
}
